// !$*UTF8*$!
{
	archiveVersion = 1;
	classes = {
	};
	objectVersion = 52;
	objects = {

/* Begin PBXBuildFile section */
		E60230C11F5E54860052F762 /* Assets.xcassets in Resources */ = {isa = PBXBuildFile; fileRef = E60230BE1F5E54860052F762 /* Assets.xcassets */; };
		E60BD71525DE78F100AC16C9 /* LDRLoginFormValidation.swift in Sources */ = {isa = PBXBuildFile; fileRef = E60BD71425DE78F100AC16C9 /* LDRLoginFormValidation.swift */; };
		E60CAE9725DD458600C6291B /* LDRRequest+Session.swift in Sources */ = {isa = PBXBuildFile; fileRef = E60CAE9625DD458600C6291B /* LDRRequest+Session.swift */; };
		E613D92D25E275E2003C6752 /* LDRRequest+PinAdd.swift in Sources */ = {isa = PBXBuildFile; fileRef = E613D92C25E275E2003C6752 /* LDRRequest+PinAdd.swift */; };
		E613D93325E278CF003C6752 /* LDRRequest+PinRemove.swift in Sources */ = {isa = PBXBuildFile; fileRef = E613D93225E278CF003C6752 /* LDRRequest+PinRemove.swift */; };
		E62A739125EE329600E79F24 /* session.html in Resources */ = {isa = PBXBuildFile; fileRef = E62A739025EE329600E79F24 /* session.html */; };
		E62A739925EE4B3E00E79F24 /* LDRRequest+LoginTests.swift in Sources */ = {isa = PBXBuildFile; fileRef = E62A739825EE4B3E00E79F24 /* LDRRequest+LoginTests.swift */; };
		E62A73A425EE4E3500E79F24 /* login.html in Resources */ = {isa = PBXBuildFile; fileRef = E62A73A325EE4E3500E79F24 /* login.html */; };
		E62A73B925EE53EC00E79F24 /* LDRRequest+PinAllTests.swift in Sources */ = {isa = PBXBuildFile; fileRef = E62A73B825EE53EC00E79F24 /* LDRRequest+PinAllTests.swift */; };
		E62A73BE25EE58F100E79F24 /* pinAll.json in Resources */ = {isa = PBXBuildFile; fileRef = E62A73BD25EE58F100E79F24 /* pinAll.json */; };
		E62A73C425EE606600E79F24 /* subs.json in Resources */ = {isa = PBXBuildFile; fileRef = E62A73C325EE606600E79F24 /* subs.json */; };
		E62A73CC25EE60A300E79F24 /* LDRRequest+SubsTests.swift in Sources */ = {isa = PBXBuildFile; fileRef = E62A73CB25EE60A300E79F24 /* LDRRequest+SubsTests.swift */; };
		E62A73D725EE61DE00E79F24 /* unread.json in Resources */ = {isa = PBXBuildFile; fileRef = E62A73D625EE61DE00E79F24 /* unread.json */; };
		E62A73DC25EE646C00E79F24 /* LDRRequest+UnreadTests.swift in Sources */ = {isa = PBXBuildFile; fileRef = E62A73DB25EE646C00E79F24 /* LDRRequest+UnreadTests.swift */; };
		E62E667C25E1450400417D7B /* LDRRequest+PinAll.swift in Sources */ = {isa = PBXBuildFile; fileRef = E62E667B25E1450400417D7B /* LDRRequest+PinAll.swift */; };
		E62F725825F267B100AC90D7 /* LDRCoreData.xcdatamodeld in Sources */ = {isa = PBXBuildFile; fileRef = E6E8501D25ECD74800B98046 /* LDRCoreData.xcdatamodeld */; };
		E62F725925F267B100AC90D7 /* LDRCoreData3.xcmappingmodel in Sources */ = {isa = PBXBuildFile; fileRef = E6DFAF6525F1ECF000789E1C /* LDRCoreData3.xcmappingmodel */; };
		E62F725A25F267B100AC90D7 /* LDRCoreData2.xcmappingmodel in Sources */ = {isa = PBXBuildFile; fileRef = E6CC19F425F0C9C500D16D9C /* LDRCoreData2.xcmappingmodel */; };
		E62F725E25F267BB00AC90D7 /* LDRStorageProvider.swift in Sources */ = {isa = PBXBuildFile; fileRef = E6C32EE11F92CC610052DDE3 /* LDRStorageProvider.swift */; };
		E62F726225F267C300AC90D7 /* LDRPin.swift in Sources */ = {isa = PBXBuildFile; fileRef = E6BC9A4B1F92D7FC006B3DEC /* LDRPin.swift */; };
		E62F726625F2687300AC90D7 /* LDRRequest+PinAll.swift in Sources */ = {isa = PBXBuildFile; fileRef = E62E667B25E1450400417D7B /* LDRRequest+PinAll.swift */; };
		E6365965248CD48600FA3908 /* ActivityIndicator.swift in Sources */ = {isa = PBXBuildFile; fileRef = E6365964248CD48600FA3908 /* ActivityIndicator.swift */; };
		E63B44A52480FAA70055AC71 /* LDRLoginView.swift in Sources */ = {isa = PBXBuildFile; fileRef = E63B44A42480FAA70055AC71 /* LDRLoginView.swift */; };
		E63CAF9B249F7A950051C402 /* LDRPinView.swift in Sources */ = {isa = PBXBuildFile; fileRef = E63CAF9A249F7A950051C402 /* LDRPinView.swift */; };
		E63CAF9D249F83730051C402 /* LDRPinViewModel.swift in Sources */ = {isa = PBXBuildFile; fileRef = E63CAF9C249F83730051C402 /* LDRPinViewModel.swift */; };
		E63CAFA1249F8E240051C402 /* LDRPinRow.swift in Sources */ = {isa = PBXBuildFile; fileRef = E63CAFA0249F8E240051C402 /* LDRPinRow.swift */; };
		E64F82D9234076C30054D0A1 /* Launch Screen.storyboard in Resources */ = {isa = PBXBuildFile; fileRef = E64F82D8234076C30054D0A1 /* Launch Screen.storyboard */; };
		E6522F8C24AC72B200E03434 /* LDRFeedDetailWebViewModel.swift in Sources */ = {isa = PBXBuildFile; fileRef = E6522F8B24AC72B200E03434 /* LDRFeedDetailWebViewModel.swift */; };
		E652C02B24A3676400C744DE /* LDRFeedRow.swift in Sources */ = {isa = PBXBuildFile; fileRef = E652C02A24A3676400C744DE /* LDRFeedRow.swift */; };
		E6541C9B25E78C6800746F2E /* LDRError.swift in Sources */ = {isa = PBXBuildFile; fileRef = E6C9FFE425E6456500F9F21E /* LDRError.swift */; };
		E6541C9C25E78C6800746F2E /* LDRApi.swift in Sources */ = {isa = PBXBuildFile; fileRef = E6C9FFEA25E646A800F9F21E /* LDRApi.swift */; };
		E6541C9D25E78C6800746F2E /* LDRKeychain.swift in Sources */ = {isa = PBXBuildFile; fileRef = E6C9FFEE25E646D900F9F21E /* LDRKeychain.swift */; };
		E6541CA025E78C8000746F2E /* URL+LDR.swift in Sources */ = {isa = PBXBuildFile; fileRef = E68CA3BA25DC2991005E591D /* URL+LDR.swift */; };
		E6541CBA25E78E4900746F2E /* Dictionary+HTTPBody.swift in Sources */ = {isa = PBXBuildFile; fileRef = E6241ECA1FA462C400DBA613 /* Dictionary+HTTPBody.swift */; };
		E6541CC225E78E5D00746F2E /* Dictionary+HTTPBody.swift in Sources */ = {isa = PBXBuildFile; fileRef = E6241ECA1FA462C400DBA613 /* Dictionary+HTTPBody.swift */; };
		E6541CC925E78E8400746F2E /* HTTPCookieStorage+Cookie.swift in Sources */ = {isa = PBXBuildFile; fileRef = E6F6B8771F95C9E100C964DC /* HTTPCookieStorage+Cookie.swift */; };
		E6572DCF25E778C700C0F18C /* HTMLReader in Frameworks */ = {isa = PBXBuildFile; productRef = E6572DCE25E778C700C0F18C /* HTMLReader */; };
		E6572DD425E778E200C0F18C /* KeychainAccess in Frameworks */ = {isa = PBXBuildFile; productRef = E6572DD325E778E200C0F18C /* KeychainAccess */; };
		E6572DE325E77A4200C0F18C /* KeychainAccess in Frameworks */ = {isa = PBXBuildFile; productRef = E6572DE225E77A4200C0F18C /* KeychainAccess */; };
		E65DBEF225F9FB7700F7D074 /* LDRFeedUnreadTests.swift in Sources */ = {isa = PBXBuildFile; fileRef = E65DBEF125F9FB7700F7D074 /* LDRFeedUnreadTests.swift */; };
		E65DBEFC25F9FE7C00F7D074 /* LDRPinTests.swift in Sources */ = {isa = PBXBuildFile; fileRef = E65DBEFB25F9FE7C00F7D074 /* LDRPinTests.swift */; };
		E65DBF0725FA29A000F7D074 /* LDRLoginViewTests.swift in Sources */ = {isa = PBXBuildFile; fileRef = E65DBF0625FA29A000F7D074 /* LDRLoginViewTests.swift */; };
		E65DBF1125FA2BC400F7D074 /* LDRKeychain+SnapshotTests.swift in Sources */ = {isa = PBXBuildFile; fileRef = E65DBF1025FA2BC400F7D074 /* LDRKeychain+SnapshotTests.swift */; };
		E65E9D3725F7A3A300FFBA46 /* LDRPinRowTests.swift in Sources */ = {isa = PBXBuildFile; fileRef = E65E9D1D25F7A3A200FFBA46 /* LDRPinRowTests.swift */; };
		E65E9D3E25F7A3A300FFBA46 /* LDRFeedRowTests.swift in Sources */ = {isa = PBXBuildFile; fileRef = E65E9D2725F7A3A200FFBA46 /* LDRFeedRowTests.swift */; };
		E65E9D4B25F7A3A300FFBA46 /* LDRTabViewTests.swift in Sources */ = {isa = PBXBuildFile; fileRef = E65E9D3625F7A3A300FFBA46 /* LDRTabViewTests.swift */; };
		E65E9D6025F7A3DC00FFBA46 /* SnapshotTesting in Frameworks */ = {isa = PBXBuildFile; productRef = E65E9D5F25F7A3DC00FFBA46 /* SnapshotTesting */; };
		E66AD20F25E7977B0099D5B4 /* LDRRequest+PinAdd.swift in Sources */ = {isa = PBXBuildFile; fileRef = E613D92C25E275E2003C6752 /* LDRRequest+PinAdd.swift */; };
		E66AD21225E797990099D5B4 /* LDRRequest.swift in Sources */ = {isa = PBXBuildFile; fileRef = E68CA3A025DC209F005E591D /* LDRRequest.swift */; };
		E66AD21525E797A90099D5B4 /* LDRURLSession.swift in Sources */ = {isa = PBXBuildFile; fileRef = E68CA3A825DC227A005E591D /* LDRURLSession.swift */; };
		E66AD21B25E7CBAC0099D5B4 /* HTMLReader in Frameworks */ = {isa = PBXBuildFile; productRef = E66AD21A25E7CBAC0099D5B4 /* HTMLReader */; };
		E66DFE1A24A8B95000790F8B /* LDRTabView.swift in Sources */ = {isa = PBXBuildFile; fileRef = E66DFE1924A8B95000790F8B /* LDRTabView.swift */; };
		E674AB421F94588E00348C98 /* LDRBlinkView.swift in Sources */ = {isa = PBXBuildFile; fileRef = E674AB411F94588D00348C98 /* LDRBlinkView.swift */; };
		E678DECB25E8E2C6009C75E5 /* LDRRequest+SessionTests.swift in Sources */ = {isa = PBXBuildFile; fileRef = E678DECA25E8E2C6009C75E5 /* LDRRequest+SessionTests.swift */; platformFilter = ios; };
		E678DEDC25E8EA8A009C75E5 /* LDRRequest+HTMLTitle.swift in Sources */ = {isa = PBXBuildFile; fileRef = E678DEDB25E8EA8A009C75E5 /* LDRRequest+HTMLTitle.swift */; };
		E67C464D24878F7700480D46 /* LDRLoginViewModel.swift in Sources */ = {isa = PBXBuildFile; fileRef = E67C464C24878F7700480D46 /* LDRLoginViewModel.swift */; };
		E68CA3A125DC209F005E591D /* LDRRequest.swift in Sources */ = {isa = PBXBuildFile; fileRef = E68CA3A025DC209F005E591D /* LDRRequest.swift */; };
		E68CA3A925DC227A005E591D /* LDRURLSession.swift in Sources */ = {isa = PBXBuildFile; fileRef = E68CA3A825DC227A005E591D /* LDRURLSession.swift */; };
		E68CA3B125DC26EC005E591D /* LDRRequest+Login.swift in Sources */ = {isa = PBXBuildFile; fileRef = E68CA3B025DC26EC005E591D /* LDRRequest+Login.swift */; };
		E68CA3BB25DC2991005E591D /* URL+LDR.swift in Sources */ = {isa = PBXBuildFile; fileRef = E68CA3BA25DC2991005E591D /* URL+LDR.swift */; };
		E69C865B1F98670E00EF525B /* LDRFeedUnreadOperationQueue.swift in Sources */ = {isa = PBXBuildFile; fileRef = E69C865A1F98670E00EF525B /* LDRFeedUnreadOperationQueue.swift */; };
		E69CB80D25FE20DD00682DD9 /* LDRFeedDetailViewTests.swift in Sources */ = {isa = PBXBuildFile; fileRef = E69CB80C25FE20DD00682DD9 /* LDRFeedDetailViewTests.swift */; };
		E6BA93B125E4DC2A00B6291B /* LDRRequest+Subs.swift in Sources */ = {isa = PBXBuildFile; fileRef = E6BA93B025E4DC2A00B6291B /* LDRRequest+Subs.swift */; };
		E6BA93B725E4E4F700B6291B /* LDRRequest+TouchAll.swift in Sources */ = {isa = PBXBuildFile; fileRef = E6BA93B625E4E4F700B6291B /* LDRRequest+TouchAll.swift */; };
		E6BA93C525E4F91600B6291B /* LDRRequest+Unread.swift in Sources */ = {isa = PBXBuildFile; fileRef = E6BA93C425E4F91600B6291B /* LDRRequest+Unread.swift */; };
		E6BC9A4C1F92D7FC006B3DEC /* LDRPin.swift in Sources */ = {isa = PBXBuildFile; fileRef = E6BC9A4B1F92D7FC006B3DEC /* LDRPin.swift */; };
		E6C32EE41F92CC610052DDE3 /* LDRStorageProvider.swift in Sources */ = {isa = PBXBuildFile; fileRef = E6C32EE11F92CC610052DDE3 /* LDRStorageProvider.swift */; };
		E6C8E62423E52460004F410D /* Media.xcassets in Resources */ = {isa = PBXBuildFile; fileRef = E6C8E62323E52460004F410D /* Media.xcassets */; };
		E6C8E62623E52460004F410D /* LDRAddPinViewController.swift in Sources */ = {isa = PBXBuildFile; fileRef = E6C8E62523E52460004F410D /* LDRAddPinViewController.swift */; };
		E6C8E62923E52460004F410D /* MainInterface.storyboard in Resources */ = {isa = PBXBuildFile; fileRef = E6C8E62723E52460004F410D /* MainInterface.storyboard */; };
		E6C8E62D23E52460004F410D /* Add the url to "read later"..appex in Embed App Extensions */ = {isa = PBXBuildFile; fileRef = E6C8E62123E52460004F410D /* Add the url to "read later"..appex */; settings = {ATTRIBUTES = (RemoveHeadersOnCopy, ); }; };
		E6C9FFD025E638D900F9F21E /* LDRFeedUnread.swift in Sources */ = {isa = PBXBuildFile; fileRef = E6C9FFCF25E638D900F9F21E /* LDRFeedUnread.swift */; };
		E6C9FFDF25E6452200F9F21E /* Notification.Name+LDR.swift in Sources */ = {isa = PBXBuildFile; fileRef = E6C9FFDE25E6452200F9F21E /* Notification.Name+LDR.swift */; };
		E6C9FFE525E6456500F9F21E /* LDRError.swift in Sources */ = {isa = PBXBuildFile; fileRef = E6C9FFE425E6456500F9F21E /* LDRError.swift */; };
		E6C9FFEB25E646A800F9F21E /* LDRApi.swift in Sources */ = {isa = PBXBuildFile; fileRef = E6C9FFEA25E646A800F9F21E /* LDRApi.swift */; };
		E6C9FFEF25E646D900F9F21E /* LDRKeychain.swift in Sources */ = {isa = PBXBuildFile; fileRef = E6C9FFEE25E646D900F9F21E /* LDRKeychain.swift */; };
		E6CC19F525F0C9C500D16D9C /* LDRCoreData2.xcmappingmodel in Sources */ = {isa = PBXBuildFile; fileRef = E6CC19F425F0C9C500D16D9C /* LDRCoreData2.xcmappingmodel */; };
		E6D19BF025EFA8F2001FC76B /* LDRRequest+TouchAllTests.swift in Sources */ = {isa = PBXBuildFile; fileRef = E6D19BEF25EFA8F2001FC76B /* LDRRequest+TouchAllTests.swift */; };
		E6D19BF825EFAD4B001FC76B /* LDRRequest+PinAddTests.swift in Sources */ = {isa = PBXBuildFile; fileRef = E6D19BF725EFAD4B001FC76B /* LDRRequest+PinAddTests.swift */; };
		E6D19C0025EFAEFE001FC76B /* LDRRequest+PinRemoveTests.swift in Sources */ = {isa = PBXBuildFile; fileRef = E6D19BFF25EFAEFE001FC76B /* LDRRequest+PinRemoveTests.swift */; };
		E6D5903924A0DE0E003CCCBF /* SafariView.swift in Sources */ = {isa = PBXBuildFile; fileRef = E6D5903824A0DE0E003CCCBF /* SafariView.swift */; };
		E6D8DA541F92D2C1002CAD69 /* LDRFeedSubsUnread.swift in Sources */ = {isa = PBXBuildFile; fileRef = E6D8DA531F92D2C1002CAD69 /* LDRFeedSubsUnread.swift */; };
		E6DFAF6625F1ECF000789E1C /* LDRCoreData3.xcmappingmodel in Sources */ = {isa = PBXBuildFile; fileRef = E6DFAF6525F1ECF000789E1C /* LDRCoreData3.xcmappingmodel */; };
		E6E127AD24A4B6DE008627D5 /* LDRFeedDetailView.swift in Sources */ = {isa = PBXBuildFile; fileRef = E6E127AC24A4B6DE008627D5 /* LDRFeedDetailView.swift */; };
		E6E127AF24A4BA22008627D5 /* WebView.swift in Sources */ = {isa = PBXBuildFile; fileRef = E6E127AE24A4BA22008627D5 /* WebView.swift */; };
		E6E127B124A4C3D9008627D5 /* LDRFeedDetailViewModel.swift in Sources */ = {isa = PBXBuildFile; fileRef = E6E127B024A4C3D9008627D5 /* LDRFeedDetailViewModel.swift */; };
		E6E8501F25ECD74800B98046 /* LDRCoreData.xcdatamodeld in Sources */ = {isa = PBXBuildFile; fileRef = E6E8501D25ECD74800B98046 /* LDRCoreData.xcdatamodeld */; };
		E6E8D4B425F3C60200F71D10 /* LDR.swift in Sources */ = {isa = PBXBuildFile; fileRef = E6E8D4B325F3C60200F71D10 /* LDR.swift */; };
		E6E8D4B825F3C6C200F71D10 /* LDR.swift in Sources */ = {isa = PBXBuildFile; fileRef = E6E8D4B325F3C60200F71D10 /* LDR.swift */; };
		E6EC083823E7800800929110 /* Assets.xcassets in Resources */ = {isa = PBXBuildFile; fileRef = E6EC083723E7800800929110 /* Assets.xcassets */; };
		E6EE1FC625F8D9E800DBF887 /* LDRCoreData.sqlite in Resources */ = {isa = PBXBuildFile; fileRef = E6EE1FC525F8D9E800DBF887 /* LDRCoreData.sqlite */; };
		E6EE1FD525F8DB2300DBF887 /* LDRCoreData.sqlite-wal in Resources */ = {isa = PBXBuildFile; fileRef = E6EE1FD325F8DB2300DBF887 /* LDRCoreData.sqlite-wal */; };
		E6EE1FD625F8DB2300DBF887 /* LDRCoreData.sqlite-shm in Resources */ = {isa = PBXBuildFile; fileRef = E6EE1FD425F8DB2300DBF887 /* LDRCoreData.sqlite-shm */; };
		E6EE1FE425F8E08500DBF887 /* LDRCoreData.sqlite in Resources */ = {isa = PBXBuildFile; fileRef = E6EE1FC525F8D9E800DBF887 /* LDRCoreData.sqlite */; };
		E6EE1FE525F8E08500DBF887 /* LDRCoreData.sqlite-shm in Resources */ = {isa = PBXBuildFile; fileRef = E6EE1FD425F8DB2300DBF887 /* LDRCoreData.sqlite-shm */; };
		E6EE1FE625F8E08500DBF887 /* LDRCoreData.sqlite-wal in Resources */ = {isa = PBXBuildFile; fileRef = E6EE1FD325F8DB2300DBF887 /* LDRCoreData.sqlite-wal */; };
		E6EE200D25F8E80E00DBF887 /* LDR+SnapshotTests.swift in Sources */ = {isa = PBXBuildFile; fileRef = E6EE200C25F8E80E00DBF887 /* LDR+SnapshotTests.swift */; };
		E6EE202B25F8EEC200DBF887 /* LDRFeedSubsUnreadTests.swift in Sources */ = {isa = PBXBuildFile; fileRef = E6EE202A25F8EEC200DBF887 /* LDRFeedSubsUnreadTests.swift */; };
		E6EE203225F8EF5C00DBF887 /* LDR+Tests.swift in Sources */ = {isa = PBXBuildFile; fileRef = E6EE203125F8EF5C00DBF887 /* LDR+Tests.swift */; };
		E6EE2E9924AB20EB0086590A /* LDRToastView.swift in Sources */ = {isa = PBXBuildFile; fileRef = E6EE2E9824AB20EB0086590A /* LDRToastView.swift */; };
		E6F25DDB24A24DB4008C5E58 /* LDRFeedView.swift in Sources */ = {isa = PBXBuildFile; fileRef = E6F25DDA24A24DB4008C5E58 /* LDRFeedView.swift */; };
		E6F25DDD24A2501F008C5E58 /* LDRFeedViewModel.swift in Sources */ = {isa = PBXBuildFile; fileRef = E6F25DDC24A2501F008C5E58 /* LDRFeedViewModel.swift */; };
		E6F6B8781F95C9E200C964DC /* HTTPCookieStorage+Cookie.swift in Sources */ = {isa = PBXBuildFile; fileRef = E6F6B8771F95C9E100C964DC /* HTTPCookieStorage+Cookie.swift */; };
		E6FA099424A8CBED00888F58 /* LadderClientApp.swift in Sources */ = {isa = PBXBuildFile; fileRef = E6FA099324A8CBED00888F58 /* LadderClientApp.swift */; };
/* End PBXBuildFile section */

/* Begin PBXContainerItemProxy section */
		E65E9D0B25F7A37D00FFBA46 /* PBXContainerItemProxy */ = {
			isa = PBXContainerItemProxy;
			containerPortal = E6690C481F5E537D0065B7B5 /* Project object */;
			proxyType = 1;
			remoteGlobalIDString = E6690C4F1F5E537D0065B7B5;
			remoteInfo = "ladder-client";
		};
		E65E9D5C25F7A3C000FFBA46 /* PBXContainerItemProxy */ = {
			isa = PBXContainerItemProxy;
			containerPortal = E6690C481F5E537D0065B7B5 /* Project object */;
			proxyType = 1;
			remoteGlobalIDString = E6C8E62023E52460004F410D;
			remoteInfo = "app-extension";
		};
		E678DECD25E8E2C6009C75E5 /* PBXContainerItemProxy */ = {
			isa = PBXContainerItemProxy;
			containerPortal = E6690C481F5E537D0065B7B5 /* Project object */;
			proxyType = 1;
			remoteGlobalIDString = E6690C4F1F5E537D0065B7B5;
			remoteInfo = "ladder-client";
		};
		E678DF1025E907B1009C75E5 /* PBXContainerItemProxy */ = {
			isa = PBXContainerItemProxy;
			containerPortal = E6690C481F5E537D0065B7B5 /* Project object */;
			proxyType = 1;
			remoteGlobalIDString = E6C8E62023E52460004F410D;
			remoteInfo = "app-extension";
		};
		E6C8E62B23E52460004F410D /* PBXContainerItemProxy */ = {
			isa = PBXContainerItemProxy;
			containerPortal = E6690C481F5E537D0065B7B5 /* Project object */;
			proxyType = 1;
			remoteGlobalIDString = E6C8E62023E52460004F410D;
			remoteInfo = "app-extension";
		};
/* End PBXContainerItemProxy section */

/* Begin PBXCopyFilesBuildPhase section */
		E6C8E63123E52460004F410D /* Embed App Extensions */ = {
			isa = PBXCopyFilesBuildPhase;
			buildActionMask = 2147483647;
			dstPath = "";
			dstSubfolderSpec = 13;
			files = (
				E6C8E62D23E52460004F410D /* Add the url to "read later"..appex in Embed App Extensions */,
			);
			name = "Embed App Extensions";
			runOnlyForDeploymentPostprocessing = 0;
		};
/* End PBXCopyFilesBuildPhase section */

/* Begin PBXFileReference section */
		E60230BE1F5E54860052F762 /* Assets.xcassets */ = {isa = PBXFileReference; lastKnownFileType = folder.assetcatalog; path = Assets.xcassets; sourceTree = "<group>"; };
		E60BD71425DE78F100AC16C9 /* LDRLoginFormValidation.swift */ = {isa = PBXFileReference; lastKnownFileType = sourcecode.swift; path = LDRLoginFormValidation.swift; sourceTree = "<group>"; };
		E60CAE9625DD458600C6291B /* LDRRequest+Session.swift */ = {isa = PBXFileReference; lastKnownFileType = sourcecode.swift; path = "LDRRequest+Session.swift"; sourceTree = "<group>"; };
		E613D92C25E275E2003C6752 /* LDRRequest+PinAdd.swift */ = {isa = PBXFileReference; lastKnownFileType = sourcecode.swift; path = "LDRRequest+PinAdd.swift"; sourceTree = "<group>"; };
		E613D93225E278CF003C6752 /* LDRRequest+PinRemove.swift */ = {isa = PBXFileReference; lastKnownFileType = sourcecode.swift; path = "LDRRequest+PinRemove.swift"; sourceTree = "<group>"; };
		E6241ECA1FA462C400DBA613 /* Dictionary+HTTPBody.swift */ = {isa = PBXFileReference; fileEncoding = 4; lastKnownFileType = sourcecode.swift; path = "Dictionary+HTTPBody.swift"; sourceTree = "<group>"; };
		E62A739025EE329600E79F24 /* session.html */ = {isa = PBXFileReference; fileEncoding = 4; lastKnownFileType = text.html; path = session.html; sourceTree = "<group>"; };
		E62A739825EE4B3E00E79F24 /* LDRRequest+LoginTests.swift */ = {isa = PBXFileReference; lastKnownFileType = sourcecode.swift; path = "LDRRequest+LoginTests.swift"; sourceTree = "<group>"; };
		E62A73A325EE4E3500E79F24 /* login.html */ = {isa = PBXFileReference; fileEncoding = 4; lastKnownFileType = text.html; path = login.html; sourceTree = "<group>"; };
		E62A73B825EE53EC00E79F24 /* LDRRequest+PinAllTests.swift */ = {isa = PBXFileReference; lastKnownFileType = sourcecode.swift; path = "LDRRequest+PinAllTests.swift"; sourceTree = "<group>"; };
		E62A73BD25EE58F100E79F24 /* pinAll.json */ = {isa = PBXFileReference; lastKnownFileType = text.json; path = pinAll.json; sourceTree = "<group>"; };
		E62A73C325EE606600E79F24 /* subs.json */ = {isa = PBXFileReference; lastKnownFileType = text.json; path = subs.json; sourceTree = "<group>"; };
		E62A73CB25EE60A300E79F24 /* LDRRequest+SubsTests.swift */ = {isa = PBXFileReference; lastKnownFileType = sourcecode.swift; path = "LDRRequest+SubsTests.swift"; sourceTree = "<group>"; };
		E62A73D625EE61DE00E79F24 /* unread.json */ = {isa = PBXFileReference; lastKnownFileType = text.json; path = unread.json; sourceTree = "<group>"; };
		E62A73DB25EE646C00E79F24 /* LDRRequest+UnreadTests.swift */ = {isa = PBXFileReference; lastKnownFileType = sourcecode.swift; path = "LDRRequest+UnreadTests.swift"; sourceTree = "<group>"; };
		E62E667B25E1450400417D7B /* LDRRequest+PinAll.swift */ = {isa = PBXFileReference; lastKnownFileType = sourcecode.swift; path = "LDRRequest+PinAll.swift"; sourceTree = "<group>"; };
		E6365964248CD48600FA3908 /* ActivityIndicator.swift */ = {isa = PBXFileReference; lastKnownFileType = sourcecode.swift; path = ActivityIndicator.swift; sourceTree = "<group>"; };
		E63B44A42480FAA70055AC71 /* LDRLoginView.swift */ = {isa = PBXFileReference; lastKnownFileType = sourcecode.swift; path = LDRLoginView.swift; sourceTree = "<group>"; };
		E63CAF9A249F7A950051C402 /* LDRPinView.swift */ = {isa = PBXFileReference; lastKnownFileType = sourcecode.swift; path = LDRPinView.swift; sourceTree = "<group>"; };
		E63CAF9C249F83730051C402 /* LDRPinViewModel.swift */ = {isa = PBXFileReference; lastKnownFileType = sourcecode.swift; path = LDRPinViewModel.swift; sourceTree = "<group>"; };
		E63CAFA0249F8E240051C402 /* LDRPinRow.swift */ = {isa = PBXFileReference; lastKnownFileType = sourcecode.swift; path = LDRPinRow.swift; sourceTree = "<group>"; };
		E64D046C25F0F8A800654902 /* LDRCoreData 3.xcdatamodel */ = {isa = PBXFileReference; lastKnownFileType = wrapper.xcdatamodel; path = "LDRCoreData 3.xcdatamodel"; sourceTree = "<group>"; };
		E64F82D8234076C30054D0A1 /* Launch Screen.storyboard */ = {isa = PBXFileReference; fileEncoding = 4; lastKnownFileType = file.storyboard; path = "Launch Screen.storyboard"; sourceTree = "<group>"; };
		E6522F8B24AC72B200E03434 /* LDRFeedDetailWebViewModel.swift */ = {isa = PBXFileReference; lastKnownFileType = sourcecode.swift; path = LDRFeedDetailWebViewModel.swift; sourceTree = "<group>"; };
		E652C02A24A3676400C744DE /* LDRFeedRow.swift */ = {isa = PBXFileReference; lastKnownFileType = sourcecode.swift; path = LDRFeedRow.swift; sourceTree = "<group>"; };
		E65DBEF125F9FB7700F7D074 /* LDRFeedUnreadTests.swift */ = {isa = PBXFileReference; lastKnownFileType = sourcecode.swift; path = LDRFeedUnreadTests.swift; sourceTree = "<group>"; };
		E65DBEFB25F9FE7C00F7D074 /* LDRPinTests.swift */ = {isa = PBXFileReference; lastKnownFileType = sourcecode.swift; path = LDRPinTests.swift; sourceTree = "<group>"; };
		E65DBF0625FA29A000F7D074 /* LDRLoginViewTests.swift */ = {isa = PBXFileReference; lastKnownFileType = sourcecode.swift; path = LDRLoginViewTests.swift; sourceTree = "<group>"; };
		E65DBF1025FA2BC400F7D074 /* LDRKeychain+SnapshotTests.swift */ = {isa = PBXFileReference; lastKnownFileType = sourcecode.swift; path = "LDRKeychain+SnapshotTests.swift"; sourceTree = "<group>"; };
		E65E9D0625F7A37D00FFBA46 /* ladder-clientSnapshotTests.xctest */ = {isa = PBXFileReference; explicitFileType = wrapper.cfbundle; includeInIndex = 0; path = "ladder-clientSnapshotTests.xctest"; sourceTree = BUILT_PRODUCTS_DIR; };
		E65E9D0A25F7A37D00FFBA46 /* Info.plist */ = {isa = PBXFileReference; lastKnownFileType = text.plist.xml; path = Info.plist; sourceTree = "<group>"; };
		E65E9D1D25F7A3A200FFBA46 /* LDRPinRowTests.swift */ = {isa = PBXFileReference; fileEncoding = 4; lastKnownFileType = sourcecode.swift; path = LDRPinRowTests.swift; sourceTree = "<group>"; };
		E65E9D2725F7A3A200FFBA46 /* LDRFeedRowTests.swift */ = {isa = PBXFileReference; fileEncoding = 4; lastKnownFileType = sourcecode.swift; path = LDRFeedRowTests.swift; sourceTree = "<group>"; };
		E65E9D3625F7A3A300FFBA46 /* LDRTabViewTests.swift */ = {isa = PBXFileReference; fileEncoding = 4; lastKnownFileType = sourcecode.swift; path = LDRTabViewTests.swift; sourceTree = "<group>"; };
		E6690C501F5E537E0065B7B5 /* ladder-client.app */ = {isa = PBXFileReference; explicitFileType = wrapper.application; includeInIndex = 0; path = "ladder-client.app"; sourceTree = BUILT_PRODUCTS_DIR; };
		E66DFE1924A8B95000790F8B /* LDRTabView.swift */ = {isa = PBXFileReference; lastKnownFileType = sourcecode.swift; path = LDRTabView.swift; sourceTree = "<group>"; };
		E674AB411F94588D00348C98 /* LDRBlinkView.swift */ = {isa = PBXFileReference; fileEncoding = 4; lastKnownFileType = sourcecode.swift; path = LDRBlinkView.swift; sourceTree = "<group>"; };
		E678DEC825E8E2C6009C75E5 /* ladder-clientTests.xctest */ = {isa = PBXFileReference; explicitFileType = wrapper.cfbundle; includeInIndex = 0; path = "ladder-clientTests.xctest"; sourceTree = BUILT_PRODUCTS_DIR; };
		E678DECA25E8E2C6009C75E5 /* LDRRequest+SessionTests.swift */ = {isa = PBXFileReference; lastKnownFileType = sourcecode.swift; path = "LDRRequest+SessionTests.swift"; sourceTree = "<group>"; };
		E678DECC25E8E2C6009C75E5 /* Info.plist */ = {isa = PBXFileReference; lastKnownFileType = text.plist.xml; path = Info.plist; sourceTree = "<group>"; };
		E678DEDB25E8EA8A009C75E5 /* LDRRequest+HTMLTitle.swift */ = {isa = PBXFileReference; lastKnownFileType = sourcecode.swift; path = "LDRRequest+HTMLTitle.swift"; sourceTree = "<group>"; };
		E67C464C24878F7700480D46 /* LDRLoginViewModel.swift */ = {isa = PBXFileReference; lastKnownFileType = sourcecode.swift; path = LDRLoginViewModel.swift; sourceTree = "<group>"; };
		E68CA3A025DC209F005E591D /* LDRRequest.swift */ = {isa = PBXFileReference; lastKnownFileType = sourcecode.swift; path = LDRRequest.swift; sourceTree = "<group>"; };
		E68CA3A825DC227A005E591D /* LDRURLSession.swift */ = {isa = PBXFileReference; lastKnownFileType = sourcecode.swift; path = LDRURLSession.swift; sourceTree = "<group>"; };
		E68CA3B025DC26EC005E591D /* LDRRequest+Login.swift */ = {isa = PBXFileReference; lastKnownFileType = sourcecode.swift; path = "LDRRequest+Login.swift"; sourceTree = "<group>"; };
		E68CA3BA25DC2991005E591D /* URL+LDR.swift */ = {isa = PBXFileReference; lastKnownFileType = sourcecode.swift; path = "URL+LDR.swift"; sourceTree = "<group>"; };
		E69C865A1F98670E00EF525B /* LDRFeedUnreadOperationQueue.swift */ = {isa = PBXFileReference; fileEncoding = 4; lastKnownFileType = sourcecode.swift; path = LDRFeedUnreadOperationQueue.swift; sourceTree = "<group>"; };
		E69CB80C25FE20DD00682DD9 /* LDRFeedDetailViewTests.swift */ = {isa = PBXFileReference; lastKnownFileType = sourcecode.swift; path = LDRFeedDetailViewTests.swift; sourceTree = "<group>"; };
		E6BA93B025E4DC2A00B6291B /* LDRRequest+Subs.swift */ = {isa = PBXFileReference; lastKnownFileType = sourcecode.swift; path = "LDRRequest+Subs.swift"; sourceTree = "<group>"; };
		E6BA93B625E4E4F700B6291B /* LDRRequest+TouchAll.swift */ = {isa = PBXFileReference; lastKnownFileType = sourcecode.swift; path = "LDRRequest+TouchAll.swift"; sourceTree = "<group>"; };
		E6BA93C425E4F91600B6291B /* LDRRequest+Unread.swift */ = {isa = PBXFileReference; lastKnownFileType = sourcecode.swift; path = "LDRRequest+Unread.swift"; sourceTree = "<group>"; };
		E6BC9A4B1F92D7FC006B3DEC /* LDRPin.swift */ = {isa = PBXFileReference; fileEncoding = 4; lastKnownFileType = sourcecode.swift; path = LDRPin.swift; sourceTree = "<group>"; };
		E6C32EE11F92CC610052DDE3 /* LDRStorageProvider.swift */ = {isa = PBXFileReference; fileEncoding = 4; lastKnownFileType = sourcecode.swift; path = LDRStorageProvider.swift; sourceTree = "<group>"; };
		E6C8E62123E52460004F410D /* Add the url to "read later"..appex */ = {isa = PBXFileReference; explicitFileType = "wrapper.app-extension"; includeInIndex = 0; path = "Add the url to \"read later\"..appex"; sourceTree = BUILT_PRODUCTS_DIR; };
		E6C8E62323E52460004F410D /* Media.xcassets */ = {isa = PBXFileReference; lastKnownFileType = folder.assetcatalog; path = Media.xcassets; sourceTree = "<group>"; };
		E6C8E62523E52460004F410D /* LDRAddPinViewController.swift */ = {isa = PBXFileReference; lastKnownFileType = sourcecode.swift; path = LDRAddPinViewController.swift; sourceTree = "<group>"; };
		E6C8E62823E52460004F410D /* Base */ = {isa = PBXFileReference; lastKnownFileType = file.storyboard; name = Base; path = Base.lproj/MainInterface.storyboard; sourceTree = "<group>"; };
		E6C8E62A23E52460004F410D /* Info.plist */ = {isa = PBXFileReference; lastKnownFileType = text.plist.xml; path = Info.plist; sourceTree = "<group>"; };
		E6C8E63223E524A5004F410D /* app-extension.entitlements */ = {isa = PBXFileReference; lastKnownFileType = text.plist.entitlements; path = "app-extension.entitlements"; sourceTree = "<group>"; };
		E6C9FFCF25E638D900F9F21E /* LDRFeedUnread.swift */ = {isa = PBXFileReference; lastKnownFileType = sourcecode.swift; path = LDRFeedUnread.swift; sourceTree = "<group>"; };
		E6C9FFDE25E6452200F9F21E /* Notification.Name+LDR.swift */ = {isa = PBXFileReference; lastKnownFileType = sourcecode.swift; path = "Notification.Name+LDR.swift"; sourceTree = "<group>"; };
		E6C9FFE425E6456500F9F21E /* LDRError.swift */ = {isa = PBXFileReference; lastKnownFileType = sourcecode.swift; path = LDRError.swift; sourceTree = "<group>"; };
		E6C9FFEA25E646A800F9F21E /* LDRApi.swift */ = {isa = PBXFileReference; lastKnownFileType = sourcecode.swift; path = LDRApi.swift; sourceTree = "<group>"; };
		E6C9FFEE25E646D900F9F21E /* LDRKeychain.swift */ = {isa = PBXFileReference; lastKnownFileType = sourcecode.swift; path = LDRKeychain.swift; sourceTree = "<group>"; };
		E6CC19EB25F0C6F400D16D9C /* LDRCoreData 2.xcdatamodel */ = {isa = PBXFileReference; lastKnownFileType = wrapper.xcdatamodel; path = "LDRCoreData 2.xcdatamodel"; sourceTree = "<group>"; };
		E6CC19F425F0C9C500D16D9C /* LDRCoreData2.xcmappingmodel */ = {isa = PBXFileReference; lastKnownFileType = wrapper.xcmappingmodel; path = LDRCoreData2.xcmappingmodel; sourceTree = "<group>"; };
		E6D19BEF25EFA8F2001FC76B /* LDRRequest+TouchAllTests.swift */ = {isa = PBXFileReference; lastKnownFileType = sourcecode.swift; path = "LDRRequest+TouchAllTests.swift"; sourceTree = "<group>"; };
		E6D19BF725EFAD4B001FC76B /* LDRRequest+PinAddTests.swift */ = {isa = PBXFileReference; lastKnownFileType = sourcecode.swift; path = "LDRRequest+PinAddTests.swift"; sourceTree = "<group>"; };
		E6D19BFF25EFAEFE001FC76B /* LDRRequest+PinRemoveTests.swift */ = {isa = PBXFileReference; lastKnownFileType = sourcecode.swift; path = "LDRRequest+PinRemoveTests.swift"; sourceTree = "<group>"; };
		E6D5903824A0DE0E003CCCBF /* SafariView.swift */ = {isa = PBXFileReference; lastKnownFileType = sourcecode.swift; path = SafariView.swift; sourceTree = "<group>"; };
		E6D8DA531F92D2C1002CAD69 /* LDRFeedSubsUnread.swift */ = {isa = PBXFileReference; fileEncoding = 4; lastKnownFileType = sourcecode.swift; path = LDRFeedSubsUnread.swift; sourceTree = "<group>"; };
		E6DFAF6525F1ECF000789E1C /* LDRCoreData3.xcmappingmodel */ = {isa = PBXFileReference; lastKnownFileType = wrapper.xcmappingmodel; path = LDRCoreData3.xcmappingmodel; sourceTree = "<group>"; };
		E6E127AC24A4B6DE008627D5 /* LDRFeedDetailView.swift */ = {isa = PBXFileReference; lastKnownFileType = sourcecode.swift; path = LDRFeedDetailView.swift; sourceTree = "<group>"; };
		E6E127AE24A4BA22008627D5 /* WebView.swift */ = {isa = PBXFileReference; lastKnownFileType = sourcecode.swift; path = WebView.swift; sourceTree = "<group>"; };
		E6E127B024A4C3D9008627D5 /* LDRFeedDetailViewModel.swift */ = {isa = PBXFileReference; lastKnownFileType = sourcecode.swift; path = LDRFeedDetailViewModel.swift; sourceTree = "<group>"; };
		E6E8501E25ECD74800B98046 /* LDRCoreData.xcdatamodel */ = {isa = PBXFileReference; lastKnownFileType = wrapper.xcdatamodel; path = LDRCoreData.xcdatamodel; sourceTree = "<group>"; };
		E6E8D4B325F3C60200F71D10 /* LDR.swift */ = {isa = PBXFileReference; lastKnownFileType = sourcecode.swift; path = LDR.swift; sourceTree = "<group>"; };
		E6EC083723E7800800929110 /* Assets.xcassets */ = {isa = PBXFileReference; lastKnownFileType = folder.assetcatalog; path = Assets.xcassets; sourceTree = "<group>"; };
		E6EE1FC525F8D9E800DBF887 /* LDRCoreData.sqlite */ = {isa = PBXFileReference; lastKnownFileType = file; path = LDRCoreData.sqlite; sourceTree = "<group>"; };
		E6EE1FD325F8DB2300DBF887 /* LDRCoreData.sqlite-wal */ = {isa = PBXFileReference; lastKnownFileType = file; path = "LDRCoreData.sqlite-wal"; sourceTree = "<group>"; };
		E6EE1FD425F8DB2300DBF887 /* LDRCoreData.sqlite-shm */ = {isa = PBXFileReference; lastKnownFileType = file; path = "LDRCoreData.sqlite-shm"; sourceTree = "<group>"; };
		E6EE200C25F8E80E00DBF887 /* LDR+SnapshotTests.swift */ = {isa = PBXFileReference; lastKnownFileType = sourcecode.swift; path = "LDR+SnapshotTests.swift"; sourceTree = "<group>"; };
		E6EE202A25F8EEC200DBF887 /* LDRFeedSubsUnreadTests.swift */ = {isa = PBXFileReference; lastKnownFileType = sourcecode.swift; path = LDRFeedSubsUnreadTests.swift; sourceTree = "<group>"; };
		E6EE203125F8EF5C00DBF887 /* LDR+Tests.swift */ = {isa = PBXFileReference; lastKnownFileType = sourcecode.swift; path = "LDR+Tests.swift"; sourceTree = "<group>"; };
		E6EE2E9824AB20EB0086590A /* LDRToastView.swift */ = {isa = PBXFileReference; lastKnownFileType = sourcecode.swift; path = LDRToastView.swift; sourceTree = "<group>"; };
		E6F25DDA24A24DB4008C5E58 /* LDRFeedView.swift */ = {isa = PBXFileReference; lastKnownFileType = sourcecode.swift; path = LDRFeedView.swift; sourceTree = "<group>"; };
		E6F25DDC24A2501F008C5E58 /* LDRFeedViewModel.swift */ = {isa = PBXFileReference; lastKnownFileType = sourcecode.swift; path = LDRFeedViewModel.swift; sourceTree = "<group>"; };
		E6F5FA581FDB4B1800A6C713 /* ladder-client.entitlements */ = {isa = PBXFileReference; lastKnownFileType = text.plist.entitlements; path = "ladder-client.entitlements"; sourceTree = "<group>"; };
		E6F6B8771F95C9E100C964DC /* HTTPCookieStorage+Cookie.swift */ = {isa = PBXFileReference; fileEncoding = 4; lastKnownFileType = sourcecode.swift; path = "HTTPCookieStorage+Cookie.swift"; sourceTree = "<group>"; };
		E6FA099324A8CBED00888F58 /* LadderClientApp.swift */ = {isa = PBXFileReference; lastKnownFileType = sourcecode.swift; path = LadderClientApp.swift; sourceTree = "<group>"; };
/* End PBXFileReference section */

/* Begin PBXFrameworksBuildPhase section */
		E65E9D0325F7A37D00FFBA46 /* Frameworks */ = {
			isa = PBXFrameworksBuildPhase;
			buildActionMask = 2147483647;
			files = (
				E65E9D6025F7A3DC00FFBA46 /* SnapshotTesting in Frameworks */,
			);
			runOnlyForDeploymentPostprocessing = 0;
		};
		E6690C4D1F5E537D0065B7B5 /* Frameworks */ = {
			isa = PBXFrameworksBuildPhase;
			buildActionMask = 2147483647;
			files = (
				E6572DD425E778E200C0F18C /* KeychainAccess in Frameworks */,
				E6572DCF25E778C700C0F18C /* HTMLReader in Frameworks */,
			);
			runOnlyForDeploymentPostprocessing = 0;
		};
		E678DEC525E8E2C6009C75E5 /* Frameworks */ = {
			isa = PBXFrameworksBuildPhase;
			buildActionMask = 2147483647;
			files = (
			);
			runOnlyForDeploymentPostprocessing = 0;
		};
		E6C8E61E23E52460004F410D /* Frameworks */ = {
			isa = PBXFrameworksBuildPhase;
			buildActionMask = 2147483647;
			files = (
				E66AD21B25E7CBAC0099D5B4 /* HTMLReader in Frameworks */,
				E6572DE325E77A4200C0F18C /* KeychainAccess in Frameworks */,
			);
			runOnlyForDeploymentPostprocessing = 0;
		};
/* End PBXFrameworksBuildPhase section */

/* Begin PBXGroup section */
		E601320C261F292C002FCD64 /* Extension */ = {
			isa = PBXGroup;
			children = (
				E6BCD0171F944CA200B2E7E6 /* Foundation */,
				E6365963248CD46600FA3908 /* SwiftUI */,
				E674AB401F94588D00348C98 /* UIKit */,
			);
			path = Extension;
			sourceTree = "<group>";
		};
		E60230B61F5E54740052F762 /* Classes */ = {
			isa = PBXGroup;
			children = (
				E6FA099324A8CBED00888F58 /* LadderClientApp.swift */,
				E66DFE1924A8B95000790F8B /* LDRTabView.swift */,
				E64F82D8234076C30054D0A1 /* Launch Screen.storyboard */,
				E6FFD6661F6DEB7900AD947E /* Feed */,
				E6FFD6681F6DEB7900AD947E /* Pin */,
				E6C7B3601F849286000EFCE6 /* Login */,
				E6C32EE01F92CC610052DDE3 /* CoreData */,
				E6C9FFDB25E644ED00F9F21E /* Constant */,
				E601320C261F292C002FCD64 /* Extension */,
			);
			path = Classes;
			sourceTree = "<group>";
		};
		E60230BD1F5E54860052F762 /* Resources */ = {
			isa = PBXGroup;
			children = (
				E60230BE1F5E54860052F762 /* Assets.xcassets */,
			);
			path = Resources;
			sourceTree = "<group>";
		};
		E62A73AE25EE538900E79F24 /* Pin */ = {
			isa = PBXGroup;
			children = (
				E65DBEFB25F9FE7C00F7D074 /* LDRPinTests.swift */,
				E62A73B825EE53EC00E79F24 /* LDRRequest+PinAllTests.swift */,
				E6D19BF725EFAD4B001FC76B /* LDRRequest+PinAddTests.swift */,
				E6D19BFF25EFAEFE001FC76B /* LDRRequest+PinRemoveTests.swift */,
				E62A73BD25EE58F100E79F24 /* pinAll.json */,
			);
			path = Pin;
			sourceTree = "<group>";
		};
		E62A73C225EE5E5C00E79F24 /* Feed */ = {
			isa = PBXGroup;
			children = (
				E6EE202A25F8EEC200DBF887 /* LDRFeedSubsUnreadTests.swift */,
				E65DBEF125F9FB7700F7D074 /* LDRFeedUnreadTests.swift */,
				E62A73CB25EE60A300E79F24 /* LDRRequest+SubsTests.swift */,
				E62A73DB25EE646C00E79F24 /* LDRRequest+UnreadTests.swift */,
				E6D19BEF25EFA8F2001FC76B /* LDRRequest+TouchAllTests.swift */,
				E62A73C325EE606600E79F24 /* subs.json */,
				E62A73D625EE61DE00E79F24 /* unread.json */,
			);
			path = Feed;
			sourceTree = "<group>";
		};
		E6365963248CD46600FA3908 /* SwiftUI */ = {
			isa = PBXGroup;
			children = (
				E6365964248CD48600FA3908 /* ActivityIndicator.swift */,
				E6D5903824A0DE0E003CCCBF /* SafariView.swift */,
				E6E127AE24A4BA22008627D5 /* WebView.swift */,
			);
			path = SwiftUI;
			sourceTree = "<group>";
		};
		E659BFF925EE1CF0005AAF87 /* Frameworks */ = {
			isa = PBXGroup;
			children = (
			);
			name = Frameworks;
			sourceTree = "<group>";
		};
		E659C00B25EE1FE9005AAF87 /* Login */ = {
			isa = PBXGroup;
			children = (
				E62A739825EE4B3E00E79F24 /* LDRRequest+LoginTests.swift */,
				E678DECA25E8E2C6009C75E5 /* LDRRequest+SessionTests.swift */,
				E62A73A325EE4E3500E79F24 /* login.html */,
				E62A739025EE329600E79F24 /* session.html */,
			);
			path = Login;
			sourceTree = "<group>";
		};
		E65DBF0525FA298500F7D074 /* Login */ = {
			isa = PBXGroup;
			children = (
				E65DBF0625FA29A000F7D074 /* LDRLoginViewTests.swift */,
			);
			path = Login;
			sourceTree = "<group>";
		};
		E65E9D0725F7A37D00FFBA46 /* ladder-clientSnapshotTests */ = {
			isa = PBXGroup;
			children = (
				E65E9D3625F7A3A300FFBA46 /* LDRTabViewTests.swift */,
				E65E9D2625F7A3A200FFBA46 /* Feed */,
				E65E9D1C25F7A3A200FFBA46 /* Pin */,
				E65DBF0525FA298500F7D074 /* Login */,
				E6EE200B25F8E7F000DBF887 /* Constant */,
				E65E9D0A25F7A37D00FFBA46 /* Info.plist */,
			);
			path = "ladder-clientSnapshotTests";
			sourceTree = "<group>";
		};
		E65E9D1C25F7A3A200FFBA46 /* Pin */ = {
			isa = PBXGroup;
			children = (
				E65E9D1D25F7A3A200FFBA46 /* LDRPinRowTests.swift */,
			);
			path = Pin;
			sourceTree = "<group>";
		};
		E65E9D2625F7A3A200FFBA46 /* Feed */ = {
			isa = PBXGroup;
			children = (
				E65E9D2725F7A3A200FFBA46 /* LDRFeedRowTests.swift */,
				E69CB81A25FE211C00682DD9 /* Detail */,
			);
			path = Feed;
			sourceTree = "<group>";
		};
		E6690C471F5E537D0065B7B5 = {
			isa = PBXGroup;
			children = (
				E6690C521F5E537E0065B7B5 /* ladder-client */,
				E6C8E62223E52460004F410D /* app-extension */,
				E678DEC925E8E2C6009C75E5 /* ladder-clientTests */,
				E65E9D0725F7A37D00FFBA46 /* ladder-clientSnapshotTests */,
				E6EE1FE325F8E06F00DBF887 /* Tests */,
				E6690C511F5E537E0065B7B5 /* Products */,
				E659BFF925EE1CF0005AAF87 /* Frameworks */,
			);
			sourceTree = "<group>";
		};
		E6690C511F5E537E0065B7B5 /* Products */ = {
			isa = PBXGroup;
			children = (
				E6690C501F5E537E0065B7B5 /* ladder-client.app */,
				E6C8E62123E52460004F410D /* Add the url to "read later"..appex */,
				E678DEC825E8E2C6009C75E5 /* ladder-clientTests.xctest */,
				E65E9D0625F7A37D00FFBA46 /* ladder-clientSnapshotTests.xctest */,
			);
			name = Products;
			sourceTree = "<group>";
		};
		E6690C521F5E537E0065B7B5 /* ladder-client */ = {
			isa = PBXGroup;
			children = (
				E6F5FA581FDB4B1800A6C713 /* ladder-client.entitlements */,
				E60230B61F5E54740052F762 /* Classes */,
				E60230BD1F5E54860052F762 /* Resources */,
			);
			path = "ladder-client";
			sourceTree = "<group>";
		};
		E674AB401F94588D00348C98 /* UIKit */ = {
			isa = PBXGroup;
			children = (
				E674AB411F94588D00348C98 /* LDRBlinkView.swift */,
				E6EE2E9824AB20EB0086590A /* LDRToastView.swift */,
			);
			path = UIKit;
			sourceTree = "<group>";
		};
		E678DEC925E8E2C6009C75E5 /* ladder-clientTests */ = {
			isa = PBXGroup;
			children = (
				E62A73C225EE5E5C00E79F24 /* Feed */,
				E62A73AE25EE538900E79F24 /* Pin */,
				E659C00B25EE1FE9005AAF87 /* Login */,
				E6EE203025F8EF4200DBF887 /* Constant */,
				E678DECC25E8E2C6009C75E5 /* Info.plist */,
			);
			path = "ladder-clientTests";
			sourceTree = "<group>";
		};
		E69CB81A25FE211C00682DD9 /* Detail */ = {
			isa = PBXGroup;
			children = (
				E69CB80C25FE20DD00682DD9 /* LDRFeedDetailViewTests.swift */,
			);
			path = Detail;
			sourceTree = "<group>";
		};
		E6BCD0171F944CA200B2E7E6 /* Foundation */ = {
			isa = PBXGroup;
			children = (
				E68CA3A825DC227A005E591D /* LDRURLSession.swift */,
				E68CA3A025DC209F005E591D /* LDRRequest.swift */,
				E68CA3BA25DC2991005E591D /* URL+LDR.swift */,
				E6241ECA1FA462C400DBA613 /* Dictionary+HTTPBody.swift */,
				E6F6B8771F95C9E100C964DC /* HTTPCookieStorage+Cookie.swift */,
			);
			path = Foundation;
			sourceTree = "<group>";
		};
		E6C32EE01F92CC610052DDE3 /* CoreData */ = {
			isa = PBXGroup;
			children = (
				E6C32EE11F92CC610052DDE3 /* LDRStorageProvider.swift */,
				E6E8501D25ECD74800B98046 /* LDRCoreData.xcdatamodeld */,
				E6DFAF6525F1ECF000789E1C /* LDRCoreData3.xcmappingmodel */,
				E6CC19F425F0C9C500D16D9C /* LDRCoreData2.xcmappingmodel */,
			);
			path = CoreData;
			sourceTree = "<group>";
		};
		E6C7B3601F849286000EFCE6 /* Login */ = {
			isa = PBXGroup;
			children = (
				E63B44A42480FAA70055AC71 /* LDRLoginView.swift */,
				E67C464C24878F7700480D46 /* LDRLoginViewModel.swift */,
				E60BD71425DE78F100AC16C9 /* LDRLoginFormValidation.swift */,
				E68CA3B025DC26EC005E591D /* LDRRequest+Login.swift */,
				E60CAE9625DD458600C6291B /* LDRRequest+Session.swift */,
			);
			path = Login;
			sourceTree = "<group>";
		};
		E6C8E62223E52460004F410D /* app-extension */ = {
			isa = PBXGroup;
			children = (
				E6C8E63223E524A5004F410D /* app-extension.entitlements */,
				E6C8E62323E52460004F410D /* Media.xcassets */,
				E6C8E62523E52460004F410D /* LDRAddPinViewController.swift */,
				E678DEDB25E8EA8A009C75E5 /* LDRRequest+HTMLTitle.swift */,
				E6C8E62723E52460004F410D /* MainInterface.storyboard */,
				E6C8E62A23E52460004F410D /* Info.plist */,
				E6EC083723E7800800929110 /* Assets.xcassets */,
			);
			path = "app-extension";
			sourceTree = "<group>";
		};
		E6C9FFDB25E644ED00F9F21E /* Constant */ = {
			isa = PBXGroup;
			children = (
				E6C9FFDE25E6452200F9F21E /* Notification.Name+LDR.swift */,
				E6C9FFE425E6456500F9F21E /* LDRError.swift */,
				E6C9FFEA25E646A800F9F21E /* LDRApi.swift */,
				E6C9FFEE25E646D900F9F21E /* LDRKeychain.swift */,
				E6E8D4B325F3C60200F71D10 /* LDR.swift */,
			);
			path = Constant;
			sourceTree = "<group>";
		};
		E6EE1FE325F8E06F00DBF887 /* Tests */ = {
			isa = PBXGroup;
			children = (
				E6EE1FC525F8D9E800DBF887 /* LDRCoreData.sqlite */,
				E6EE1FD425F8DB2300DBF887 /* LDRCoreData.sqlite-shm */,
				E6EE1FD325F8DB2300DBF887 /* LDRCoreData.sqlite-wal */,
			);
			path = Tests;
			sourceTree = "<group>";
		};
		E6EE200B25F8E7F000DBF887 /* Constant */ = {
			isa = PBXGroup;
			children = (
				E6EE200C25F8E80E00DBF887 /* LDR+SnapshotTests.swift */,
				E65DBF1025FA2BC400F7D074 /* LDRKeychain+SnapshotTests.swift */,
			);
			path = Constant;
			sourceTree = "<group>";
		};
		E6EE203025F8EF4200DBF887 /* Constant */ = {
			isa = PBXGroup;
			children = (
				E6EE203125F8EF5C00DBF887 /* LDR+Tests.swift */,
			);
			path = Constant;
			sourceTree = "<group>";
		};
		E6F25DD924A24D5A008C5E58 /* Detail */ = {
			isa = PBXGroup;
			children = (
				E6E127AC24A4B6DE008627D5 /* LDRFeedDetailView.swift */,
				E6E127B024A4C3D9008627D5 /* LDRFeedDetailViewModel.swift */,
				E6522F8B24AC72B200E03434 /* LDRFeedDetailWebViewModel.swift */,
			);
			path = Detail;
			sourceTree = "<group>";
		};
		E6FFD6661F6DEB7900AD947E /* Feed */ = {
			isa = PBXGroup;
			children = (
				E6F25DDA24A24DB4008C5E58 /* LDRFeedView.swift */,
				E652C02A24A3676400C744DE /* LDRFeedRow.swift */,
				E6F25DDC24A2501F008C5E58 /* LDRFeedViewModel.swift */,
				E6D8DA531F92D2C1002CAD69 /* LDRFeedSubsUnread.swift */,
				E6C9FFCF25E638D900F9F21E /* LDRFeedUnread.swift */,
				E6BA93B025E4DC2A00B6291B /* LDRRequest+Subs.swift */,
				E6BA93B625E4E4F700B6291B /* LDRRequest+TouchAll.swift */,
				E6BA93C425E4F91600B6291B /* LDRRequest+Unread.swift */,
				E69C865A1F98670E00EF525B /* LDRFeedUnreadOperationQueue.swift */,
				E6F25DD924A24D5A008C5E58 /* Detail */,
			);
			path = Feed;
			sourceTree = "<group>";
		};
		E6FFD6681F6DEB7900AD947E /* Pin */ = {
			isa = PBXGroup;
			children = (
				E63CAF9A249F7A950051C402 /* LDRPinView.swift */,
				E63CAFA0249F8E240051C402 /* LDRPinRow.swift */,
				E63CAF9C249F83730051C402 /* LDRPinViewModel.swift */,
				E6BC9A4B1F92D7FC006B3DEC /* LDRPin.swift */,
				E62E667B25E1450400417D7B /* LDRRequest+PinAll.swift */,
				E613D92C25E275E2003C6752 /* LDRRequest+PinAdd.swift */,
				E613D93225E278CF003C6752 /* LDRRequest+PinRemove.swift */,
			);
			path = Pin;
			sourceTree = "<group>";
		};
/* End PBXGroup section */

/* Begin PBXNativeTarget section */
		E65E9D0525F7A37D00FFBA46 /* ladder-clientSnapshotTests */ = {
			isa = PBXNativeTarget;
			buildConfigurationList = E65E9D0D25F7A37D00FFBA46 /* Build configuration list for PBXNativeTarget "ladder-clientSnapshotTests" */;
			buildPhases = (
				E65E9D0225F7A37D00FFBA46 /* Sources */,
				E65E9D0325F7A37D00FFBA46 /* Frameworks */,
				E65E9D0425F7A37D00FFBA46 /* Resources */,
			);
			buildRules = (
			);
			dependencies = (
				E65E9D5D25F7A3C000FFBA46 /* PBXTargetDependency */,
				E65E9D0C25F7A37D00FFBA46 /* PBXTargetDependency */,
			);
			name = "ladder-clientSnapshotTests";
			packageProductDependencies = (
				E65E9D5F25F7A3DC00FFBA46 /* SnapshotTesting */,
			);
			productName = "ladder-clientSnapshotTests";
			productReference = E65E9D0625F7A37D00FFBA46 /* ladder-clientSnapshotTests.xctest */;
			productType = "com.apple.product-type.bundle.unit-test";
		};
		E6690C4F1F5E537D0065B7B5 /* ladder-client */ = {
			isa = PBXNativeTarget;
			buildConfigurationList = E6690C621F5E537E0065B7B5 /* Build configuration list for PBXNativeTarget "ladder-client" */;
			buildPhases = (
				E6690C4C1F5E537D0065B7B5 /* Sources */,
				E6690C4D1F5E537D0065B7B5 /* Frameworks */,
				E6690C4E1F5E537D0065B7B5 /* Resources */,
				E6C8E63123E52460004F410D /* Embed App Extensions */,
				E642B8D824685F8C00E6BBC8 /* ShellScript */,
			);
			buildRules = (
			);
			dependencies = (
				E6C8E62C23E52460004F410D /* PBXTargetDependency */,
			);
			name = "ladder-client";
			packageProductDependencies = (
				E6572DCE25E778C700C0F18C /* HTMLReader */,
				E6572DD325E778E200C0F18C /* KeychainAccess */,
			);
			productName = "ladder-client";
			productReference = E6690C501F5E537E0065B7B5 /* ladder-client.app */;
			productType = "com.apple.product-type.application";
		};
		E678DEC725E8E2C6009C75E5 /* ladder-clientTests */ = {
			isa = PBXNativeTarget;
			buildConfigurationList = E678DED125E8E2C6009C75E5 /* Build configuration list for PBXNativeTarget "ladder-clientTests" */;
			buildPhases = (
				E678DEC425E8E2C6009C75E5 /* Sources */,
				E678DEC525E8E2C6009C75E5 /* Frameworks */,
				E678DEC625E8E2C6009C75E5 /* Resources */,
			);
			buildRules = (
			);
			dependencies = (
				E678DF1125E907B1009C75E5 /* PBXTargetDependency */,
				E678DECE25E8E2C6009C75E5 /* PBXTargetDependency */,
			);
			name = "ladder-clientTests";
			packageProductDependencies = (
			);
			productName = "ladder-clientTests";
			productReference = E678DEC825E8E2C6009C75E5 /* ladder-clientTests.xctest */;
			productType = "com.apple.product-type.bundle.unit-test";
		};
		E6C8E62023E52460004F410D /* app-extension */ = {
			isa = PBXNativeTarget;
			buildConfigurationList = E6C8E62E23E52460004F410D /* Build configuration list for PBXNativeTarget "app-extension" */;
			buildPhases = (
				E6C8E61D23E52460004F410D /* Sources */,
				E6C8E61E23E52460004F410D /* Frameworks */,
				E6C8E61F23E52460004F410D /* Resources */,
			);
			buildRules = (
			);
			dependencies = (
			);
			name = "app-extension";
			packageProductDependencies = (
				E6572DE225E77A4200C0F18C /* KeychainAccess */,
				E66AD21A25E7CBAC0099D5B4 /* HTMLReader */,
			);
			productName = "app-extension";
			productReference = E6C8E62123E52460004F410D /* Add the url to "read later"..appex */;
			productType = "com.apple.product-type.app-extension";
		};
/* End PBXNativeTarget section */

/* Begin PBXProject section */
		E6690C481F5E537D0065B7B5 /* Project object */ = {
			isa = PBXProject;
			attributes = {
				LastSwiftUpdateCheck = 1240;
				LastUpgradeCheck = 1240;
				ORGANIZATIONNAME = kenzan8000;
				TargetAttributes = {
					E65E9D0525F7A37D00FFBA46 = {
						CreatedOnToolsVersion = 12.4;
						LastSwiftMigration = 1240;
						TestTargetID = E6690C4F1F5E537D0065B7B5;
					};
					E6690C4F1F5E537D0065B7B5 = {
						CreatedOnToolsVersion = 8.3.3;
						LastSwiftMigration = 0830;
						SystemCapabilities = {
							com.apple.Push = {
								enabled = 1;
							};
						};
					};
					E678DEC725E8E2C6009C75E5 = {
						CreatedOnToolsVersion = 12.4;
						TestTargetID = E6690C4F1F5E537D0065B7B5;
					};
					E6C8E62023E52460004F410D = {
						CreatedOnToolsVersion = 11.3.1;
						DevelopmentTeam = 6RYZ4RB738;
					};
				};
			};
			buildConfigurationList = E6690C4B1F5E537D0065B7B5 /* Build configuration list for PBXProject "ladder-client" */;
			compatibilityVersion = "Xcode 3.2";
			developmentRegion = en;
			hasScannedForEncodings = 0;
			knownRegions = (
				en,
				Base,
			);
			mainGroup = E6690C471F5E537D0065B7B5;
			packageReferences = (
				E6572DCD25E778C700C0F18C /* XCRemoteSwiftPackageReference "HTMLReader" */,
				E6572DD225E778E200C0F18C /* XCRemoteSwiftPackageReference "KeychainAccess" */,
				E65E9D5E25F7A3DC00FFBA46 /* XCRemoteSwiftPackageReference "swift-snapshot-testing" */,
			);
			productRefGroup = E6690C511F5E537E0065B7B5 /* Products */;
			projectDirPath = "";
			projectRoot = "";
			targets = (
				E6690C4F1F5E537D0065B7B5 /* ladder-client */,
				E6C8E62023E52460004F410D /* app-extension */,
				E678DEC725E8E2C6009C75E5 /* ladder-clientTests */,
				E65E9D0525F7A37D00FFBA46 /* ladder-clientSnapshotTests */,
			);
		};
/* End PBXProject section */

/* Begin PBXResourcesBuildPhase section */
		E65E9D0425F7A37D00FFBA46 /* Resources */ = {
			isa = PBXResourcesBuildPhase;
			buildActionMask = 2147483647;
			files = (
				E6EE1FD525F8DB2300DBF887 /* LDRCoreData.sqlite-wal in Resources */,
				E6EE1FD625F8DB2300DBF887 /* LDRCoreData.sqlite-shm in Resources */,
				E6EE1FC625F8D9E800DBF887 /* LDRCoreData.sqlite in Resources */,
			);
			runOnlyForDeploymentPostprocessing = 0;
		};
		E6690C4E1F5E537D0065B7B5 /* Resources */ = {
			isa = PBXResourcesBuildPhase;
			buildActionMask = 2147483647;
			files = (
				E60230C11F5E54860052F762 /* Assets.xcassets in Resources */,
				E64F82D9234076C30054D0A1 /* Launch Screen.storyboard in Resources */,
			);
			runOnlyForDeploymentPostprocessing = 0;
		};
		E678DEC625E8E2C6009C75E5 /* Resources */ = {
			isa = PBXResourcesBuildPhase;
			buildActionMask = 2147483647;
			files = (
				E62A73BE25EE58F100E79F24 /* pinAll.json in Resources */,
				E62A73D725EE61DE00E79F24 /* unread.json in Resources */,
				E62A73A425EE4E3500E79F24 /* login.html in Resources */,
				E62A73C425EE606600E79F24 /* subs.json in Resources */,
				E6EE1FE625F8E08500DBF887 /* LDRCoreData.sqlite-wal in Resources */,
				E62A739125EE329600E79F24 /* session.html in Resources */,
				E6EE1FE525F8E08500DBF887 /* LDRCoreData.sqlite-shm in Resources */,
				E6EE1FE425F8E08500DBF887 /* LDRCoreData.sqlite in Resources */,
			);
			runOnlyForDeploymentPostprocessing = 0;
		};
		E6C8E61F23E52460004F410D /* Resources */ = {
			isa = PBXResourcesBuildPhase;
			buildActionMask = 2147483647;
			files = (
				E6C8E62423E52460004F410D /* Media.xcassets in Resources */,
				E6EC083823E7800800929110 /* Assets.xcassets in Resources */,
				E6C8E62923E52460004F410D /* MainInterface.storyboard in Resources */,
			);
			runOnlyForDeploymentPostprocessing = 0;
		};
/* End PBXResourcesBuildPhase section */

/* Begin PBXShellScriptBuildPhase section */
		E642B8D824685F8C00E6BBC8 /* ShellScript */ = {
			isa = PBXShellScriptBuildPhase;
			buildActionMask = 2147483647;
			files = (
			);
			inputFileListPaths = (
			);
			inputPaths = (
			);
			outputFileListPaths = (
			);
			outputPaths = (
			);
			runOnlyForDeploymentPostprocessing = 0;
			shellPath = /bin/sh;
			shellScript = "if which swiftlint >/dev/null; then\n  swiftlint\nelse\n  echo \"warning: SwiftLint not installed, download from https://github.com/realm/SwiftLint\"\nfi\n";
		};
/* End PBXShellScriptBuildPhase section */

/* Begin PBXSourcesBuildPhase section */
		E65E9D0225F7A37D00FFBA46 /* Sources */ = {
			isa = PBXSourcesBuildPhase;
			buildActionMask = 2147483647;
			files = (
				E65E9D4B25F7A3A300FFBA46 /* LDRTabViewTests.swift in Sources */,
				E65E9D3725F7A3A300FFBA46 /* LDRPinRowTests.swift in Sources */,
				E6EE200D25F8E80E00DBF887 /* LDR+SnapshotTests.swift in Sources */,
				E69CB80D25FE20DD00682DD9 /* LDRFeedDetailViewTests.swift in Sources */,
				E65DBF0725FA29A000F7D074 /* LDRLoginViewTests.swift in Sources */,
				E65DBF1125FA2BC400F7D074 /* LDRKeychain+SnapshotTests.swift in Sources */,
				E65E9D3E25F7A3A300FFBA46 /* LDRFeedRowTests.swift in Sources */,
			);
			runOnlyForDeploymentPostprocessing = 0;
		};
		E6690C4C1F5E537D0065B7B5 /* Sources */ = {
			isa = PBXSourcesBuildPhase;
			buildActionMask = 2147483647;
			files = (
				E62E667C25E1450400417D7B /* LDRRequest+PinAll.swift in Sources */,
				E613D92D25E275E2003C6752 /* LDRRequest+PinAdd.swift in Sources */,
				E68CA3A925DC227A005E591D /* LDRURLSession.swift in Sources */,
				E6BA93B125E4DC2A00B6291B /* LDRRequest+Subs.swift in Sources */,
				E6C9FFE525E6456500F9F21E /* LDRError.swift in Sources */,
				E6BC9A4C1F92D7FC006B3DEC /* LDRPin.swift in Sources */,
				E6C9FFEB25E646A800F9F21E /* LDRApi.swift in Sources */,
				E6541CBA25E78E4900746F2E /* Dictionary+HTTPBody.swift in Sources */,
				E63CAF9D249F83730051C402 /* LDRPinViewModel.swift in Sources */,
				E6F25DDB24A24DB4008C5E58 /* LDRFeedView.swift in Sources */,
				E6365965248CD48600FA3908 /* ActivityIndicator.swift in Sources */,
				E6C32EE41F92CC610052DDE3 /* LDRStorageProvider.swift in Sources */,
				E6E127B124A4C3D9008627D5 /* LDRFeedDetailViewModel.swift in Sources */,
				E6DFAF6625F1ECF000789E1C /* LDRCoreData3.xcmappingmodel in Sources */,
				E6E127AD24A4B6DE008627D5 /* LDRFeedDetailView.swift in Sources */,
				E6C9FFD025E638D900F9F21E /* LDRFeedUnread.swift in Sources */,
				E68CA3B125DC26EC005E591D /* LDRRequest+Login.swift in Sources */,
				E6BA93B725E4E4F700B6291B /* LDRRequest+TouchAll.swift in Sources */,
				E6D5903924A0DE0E003CCCBF /* SafariView.swift in Sources */,
				E6EE2E9924AB20EB0086590A /* LDRToastView.swift in Sources */,
				E6E8501F25ECD74800B98046 /* LDRCoreData.xcdatamodeld in Sources */,
				E68CA3A125DC209F005E591D /* LDRRequest.swift in Sources */,
				E6E127AF24A4BA22008627D5 /* WebView.swift in Sources */,
				E6CC19F525F0C9C500D16D9C /* LDRCoreData2.xcmappingmodel in Sources */,
				E66DFE1A24A8B95000790F8B /* LDRTabView.swift in Sources */,
				E67C464D24878F7700480D46 /* LDRLoginViewModel.swift in Sources */,
				E6D8DA541F92D2C1002CAD69 /* LDRFeedSubsUnread.swift in Sources */,
				E6E8D4B425F3C60200F71D10 /* LDR.swift in Sources */,
				E60CAE9725DD458600C6291B /* LDRRequest+Session.swift in Sources */,
				E63CAF9B249F7A950051C402 /* LDRPinView.swift in Sources */,
				E6BA93C525E4F91600B6291B /* LDRRequest+Unread.swift in Sources */,
				E6522F8C24AC72B200E03434 /* LDRFeedDetailWebViewModel.swift in Sources */,
				E6C9FFEF25E646D900F9F21E /* LDRKeychain.swift in Sources */,
				E6C9FFDF25E6452200F9F21E /* Notification.Name+LDR.swift in Sources */,
				E6F25DDD24A2501F008C5E58 /* LDRFeedViewModel.swift in Sources */,
				E6FA099424A8CBED00888F58 /* LadderClientApp.swift in Sources */,
				E63CAFA1249F8E240051C402 /* LDRPinRow.swift in Sources */,
				E652C02B24A3676400C744DE /* LDRFeedRow.swift in Sources */,
				E60BD71525DE78F100AC16C9 /* LDRLoginFormValidation.swift in Sources */,
				E674AB421F94588E00348C98 /* LDRBlinkView.swift in Sources */,
				E6F6B8781F95C9E200C964DC /* HTTPCookieStorage+Cookie.swift in Sources */,
				E68CA3BB25DC2991005E591D /* URL+LDR.swift in Sources */,
				E63B44A52480FAA70055AC71 /* LDRLoginView.swift in Sources */,
				E613D93325E278CF003C6752 /* LDRRequest+PinRemove.swift in Sources */,
				E69C865B1F98670E00EF525B /* LDRFeedUnreadOperationQueue.swift in Sources */,
			);
			runOnlyForDeploymentPostprocessing = 0;
		};
		E678DEC425E8E2C6009C75E5 /* Sources */ = {
			isa = PBXSourcesBuildPhase;
			buildActionMask = 2147483647;
			files = (
				E6D19C0025EFAEFE001FC76B /* LDRRequest+PinRemoveTests.swift in Sources */,
				E62A73DC25EE646C00E79F24 /* LDRRequest+UnreadTests.swift in Sources */,
				E6EE203225F8EF5C00DBF887 /* LDR+Tests.swift in Sources */,
				E62A73B925EE53EC00E79F24 /* LDRRequest+PinAllTests.swift in Sources */,
				E62A739925EE4B3E00E79F24 /* LDRRequest+LoginTests.swift in Sources */,
				E65DBEF225F9FB7700F7D074 /* LDRFeedUnreadTests.swift in Sources */,
				E678DECB25E8E2C6009C75E5 /* LDRRequest+SessionTests.swift in Sources */,
				E6D19BF025EFA8F2001FC76B /* LDRRequest+TouchAllTests.swift in Sources */,
				E65DBEFC25F9FE7C00F7D074 /* LDRPinTests.swift in Sources */,
				E6D19BF825EFAD4B001FC76B /* LDRRequest+PinAddTests.swift in Sources */,
				E6EE202B25F8EEC200DBF887 /* LDRFeedSubsUnreadTests.swift in Sources */,
				E62A73CC25EE60A300E79F24 /* LDRRequest+SubsTests.swift in Sources */,
			);
			runOnlyForDeploymentPostprocessing = 0;
		};
		E6C8E61D23E52460004F410D /* Sources */ = {
			isa = PBXSourcesBuildPhase;
			buildActionMask = 2147483647;
			files = (
				E6E8D4B825F3C6C200F71D10 /* LDR.swift in Sources */,
				E62F726625F2687300AC90D7 /* LDRRequest+PinAll.swift in Sources */,
				E62F726225F267C300AC90D7 /* LDRPin.swift in Sources */,
				E62F725E25F267BB00AC90D7 /* LDRStorageProvider.swift in Sources */,
				E62F725825F267B100AC90D7 /* LDRCoreData.xcdatamodeld in Sources */,
				E62F725925F267B100AC90D7 /* LDRCoreData3.xcmappingmodel in Sources */,
				E62F725A25F267B100AC90D7 /* LDRCoreData2.xcmappingmodel in Sources */,
				E66AD21525E797A90099D5B4 /* LDRURLSession.swift in Sources */,
				E66AD21225E797990099D5B4 /* LDRRequest.swift in Sources */,
				E66AD20F25E7977B0099D5B4 /* LDRRequest+PinAdd.swift in Sources */,
				E6541CC925E78E8400746F2E /* HTTPCookieStorage+Cookie.swift in Sources */,
				E6541CC225E78E5D00746F2E /* Dictionary+HTTPBody.swift in Sources */,
				E6541CA025E78C8000746F2E /* URL+LDR.swift in Sources */,
				E6541C9B25E78C6800746F2E /* LDRError.swift in Sources */,
				E6541C9C25E78C6800746F2E /* LDRApi.swift in Sources */,
				E6541C9D25E78C6800746F2E /* LDRKeychain.swift in Sources */,
				E678DEDC25E8EA8A009C75E5 /* LDRRequest+HTMLTitle.swift in Sources */,
				E6C8E62623E52460004F410D /* LDRAddPinViewController.swift in Sources */,
			);
			runOnlyForDeploymentPostprocessing = 0;
		};
/* End PBXSourcesBuildPhase section */

/* Begin PBXTargetDependency section */
		E65E9D0C25F7A37D00FFBA46 /* PBXTargetDependency */ = {
			isa = PBXTargetDependency;
			target = E6690C4F1F5E537D0065B7B5 /* ladder-client */;
			targetProxy = E65E9D0B25F7A37D00FFBA46 /* PBXContainerItemProxy */;
		};
		E65E9D5D25F7A3C000FFBA46 /* PBXTargetDependency */ = {
			isa = PBXTargetDependency;
			target = E6C8E62023E52460004F410D /* app-extension */;
			targetProxy = E65E9D5C25F7A3C000FFBA46 /* PBXContainerItemProxy */;
		};
		E678DECE25E8E2C6009C75E5 /* PBXTargetDependency */ = {
			isa = PBXTargetDependency;
			platformFilter = ios;
			target = E6690C4F1F5E537D0065B7B5 /* ladder-client */;
			targetProxy = E678DECD25E8E2C6009C75E5 /* PBXContainerItemProxy */;
		};
		E678DF1125E907B1009C75E5 /* PBXTargetDependency */ = {
			isa = PBXTargetDependency;
			target = E6C8E62023E52460004F410D /* app-extension */;
			targetProxy = E678DF1025E907B1009C75E5 /* PBXContainerItemProxy */;
		};
		E6C8E62C23E52460004F410D /* PBXTargetDependency */ = {
			isa = PBXTargetDependency;
			target = E6C8E62023E52460004F410D /* app-extension */;
			targetProxy = E6C8E62B23E52460004F410D /* PBXContainerItemProxy */;
		};
/* End PBXTargetDependency section */

/* Begin PBXVariantGroup section */
		E6C8E62723E52460004F410D /* MainInterface.storyboard */ = {
			isa = PBXVariantGroup;
			children = (
				E6C8E62823E52460004F410D /* Base */,
			);
			name = MainInterface.storyboard;
			sourceTree = "<group>";
		};
/* End PBXVariantGroup section */

/* Begin XCBuildConfiguration section */
		E61EDA872600D3B200D8D4D3 /* adhoc */ = {
			isa = XCBuildConfiguration;
			buildSettings = {
				ALWAYS_SEARCH_USER_PATHS = NO;
				CLANG_ANALYZER_LOCALIZABILITY_NONLOCALIZED = YES;
				CLANG_ANALYZER_NONNULL = YES;
				CLANG_ANALYZER_NUMBER_OBJECT_CONVERSION = YES_AGGRESSIVE;
				CLANG_CXX_LANGUAGE_STANDARD = "gnu++0x";
				CLANG_CXX_LIBRARY = "libc++";
				CLANG_ENABLE_CODE_COVERAGE = YES;
				CLANG_ENABLE_MODULES = YES;
				CLANG_ENABLE_OBJC_ARC = YES;
				CLANG_WARN_BLOCK_CAPTURE_AUTORELEASING = YES;
				CLANG_WARN_BOOL_CONVERSION = YES;
				CLANG_WARN_COMMA = YES;
				CLANG_WARN_CONSTANT_CONVERSION = YES;
				CLANG_WARN_DEPRECATED_OBJC_IMPLEMENTATIONS = YES;
				CLANG_WARN_DIRECT_OBJC_ISA_USAGE = YES_ERROR;
				CLANG_WARN_DOCUMENTATION_COMMENTS = YES;
				CLANG_WARN_EMPTY_BODY = YES;
				CLANG_WARN_ENUM_CONVERSION = YES;
				CLANG_WARN_INFINITE_RECURSION = YES;
				CLANG_WARN_INT_CONVERSION = YES;
				CLANG_WARN_NON_LITERAL_NULL_CONVERSION = YES;
				CLANG_WARN_OBJC_IMPLICIT_RETAIN_SELF = YES;
				CLANG_WARN_OBJC_LITERAL_CONVERSION = YES;
				CLANG_WARN_OBJC_ROOT_CLASS = YES_ERROR;
				CLANG_WARN_QUOTED_INCLUDE_IN_FRAMEWORK_HEADER = YES;
				CLANG_WARN_RANGE_LOOP_ANALYSIS = YES;
				CLANG_WARN_STRICT_PROTOTYPES = YES;
				CLANG_WARN_SUSPICIOUS_MOVE = YES;
				CLANG_WARN_UNREACHABLE_CODE = YES;
				CLANG_WARN__DUPLICATE_METHOD_MATCH = YES;
				CODE_SIGN_ENTITLEMENTS = "";
				CODE_SIGN_IDENTITY = "Apple Distribution";
				CODE_SIGN_STYLE = Manual;
				COPY_PHASE_STRIP = NO;
				DEBUG_INFORMATION_FORMAT = "dwarf-with-dsym";
				DEVELOPMENT_TEAM = 6RYZ4RB738;
				ENABLE_NS_ASSERTIONS = NO;
				ENABLE_STRICT_OBJC_MSGSEND = YES;
				GCC_C_LANGUAGE_STANDARD = gnu99;
				GCC_NO_COMMON_BLOCKS = YES;
				GCC_WARN_64_TO_32_BIT_CONVERSION = YES;
				GCC_WARN_ABOUT_RETURN_TYPE = YES_ERROR;
				GCC_WARN_UNDECLARED_SELECTOR = YES;
				GCC_WARN_UNINITIALIZED_AUTOS = YES_AGGRESSIVE;
				GCC_WARN_UNUSED_FUNCTION = YES;
				GCC_WARN_UNUSED_VARIABLE = YES;
				HEADER_SEARCH_PATHS = "$(inherited)";
				IPHONEOS_DEPLOYMENT_TARGET = 14.1;
				MTL_ENABLE_DEBUG_INFO = NO;
				SDKROOT = iphoneos;
				SWIFT_COMPILATION_MODE = wholemodule;
				SWIFT_OPTIMIZATION_LEVEL = "-O";
				VALIDATE_PRODUCT = YES;
			};
			name = adhoc;
		};
		E61EDA882600D3B200D8D4D3 /* adhoc */ = {
			isa = XCBuildConfiguration;
			buildSettings = {
				ALWAYS_EMBED_SWIFT_STANDARD_LIBRARIES = YES;
				ASSETCATALOG_COMPILER_APPICON_NAME = AppIcon;
				CLANG_ENABLE_CODE_COVERAGE = YES;
				CLANG_ENABLE_MODULES = YES;
				CODE_SIGN_ENTITLEMENTS = "ladder-client/ladder-client.entitlements";
				CODE_SIGN_IDENTITY = "Apple Distribution";
				CODE_SIGN_STYLE = Manual;
				CURRENT_PROJECT_VERSION = 1.0.17;
				DEVELOPMENT_TEAM = 6RYZ4RB738;
				HEADER_SEARCH_PATHS = (
					"$(inherited)",
					"$(SDKROOT)/usr/include/libxml2",
					"\"$(PODS_ROOT)/ISHTTPOperation/ISHTTPOperation\"",
				);
				INFOPLIST_FILE = "$(SRCROOT)/ladder-client/Resources/Plists/Info.plist";
				IPHONEOS_DEPLOYMENT_TARGET = 14.1;
				LD_RUNPATH_SEARCH_PATHS = (
					"$(inherited)",
					"@executable_path/Frameworks",
				);
				MARKETING_VERSION = 3.0.1;
				OTHER_LDFLAGS = "$(inherited)";
				PRODUCT_BUNDLE_IDENTIFIER = "org.kenzan8000.ladder-client";
				PRODUCT_NAME = "$(TARGET_NAME)";
				PROVISIONING_PROFILE_SPECIFIER = "match AdHoc org.kenzan8000.ladder-client";
				SWIFT_OBJC_BRIDGING_HEADER = "";
				SWIFT_VERSION = 5.0;
			};
			name = adhoc;
		};
		E61EDA892600D3B200D8D4D3 /* adhoc */ = {
			isa = XCBuildConfiguration;
			buildSettings = {
				ASSETCATALOG_COMPILER_APPICON_NAME = AppIcon;
				CLANG_CXX_LANGUAGE_STANDARD = "gnu++14";
				CLANG_ENABLE_CODE_COVERAGE = YES;
				CLANG_ENABLE_OBJC_WEAK = YES;
				CLANG_WARN_UNGUARDED_AVAILABILITY = YES_AGGRESSIVE;
				CODE_SIGN_ENTITLEMENTS = "app-extension/app-extension.entitlements";
				CODE_SIGN_IDENTITY = "Apple Distribution";
				CODE_SIGN_STYLE = Manual;
				CURRENT_PROJECT_VERSION = 1.0.18;
				DEVELOPMENT_ASSET_PATHS = "";
				DEVELOPMENT_TEAM = 6RYZ4RB738;
				GCC_C_LANGUAGE_STANDARD = gnu11;
				INFOPLIST_FILE = "app-extension/Info.plist";
				IPHONEOS_DEPLOYMENT_TARGET = 14.1;
				LD_RUNPATH_SEARCH_PATHS = (
					"$(inherited)",
					"@executable_path/Frameworks",
					"@executable_path/../../Frameworks",
				);
				MARKETING_VERSION = 3.0.1;
				MTL_FAST_MATH = YES;
				PRODUCT_BUNDLE_IDENTIFIER = "org.kenzan8000.ladder-client.app-extension";
				PRODUCT_NAME = "Add the url to \"read later\".";
				PROVISIONING_PROFILE_SPECIFIER = "match AdHoc org.kenzan8000.ladder-client.app-extension";
				SKIP_INSTALL = YES;
				SWIFT_VERSION = 5.0;
				TARGETED_DEVICE_FAMILY = 1;
				TVOS_DEPLOYMENT_TARGET = 13.0;
			};
			name = adhoc;
		};
		E61EDA8A2600D3B200D8D4D3 /* adhoc */ = {
			isa = XCBuildConfiguration;
			buildSettings = {
				BUNDLE_LOADER = "$(TEST_HOST)";
				CLANG_CXX_LANGUAGE_STANDARD = "gnu++14";
				CLANG_ENABLE_OBJC_WEAK = YES;
				CLANG_WARN_QUOTED_INCLUDE_IN_FRAMEWORK_HEADER = YES;
				CLANG_WARN_UNGUARDED_AVAILABILITY = YES_AGGRESSIVE;
				CODE_SIGN_IDENTITY = "Apple Distribution";
				CODE_SIGN_STYLE = Automatic;
				ENABLE_BITCODE = NO;
				GCC_C_LANGUAGE_STANDARD = gnu11;
				INFOPLIST_FILE = "ladder-clientTests/Info.plist";
				IPHONEOS_DEPLOYMENT_TARGET = 14.1;
				LD_RUNPATH_SEARCH_PATHS = (
					"$(inherited)",
					"@executable_path/Frameworks",
					"@loader_path/Frameworks",
				);
				MTL_FAST_MATH = YES;
				PRODUCT_BUNDLE_IDENTIFIER = "org.kenzan8000.ladder-clientTests";
				PRODUCT_NAME = "$(TARGET_NAME)";
				SWIFT_VERSION = 5.0;
				TARGETED_DEVICE_FAMILY = "1,2";
				TEST_HOST = "$(BUILT_PRODUCTS_DIR)/ladder-client.app/ladder-client";
			};
			name = adhoc;
		};
		E61EDA8B2600D3B200D8D4D3 /* adhoc */ = {
			isa = XCBuildConfiguration;
			buildSettings = {
				BUNDLE_LOADER = "$(TEST_HOST)";
				CLANG_CXX_LANGUAGE_STANDARD = "gnu++14";
				CLANG_ENABLE_MODULES = YES;
				CLANG_ENABLE_OBJC_WEAK = YES;
				CLANG_WARN_UNGUARDED_AVAILABILITY = YES_AGGRESSIVE;
				CODE_SIGN_IDENTITY = "Apple Distribution";
				CODE_SIGN_STYLE = Automatic;
				GCC_C_LANGUAGE_STANDARD = gnu11;
				INFOPLIST_FILE = "ladder-clientSnapshotTests/Info.plist";
				IPHONEOS_DEPLOYMENT_TARGET = 14.4;
				LD_RUNPATH_SEARCH_PATHS = (
					"$(inherited)",
					"@executable_path/Frameworks",
					"@loader_path/Frameworks",
				);
				MTL_FAST_MATH = YES;
				PRODUCT_BUNDLE_IDENTIFIER = "org.kenzan8000.ladder-clientSnapshotTests";
				PRODUCT_NAME = "$(TARGET_NAME)";
				SWIFT_VERSION = 5.0;
				TARGETED_DEVICE_FAMILY = "1,2";
				TEST_HOST = "$(BUILT_PRODUCTS_DIR)/ladder-client.app/ladder-client";
			};
			name = adhoc;
		};
		E65E9D0E25F7A37D00FFBA46 /* Debug */ = {
			isa = XCBuildConfiguration;
			buildSettings = {
				BUNDLE_LOADER = "$(TEST_HOST)";
				CLANG_CXX_LANGUAGE_STANDARD = "gnu++14";
				CLANG_ENABLE_MODULES = YES;
				CLANG_ENABLE_OBJC_WEAK = YES;
				CLANG_WARN_UNGUARDED_AVAILABILITY = YES_AGGRESSIVE;
				CODE_SIGN_IDENTITY = "Apple Development";
				CODE_SIGN_STYLE = Automatic;
				GCC_C_LANGUAGE_STANDARD = gnu11;
				INFOPLIST_FILE = "ladder-clientSnapshotTests/Info.plist";
				IPHONEOS_DEPLOYMENT_TARGET = 14.4;
				LD_RUNPATH_SEARCH_PATHS = (
					"$(inherited)",
					"@executable_path/Frameworks",
					"@loader_path/Frameworks",
				);
				MTL_ENABLE_DEBUG_INFO = INCLUDE_SOURCE;
				MTL_FAST_MATH = YES;
				PRODUCT_BUNDLE_IDENTIFIER = "org.kenzan8000.ladder-clientSnapshotTests";
				PRODUCT_NAME = "$(TARGET_NAME)";
				SWIFT_OPTIMIZATION_LEVEL = "-Onone";
				SWIFT_VERSION = 5.0;
				TARGETED_DEVICE_FAMILY = "1,2";
				TEST_HOST = "$(BUILT_PRODUCTS_DIR)/ladder-client.app/ladder-client";
			};
			name = Debug;
		};
		E65E9D0F25F7A37D00FFBA46 /* Release */ = {
			isa = XCBuildConfiguration;
			buildSettings = {
				BUNDLE_LOADER = "$(TEST_HOST)";
				CLANG_CXX_LANGUAGE_STANDARD = "gnu++14";
				CLANG_ENABLE_MODULES = YES;
				CLANG_ENABLE_OBJC_WEAK = YES;
				CLANG_WARN_UNGUARDED_AVAILABILITY = YES_AGGRESSIVE;
				CODE_SIGN_IDENTITY = "Apple Distribution";
				CODE_SIGN_STYLE = Automatic;
				GCC_C_LANGUAGE_STANDARD = gnu11;
				INFOPLIST_FILE = "ladder-clientSnapshotTests/Info.plist";
				IPHONEOS_DEPLOYMENT_TARGET = 14.4;
				LD_RUNPATH_SEARCH_PATHS = (
					"$(inherited)",
					"@executable_path/Frameworks",
					"@loader_path/Frameworks",
				);
				MTL_FAST_MATH = YES;
				PRODUCT_BUNDLE_IDENTIFIER = "org.kenzan8000.ladder-clientSnapshotTests";
				PRODUCT_NAME = "$(TARGET_NAME)";
				SWIFT_VERSION = 5.0;
				TARGETED_DEVICE_FAMILY = "1,2";
				TEST_HOST = "$(BUILT_PRODUCTS_DIR)/ladder-client.app/ladder-client";
			};
			name = Release;
		};
		E6690C601F5E537E0065B7B5 /* Debug */ = {
			isa = XCBuildConfiguration;
			buildSettings = {
				ALWAYS_SEARCH_USER_PATHS = NO;
				CLANG_ANALYZER_LOCALIZABILITY_NONLOCALIZED = YES;
				CLANG_ANALYZER_NONNULL = YES;
				CLANG_ANALYZER_NUMBER_OBJECT_CONVERSION = YES_AGGRESSIVE;
				CLANG_CXX_LANGUAGE_STANDARD = "gnu++0x";
				CLANG_CXX_LIBRARY = "libc++";
				CLANG_ENABLE_CODE_COVERAGE = YES;
				CLANG_ENABLE_MODULES = YES;
				CLANG_ENABLE_OBJC_ARC = YES;
				CLANG_WARN_BLOCK_CAPTURE_AUTORELEASING = YES;
				CLANG_WARN_BOOL_CONVERSION = YES;
				CLANG_WARN_COMMA = YES;
				CLANG_WARN_CONSTANT_CONVERSION = YES;
				CLANG_WARN_DEPRECATED_OBJC_IMPLEMENTATIONS = YES;
				CLANG_WARN_DIRECT_OBJC_ISA_USAGE = YES_ERROR;
				CLANG_WARN_DOCUMENTATION_COMMENTS = YES;
				CLANG_WARN_EMPTY_BODY = YES;
				CLANG_WARN_ENUM_CONVERSION = YES;
				CLANG_WARN_INFINITE_RECURSION = YES;
				CLANG_WARN_INT_CONVERSION = YES;
				CLANG_WARN_NON_LITERAL_NULL_CONVERSION = YES;
				CLANG_WARN_OBJC_IMPLICIT_RETAIN_SELF = YES;
				CLANG_WARN_OBJC_LITERAL_CONVERSION = YES;
				CLANG_WARN_OBJC_ROOT_CLASS = YES_ERROR;
				CLANG_WARN_QUOTED_INCLUDE_IN_FRAMEWORK_HEADER = YES;
				CLANG_WARN_RANGE_LOOP_ANALYSIS = YES;
				CLANG_WARN_STRICT_PROTOTYPES = YES;
				CLANG_WARN_SUSPICIOUS_MOVE = YES;
				CLANG_WARN_UNREACHABLE_CODE = YES;
				CLANG_WARN__DUPLICATE_METHOD_MATCH = YES;
				CODE_SIGN_ENTITLEMENTS = "";
				CODE_SIGN_IDENTITY = "Apple Development";
				CODE_SIGN_STYLE = Automatic;
				COPY_PHASE_STRIP = NO;
				DEBUG_INFORMATION_FORMAT = dwarf;
				DEVELOPMENT_TEAM = 6RYZ4RB738;
				ENABLE_STRICT_OBJC_MSGSEND = YES;
				ENABLE_TESTABILITY = YES;
				GCC_C_LANGUAGE_STANDARD = gnu99;
				GCC_DYNAMIC_NO_PIC = NO;
				GCC_NO_COMMON_BLOCKS = YES;
				GCC_OPTIMIZATION_LEVEL = 0;
				GCC_PREPROCESSOR_DEFINITIONS = (
					"DEBUG=1",
					"$(inherited)",
				);
				GCC_WARN_64_TO_32_BIT_CONVERSION = YES;
				GCC_WARN_ABOUT_RETURN_TYPE = YES_ERROR;
				GCC_WARN_UNDECLARED_SELECTOR = YES;
				GCC_WARN_UNINITIALIZED_AUTOS = YES_AGGRESSIVE;
				GCC_WARN_UNUSED_FUNCTION = YES;
				GCC_WARN_UNUSED_VARIABLE = YES;
				HEADER_SEARCH_PATHS = "$(inherited)";
				IPHONEOS_DEPLOYMENT_TARGET = 14.1;
				MTL_ENABLE_DEBUG_INFO = YES;
				ONLY_ACTIVE_ARCH = YES;
				SDKROOT = iphoneos;
				SWIFT_ACTIVE_COMPILATION_CONDITIONS = DEBUG;
				SWIFT_OPTIMIZATION_LEVEL = "-Onone";
			};
			name = Debug;
		};
		E6690C611F5E537E0065B7B5 /* Release */ = {
			isa = XCBuildConfiguration;
			buildSettings = {
				ALWAYS_SEARCH_USER_PATHS = NO;
				CLANG_ANALYZER_LOCALIZABILITY_NONLOCALIZED = YES;
				CLANG_ANALYZER_NONNULL = YES;
				CLANG_ANALYZER_NUMBER_OBJECT_CONVERSION = YES_AGGRESSIVE;
				CLANG_CXX_LANGUAGE_STANDARD = "gnu++0x";
				CLANG_CXX_LIBRARY = "libc++";
				CLANG_ENABLE_CODE_COVERAGE = YES;
				CLANG_ENABLE_MODULES = YES;
				CLANG_ENABLE_OBJC_ARC = YES;
				CLANG_WARN_BLOCK_CAPTURE_AUTORELEASING = YES;
				CLANG_WARN_BOOL_CONVERSION = YES;
				CLANG_WARN_COMMA = YES;
				CLANG_WARN_CONSTANT_CONVERSION = YES;
				CLANG_WARN_DEPRECATED_OBJC_IMPLEMENTATIONS = YES;
				CLANG_WARN_DIRECT_OBJC_ISA_USAGE = YES_ERROR;
				CLANG_WARN_DOCUMENTATION_COMMENTS = YES;
				CLANG_WARN_EMPTY_BODY = YES;
				CLANG_WARN_ENUM_CONVERSION = YES;
				CLANG_WARN_INFINITE_RECURSION = YES;
				CLANG_WARN_INT_CONVERSION = YES;
				CLANG_WARN_NON_LITERAL_NULL_CONVERSION = YES;
				CLANG_WARN_OBJC_IMPLICIT_RETAIN_SELF = YES;
				CLANG_WARN_OBJC_LITERAL_CONVERSION = YES;
				CLANG_WARN_OBJC_ROOT_CLASS = YES_ERROR;
				CLANG_WARN_QUOTED_INCLUDE_IN_FRAMEWORK_HEADER = YES;
				CLANG_WARN_RANGE_LOOP_ANALYSIS = YES;
				CLANG_WARN_STRICT_PROTOTYPES = YES;
				CLANG_WARN_SUSPICIOUS_MOVE = YES;
				CLANG_WARN_UNREACHABLE_CODE = YES;
				CLANG_WARN__DUPLICATE_METHOD_MATCH = YES;
				CODE_SIGN_ENTITLEMENTS = "";
				CODE_SIGN_IDENTITY = "Apple Distribution";
				CODE_SIGN_STYLE = Manual;
				COPY_PHASE_STRIP = NO;
				DEBUG_INFORMATION_FORMAT = "dwarf-with-dsym";
				DEVELOPMENT_TEAM = 6RYZ4RB738;
				ENABLE_NS_ASSERTIONS = NO;
				ENABLE_STRICT_OBJC_MSGSEND = YES;
				GCC_C_LANGUAGE_STANDARD = gnu99;
				GCC_NO_COMMON_BLOCKS = YES;
				GCC_WARN_64_TO_32_BIT_CONVERSION = YES;
				GCC_WARN_ABOUT_RETURN_TYPE = YES_ERROR;
				GCC_WARN_UNDECLARED_SELECTOR = YES;
				GCC_WARN_UNINITIALIZED_AUTOS = YES_AGGRESSIVE;
				GCC_WARN_UNUSED_FUNCTION = YES;
				GCC_WARN_UNUSED_VARIABLE = YES;
				HEADER_SEARCH_PATHS = "$(inherited)";
				IPHONEOS_DEPLOYMENT_TARGET = 14.1;
				MTL_ENABLE_DEBUG_INFO = NO;
				SDKROOT = iphoneos;
				SWIFT_COMPILATION_MODE = wholemodule;
				SWIFT_OPTIMIZATION_LEVEL = "-O";
				VALIDATE_PRODUCT = YES;
			};
			name = Release;
		};
		E6690C631F5E537E0065B7B5 /* Debug */ = {
			isa = XCBuildConfiguration;
			buildSettings = {
				ALWAYS_EMBED_SWIFT_STANDARD_LIBRARIES = YES;
				ASSETCATALOG_COMPILER_APPICON_NAME = AppIcon;
				CLANG_ENABLE_CODE_COVERAGE = YES;
				CLANG_ENABLE_MODULES = YES;
				CODE_SIGN_ENTITLEMENTS = "ladder-client/ladder-client.entitlements";
				CODE_SIGN_IDENTITY = "Apple Development";
				CODE_SIGN_STYLE = Automatic;
				CURRENT_PROJECT_VERSION = 1.0.17;
				DEBUG_INFORMATION_FORMAT = dwarf;
				DEVELOPMENT_TEAM = 6RYZ4RB738;
				HEADER_SEARCH_PATHS = (
					"$(inherited)",
					"$(SDKROOT)/usr/include/libxml2",
					"\"$(PODS_ROOT)/ISHTTPOperation/ISHTTPOperation\"",
				);
				INFOPLIST_FILE = "$(SRCROOT)/ladder-client/Resources/Plists/Info.plist";
				IPHONEOS_DEPLOYMENT_TARGET = 14.1;
				LD_RUNPATH_SEARCH_PATHS = (
					"$(inherited)",
					"@executable_path/Frameworks",
				);
				MARKETING_VERSION = 3.0.1;
				OTHER_LDFLAGS = "$(inherited)";
				PRODUCT_BUNDLE_IDENTIFIER = "org.kenzan8000.ladder-client";
				PRODUCT_NAME = "$(TARGET_NAME)";
				PROVISIONING_PROFILE_SPECIFIER = "";
				SWIFT_OBJC_BRIDGING_HEADER = "";
				SWIFT_OPTIMIZATION_LEVEL = "-Onone";
				SWIFT_VERSION = 5.0;
			};
			name = Debug;
		};
		E6690C641F5E537E0065B7B5 /* Release */ = {
			isa = XCBuildConfiguration;
			buildSettings = {
				ALWAYS_EMBED_SWIFT_STANDARD_LIBRARIES = YES;
				ASSETCATALOG_COMPILER_APPICON_NAME = AppIcon;
				CLANG_ENABLE_CODE_COVERAGE = YES;
				CLANG_ENABLE_MODULES = YES;
				CODE_SIGN_ENTITLEMENTS = "ladder-client/ladder-client.entitlements";
				CODE_SIGN_IDENTITY = "Apple Distribution";
				CODE_SIGN_STYLE = Manual;
				CURRENT_PROJECT_VERSION = 1.0.17;
				DEVELOPMENT_TEAM = 6RYZ4RB738;
				HEADER_SEARCH_PATHS = (
					"$(inherited)",
					"$(SDKROOT)/usr/include/libxml2",
					"\"$(PODS_ROOT)/ISHTTPOperation/ISHTTPOperation\"",
				);
				INFOPLIST_FILE = "$(SRCROOT)/ladder-client/Resources/Plists/Info.plist";
				IPHONEOS_DEPLOYMENT_TARGET = 14.1;
				LD_RUNPATH_SEARCH_PATHS = (
					"$(inherited)",
					"@executable_path/Frameworks",
				);
				MARKETING_VERSION = 3.0.1;
				OTHER_LDFLAGS = "$(inherited)";
				PRODUCT_BUNDLE_IDENTIFIER = "org.kenzan8000.ladder-client";
				PRODUCT_NAME = "$(TARGET_NAME)";
				PROVISIONING_PROFILE_SPECIFIER = "match AppStore org.kenzan8000.ladder-client";
				SWIFT_OBJC_BRIDGING_HEADER = "";
				SWIFT_VERSION = 5.0;
			};
			name = Release;
		};
		E678DECF25E8E2C6009C75E5 /* Debug */ = {
			isa = XCBuildConfiguration;
			buildSettings = {
				BUNDLE_LOADER = "$(TEST_HOST)";
				CLANG_CXX_LANGUAGE_STANDARD = "gnu++14";
				CLANG_ENABLE_OBJC_WEAK = YES;
				CLANG_WARN_QUOTED_INCLUDE_IN_FRAMEWORK_HEADER = YES;
				CLANG_WARN_UNGUARDED_AVAILABILITY = YES_AGGRESSIVE;
				CODE_SIGN_IDENTITY = "Apple Development";
				CODE_SIGN_STYLE = Automatic;
				DEVELOPMENT_TEAM = 6RYZ4RB738;
				ENABLE_BITCODE = NO;
				GCC_C_LANGUAGE_STANDARD = gnu11;
				INFOPLIST_FILE = "ladder-clientTests/Info.plist";
				IPHONEOS_DEPLOYMENT_TARGET = 14.1;
				LD_RUNPATH_SEARCH_PATHS = (
					"$(inherited)",
					"@executable_path/Frameworks",
					"@loader_path/Frameworks",
				);
				MTL_ENABLE_DEBUG_INFO = INCLUDE_SOURCE;
				MTL_FAST_MATH = YES;
				PRODUCT_BUNDLE_IDENTIFIER = "org.kenzan8000.ladder-clientTests";
				PRODUCT_NAME = "$(TARGET_NAME)";
				PROVISIONING_PROFILE_SPECIFIER = "";
				SWIFT_VERSION = 5.0;
				TARGETED_DEVICE_FAMILY = "1,2";
				TEST_HOST = "$(BUILT_PRODUCTS_DIR)/ladder-client.app/ladder-client";
			};
			name = Debug;
		};
		E678DED025E8E2C6009C75E5 /* Release */ = {
			isa = XCBuildConfiguration;
			buildSettings = {
				BUNDLE_LOADER = "$(TEST_HOST)";
				CLANG_CXX_LANGUAGE_STANDARD = "gnu++14";
				CLANG_ENABLE_OBJC_WEAK = YES;
				CLANG_WARN_QUOTED_INCLUDE_IN_FRAMEWORK_HEADER = YES;
				CLANG_WARN_UNGUARDED_AVAILABILITY = YES_AGGRESSIVE;
				CODE_SIGN_IDENTITY = "Apple Distribution";
				CODE_SIGN_STYLE = Automatic;
				ENABLE_BITCODE = NO;
				GCC_C_LANGUAGE_STANDARD = gnu11;
				INFOPLIST_FILE = "ladder-clientTests/Info.plist";
				IPHONEOS_DEPLOYMENT_TARGET = 14.1;
				LD_RUNPATH_SEARCH_PATHS = (
					"$(inherited)",
					"@executable_path/Frameworks",
					"@loader_path/Frameworks",
				);
				MTL_FAST_MATH = YES;
				PRODUCT_BUNDLE_IDENTIFIER = "org.kenzan8000.ladder-clientTests";
				PRODUCT_NAME = "$(TARGET_NAME)";
				SWIFT_VERSION = 5.0;
				TARGETED_DEVICE_FAMILY = "1,2";
				TEST_HOST = "$(BUILT_PRODUCTS_DIR)/ladder-client.app/ladder-client";
			};
			name = Release;
		};
		E6C8E62F23E52460004F410D /* Debug */ = {
			isa = XCBuildConfiguration;
			buildSettings = {
				ASSETCATALOG_COMPILER_APPICON_NAME = AppIcon;
				CLANG_CXX_LANGUAGE_STANDARD = "gnu++14";
				CLANG_ENABLE_CODE_COVERAGE = YES;
				CLANG_ENABLE_OBJC_WEAK = YES;
				CLANG_WARN_UNGUARDED_AVAILABILITY = YES_AGGRESSIVE;
				CODE_SIGN_ENTITLEMENTS = "app-extension/app-extension.entitlements";
				CODE_SIGN_IDENTITY = "Apple Development";
				CODE_SIGN_STYLE = Automatic;
				CURRENT_PROJECT_VERSION = 1.0.18;
				DEVELOPMENT_ASSET_PATHS = "";
				DEVELOPMENT_TEAM = 6RYZ4RB738;
				GCC_C_LANGUAGE_STANDARD = gnu11;
				INFOPLIST_FILE = "app-extension/Info.plist";
				IPHONEOS_DEPLOYMENT_TARGET = 14.1;
				LD_RUNPATH_SEARCH_PATHS = (
					"$(inherited)",
					"@executable_path/Frameworks",
					"@executable_path/../../Frameworks",
				);
				MARKETING_VERSION = 3.0.1;
				MTL_ENABLE_DEBUG_INFO = INCLUDE_SOURCE;
				MTL_FAST_MATH = YES;
				PRODUCT_BUNDLE_IDENTIFIER = "org.kenzan8000.ladder-client.app-extension";
				PRODUCT_NAME = "Add the url to \"read later\".";
				SKIP_INSTALL = YES;
				SWIFT_VERSION = 5.0;
				TARGETED_DEVICE_FAMILY = 1;
				TVOS_DEPLOYMENT_TARGET = 13.0;
			};
			name = Debug;
		};
		E6C8E63023E52460004F410D /* Release */ = {
			isa = XCBuildConfiguration;
			buildSettings = {
				ASSETCATALOG_COMPILER_APPICON_NAME = AppIcon;
				CLANG_CXX_LANGUAGE_STANDARD = "gnu++14";
				CLANG_ENABLE_CODE_COVERAGE = YES;
				CLANG_ENABLE_OBJC_WEAK = YES;
				CLANG_WARN_UNGUARDED_AVAILABILITY = YES_AGGRESSIVE;
				CODE_SIGN_ENTITLEMENTS = "app-extension/app-extension.entitlements";
				CODE_SIGN_IDENTITY = "Apple Distribution";
				CODE_SIGN_STYLE = Manual;
				CURRENT_PROJECT_VERSION = 1.0.18;
				DEVELOPMENT_ASSET_PATHS = "";
				DEVELOPMENT_TEAM = 6RYZ4RB738;
				GCC_C_LANGUAGE_STANDARD = gnu11;
				INFOPLIST_FILE = "app-extension/Info.plist";
				IPHONEOS_DEPLOYMENT_TARGET = 14.1;
				LD_RUNPATH_SEARCH_PATHS = (
					"$(inherited)",
					"@executable_path/Frameworks",
					"@executable_path/../../Frameworks",
				);
				MARKETING_VERSION = 3.0.1;
				MTL_FAST_MATH = YES;
				PRODUCT_BUNDLE_IDENTIFIER = "org.kenzan8000.ladder-client.app-extension";
				PRODUCT_NAME = "Add the url to \"read later\".";
				PROVISIONING_PROFILE_SPECIFIER = "match AppStore org.kenzan8000.ladder-client.app-extension";
				SKIP_INSTALL = YES;
				SWIFT_VERSION = 5.0;
				TARGETED_DEVICE_FAMILY = 1;
				TVOS_DEPLOYMENT_TARGET = 13.0;
			};
			name = Release;
		};
/* End XCBuildConfiguration section */

/* Begin XCConfigurationList section */
		E65E9D0D25F7A37D00FFBA46 /* Build configuration list for PBXNativeTarget "ladder-clientSnapshotTests" */ = {
			isa = XCConfigurationList;
			buildConfigurations = (
				E65E9D0E25F7A37D00FFBA46 /* Debug */,
				E65E9D0F25F7A37D00FFBA46 /* Release */,
				E61EDA8B2600D3B200D8D4D3 /* adhoc */,
			);
			defaultConfigurationIsVisible = 0;
			defaultConfigurationName = Release;
		};
		E6690C4B1F5E537D0065B7B5 /* Build configuration list for PBXProject "ladder-client" */ = {
			isa = XCConfigurationList;
			buildConfigurations = (
				E6690C601F5E537E0065B7B5 /* Debug */,
				E6690C611F5E537E0065B7B5 /* Release */,
				E61EDA872600D3B200D8D4D3 /* adhoc */,
			);
			defaultConfigurationIsVisible = 0;
			defaultConfigurationName = Release;
		};
		E6690C621F5E537E0065B7B5 /* Build configuration list for PBXNativeTarget "ladder-client" */ = {
			isa = XCConfigurationList;
			buildConfigurations = (
				E6690C631F5E537E0065B7B5 /* Debug */,
				E6690C641F5E537E0065B7B5 /* Release */,
				E61EDA882600D3B200D8D4D3 /* adhoc */,
			);
			defaultConfigurationIsVisible = 0;
			defaultConfigurationName = Release;
		};
		E678DED125E8E2C6009C75E5 /* Build configuration list for PBXNativeTarget "ladder-clientTests" */ = {
			isa = XCConfigurationList;
			buildConfigurations = (
				E678DECF25E8E2C6009C75E5 /* Debug */,
				E678DED025E8E2C6009C75E5 /* Release */,
				E61EDA8A2600D3B200D8D4D3 /* adhoc */,
			);
			defaultConfigurationIsVisible = 0;
			defaultConfigurationName = Release;
		};
		E6C8E62E23E52460004F410D /* Build configuration list for PBXNativeTarget "app-extension" */ = {
			isa = XCConfigurationList;
			buildConfigurations = (
				E6C8E62F23E52460004F410D /* Debug */,
				E6C8E63023E52460004F410D /* Release */,
				E61EDA892600D3B200D8D4D3 /* adhoc */,
			);
			defaultConfigurationIsVisible = 0;
			defaultConfigurationName = Release;
		};
/* End XCConfigurationList section */

/* Begin XCRemoteSwiftPackageReference section */
		E6572DCD25E778C700C0F18C /* XCRemoteSwiftPackageReference "HTMLReader" */ = {
			isa = XCRemoteSwiftPackageReference;
			repositoryURL = "https://github.com/nolanw/HTMLReader.git";
			requirement = {
				kind = upToNextMajorVersion;
				minimumVersion = 2.1.5;
			};
		};
		E6572DD225E778E200C0F18C /* XCRemoteSwiftPackageReference "KeychainAccess" */ = {
			isa = XCRemoteSwiftPackageReference;
			repositoryURL = "https://github.com/kishikawakatsumi/KeychainAccess.git";
			requirement = {
				kind = upToNextMajorVersion;
				minimumVersion = 4.2.1;
			};
		};
		E65E9D5E25F7A3DC00FFBA46 /* XCRemoteSwiftPackageReference "swift-snapshot-testing" */ = {
			isa = XCRemoteSwiftPackageReference;
			repositoryURL = "https://github.com/pointfreeco/swift-snapshot-testing.git";
			requirement = {
				kind = upToNextMajorVersion;
				minimumVersion = 1.8.2;
			};
		};
/* End XCRemoteSwiftPackageReference section */

/* Begin XCSwiftPackageProductDependency section */
		E6572DCE25E778C700C0F18C /* HTMLReader */ = {
			isa = XCSwiftPackageProductDependency;
			package = E6572DCD25E778C700C0F18C /* XCRemoteSwiftPackageReference "HTMLReader" */;
			productName = HTMLReader;
		};
		E6572DD325E778E200C0F18C /* KeychainAccess */ = {
			isa = XCSwiftPackageProductDependency;
			package = E6572DD225E778E200C0F18C /* XCRemoteSwiftPackageReference "KeychainAccess" */;
			productName = KeychainAccess;
		};
		E6572DE225E77A4200C0F18C /* KeychainAccess */ = {
			isa = XCSwiftPackageProductDependency;
			package = E6572DD225E778E200C0F18C /* XCRemoteSwiftPackageReference "KeychainAccess" */;
			productName = KeychainAccess;
		};
		E65E9D5F25F7A3DC00FFBA46 /* SnapshotTesting */ = {
			isa = XCSwiftPackageProductDependency;
			package = E65E9D5E25F7A3DC00FFBA46 /* XCRemoteSwiftPackageReference "swift-snapshot-testing" */;
			productName = SnapshotTesting;
		};
		E66AD21A25E7CBAC0099D5B4 /* HTMLReader */ = {
			isa = XCSwiftPackageProductDependency;
			package = E6572DCD25E778C700C0F18C /* XCRemoteSwiftPackageReference "HTMLReader" */;
			productName = HTMLReader;
		};
/* End XCSwiftPackageProductDependency section */

/* Begin XCVersionGroup section */
		E6E8501D25ECD74800B98046 /* LDRCoreData.xcdatamodeld */ = {
			isa = XCVersionGroup;
			children = (
				E64D046C25F0F8A800654902 /* LDRCoreData 3.xcdatamodel */,
				E6CC19EB25F0C6F400D16D9C /* LDRCoreData 2.xcdatamodel */,
				E6E8501E25ECD74800B98046 /* LDRCoreData.xcdatamodel */,
			);
			currentVersion = E64D046C25F0F8A800654902 /* LDRCoreData 3.xcdatamodel */;
			path = LDRCoreData.xcdatamodeld;
			sourceTree = "<group>";
			versionGroupType = wrapper.xcdatamodel;
		};
/* End XCVersionGroup section */
	};
	rootObject = E6690C481F5E537D0065B7B5 /* Project object */;
}
