// !$*UTF8*$!
{
	archiveVersion = 1;
	classes = {
	};
	objectVersion = 54;
	objects = {

/* Begin PBXBuildFile section */
		E60230C11F5E54860052F762 /* Assets.xcassets in Resources */ = {isa = PBXBuildFile; fileRef = E60230BE1F5E54860052F762 /* Assets.xcassets */; };
		E60595BC2C1235AF00DC7992 /* PinRowView.swift in Sources */ = {isa = PBXBuildFile; fileRef = E60595BB2C1235AF00DC7992 /* PinRowView.swift */; };
		E60595BE2C12366400DC7992 /* PinRowViewModel.swift in Sources */ = {isa = PBXBuildFile; fileRef = E60595BD2C12366400DC7992 /* PinRowViewModel.swift */; };
		E60595C02C123D7300DC7992 /* RootServiceProtocol.swift in Sources */ = {isa = PBXBuildFile; fileRef = E60595BF2C123D7300DC7992 /* RootServiceProtocol.swift */; };
		E60595C22C12406800DC7992 /* FeedServiceProtocol.swift in Sources */ = {isa = PBXBuildFile; fileRef = E60595C12C12406700DC7992 /* FeedServiceProtocol.swift */; };
		E60595C42C12408F00DC7992 /* FeedService.swift in Sources */ = {isa = PBXBuildFile; fileRef = E60595C32C12408F00DC7992 /* FeedService.swift */; };
		E60595C62C12438000DC7992 /* PinStorageProtocol.swift in Sources */ = {isa = PBXBuildFile; fileRef = E60595C52C12438000DC7992 /* PinStorageProtocol.swift */; };
		E60595C82C1245A600DC7992 /* PinStorage.swift in Sources */ = {isa = PBXBuildFile; fileRef = E60595C72C1245A600DC7992 /* PinStorage.swift */; };
		E64469B12C18AFFD0062363F /* FeedNetworkingProtocol.swift in Sources */ = {isa = PBXBuildFile; fileRef = E64469B02C18AFFD0062363F /* FeedNetworkingProtocol.swift */; };
		E64469B32C18B85E0062363F /* FeedNetworking.swift in Sources */ = {isa = PBXBuildFile; fileRef = E64469B22C18B85E0062363F /* FeedNetworking.swift */; };
		E64F82D9234076C30054D0A1 /* Launch Screen.storyboard in Resources */ = {isa = PBXBuildFile; fileRef = E64F82D8234076C30054D0A1 /* Launch Screen.storyboard */; };
		E6572DCF25E778C700C0F18C /* HTMLReader in Frameworks */ = {isa = PBXBuildFile; productRef = E6572DCE25E778C700C0F18C /* HTMLReader */; };
		E6572DD425E778E200C0F18C /* KeychainAccess in Frameworks */ = {isa = PBXBuildFile; productRef = E6572DD325E778E200C0F18C /* KeychainAccess */; };
		E6632C1E2C178F5B00E91C64 /* SafariView.swift in Sources */ = {isa = PBXBuildFile; fileRef = E6632C1D2C178F5B00E91C64 /* SafariView.swift */; };
		E6632C202C179C7100E91C64 /* NetworkingResponse.swift in Sources */ = {isa = PBXBuildFile; fileRef = E6632C1F2C179C7100E91C64 /* NetworkingResponse.swift */; };
		E66DFE1A24A8B95000790F8B /* RootTabView.swift in Sources */ = {isa = PBXBuildFile; fileRef = E66DFE1924A8B95000790F8B /* RootTabView.swift */; };
		E67485D82BE0324200DDE19C /* Padding.swift in Sources */ = {isa = PBXBuildFile; fileRef = E67485D72BE0324200DDE19C /* Padding.swift */; };
		E67485DA2BE032E300DDE19C /* CornerRadius.swift in Sources */ = {isa = PBXBuildFile; fileRef = E67485D92BE032E300DDE19C /* CornerRadius.swift */; };
		E67485DE2BE6D46400DDE19C /* SignInTextFieldStateModifier.swift in Sources */ = {isa = PBXBuildFile; fileRef = E67485DD2BE6D46400DDE19C /* SignInTextFieldStateModifier.swift */; };
		E67485E22BE6E8DE00DDE19C /* KeychainProtocol.swift in Sources */ = {isa = PBXBuildFile; fileRef = E67485E12BE6E8DE00DDE19C /* KeychainProtocol.swift */; };
		E6794F0C2BE7F75200A52138 /* CookieStorageMock.swift in Sources */ = {isa = PBXBuildFile; fileRef = E6794F0B2BE7F75200A52138 /* CookieStorageMock.swift */; };
		E6794F0F2BE7F7E700A52138 /* KeychainMock.swift in Sources */ = {isa = PBXBuildFile; fileRef = E6794F0E2BE7F7E700A52138 /* KeychainMock.swift */; };
		E687EB722C18E1420093CDE0 /* FeedStorageProtocol.swift in Sources */ = {isa = PBXBuildFile; fileRef = E687EB712C18E1420093CDE0 /* FeedStorageProtocol.swift */; };
		E687EB742C18E17B0093CDE0 /* FeedStorage.swift in Sources */ = {isa = PBXBuildFile; fileRef = E687EB732C18E17B0093CDE0 /* FeedStorage.swift */; };
		E687EB762C18E1B20093CDE0 /* Feed.swift in Sources */ = {isa = PBXBuildFile; fileRef = E687EB752C18E1B20093CDE0 /* Feed.swift */; };
		E687EB782C18E4510093CDE0 /* FeedListView.swift in Sources */ = {isa = PBXBuildFile; fileRef = E687EB772C18E4510093CDE0 /* FeedListView.swift */; };
		E687EB7A2C18E49F0093CDE0 /* FeedListViewModel.swift in Sources */ = {isa = PBXBuildFile; fileRef = E687EB792C18E49F0093CDE0 /* FeedListViewModel.swift */; };
		E687EB7C2C18E5170093CDE0 /* FeedRowView.swift in Sources */ = {isa = PBXBuildFile; fileRef = E687EB7B2C18E5170093CDE0 /* FeedRowView.swift */; };
		E687EB7E2C18E5700093CDE0 /* FeedRowViewModel.swift in Sources */ = {isa = PBXBuildFile; fileRef = E687EB7D2C18E5700093CDE0 /* FeedRowViewModel.swift */; };
		E69543F92C07D5B5003ED85E /* RootSignInButtonView.swift in Sources */ = {isa = PBXBuildFile; fileRef = E69543F82C07D5B5003ED85E /* RootSignInButtonView.swift */; };
		E69543FB2C07D695003ED85E /* RootSignInButtonViewModel.swift in Sources */ = {isa = PBXBuildFile; fileRef = E69543FA2C07D695003ED85E /* RootSignInButtonViewModel.swift */; };
		E69543FD2C07D999003ED85E /* RootLoadButtonView.swift in Sources */ = {isa = PBXBuildFile; fileRef = E69543FC2C07D999003ED85E /* RootLoadButtonView.swift */; };
		E69543FF2C07DA64003ED85E /* RootLoadButtonViewModel.swift in Sources */ = {isa = PBXBuildFile; fileRef = E69543FE2C07DA64003ED85E /* RootLoadButtonViewModel.swift */; };
		E6987DA32BE7ED1200B5BBC7 /* SignInServiceTests.swift in Sources */ = {isa = PBXBuildFile; fileRef = E6987DA22BE7ED1200B5BBC7 /* SignInServiceTests.swift */; };
		E6987DA52BE7F1EF00B5BBC7 /* SignInNetworkingMock.swift in Sources */ = {isa = PBXBuildFile; fileRef = E6987DA42BE7F1EF00B5BBC7 /* SignInNetworkingMock.swift */; };
		E6AA1A5A2BE7BCAC00A240B5 /* ViewAlertModifier.swift in Sources */ = {isa = PBXBuildFile; fileRef = E6AA1A592BE7BCAC00A240B5 /* ViewAlertModifier.swift */; };
		E6ACF0792BF932370004036A /* PinListView.swift in Sources */ = {isa = PBXBuildFile; fileRef = E6ACF0782BF932370004036A /* PinListView.swift */; };
		E6ACF07B2BF932420004036A /* PinListViewModel.swift in Sources */ = {isa = PBXBuildFile; fileRef = E6ACF07A2BF932420004036A /* PinListViewModel.swift */; };
		E6ACF07D2BF933030004036A /* Pin.swift in Sources */ = {isa = PBXBuildFile; fileRef = E6ACF07C2BF933030004036A /* Pin.swift */; };
		E6C413C42BD9982F0094FBA0 /* SignInView.swift in Sources */ = {isa = PBXBuildFile; fileRef = E6C413C32BD9982F0094FBA0 /* SignInView.swift */; };
		E6C413C62BD999280094FBA0 /* SignInNavigationView.swift in Sources */ = {isa = PBXBuildFile; fileRef = E6C413C52BD999280094FBA0 /* SignInNavigationView.swift */; };
		E6C413C82BD9A0870094FBA0 /* SignInRootURLTextFieldView.swift in Sources */ = {isa = PBXBuildFile; fileRef = E6C413C72BD9A0870094FBA0 /* SignInRootURLTextFieldView.swift */; };
		E6C413CA2BD9A1970094FBA0 /* SignInRootURLTextFieldViewModel.swift in Sources */ = {isa = PBXBuildFile; fileRef = E6C413C92BD9A1970094FBA0 /* SignInRootURLTextFieldViewModel.swift */; };
		E6C413CC2BD9A8D10094FBA0 /* SignInUsernameTextFieldView.swift in Sources */ = {isa = PBXBuildFile; fileRef = E6C413CB2BD9A8D10094FBA0 /* SignInUsernameTextFieldView.swift */; };
		E6C413CE2BD9A8FC0094FBA0 /* SignInUsernameTextFieldViewModel.swift in Sources */ = {isa = PBXBuildFile; fileRef = E6C413CD2BD9A8FC0094FBA0 /* SignInUsernameTextFieldViewModel.swift */; };
		E6C413D02BD9AA5F0094FBA0 /* SignInPasswordTextFieldView.swift in Sources */ = {isa = PBXBuildFile; fileRef = E6C413CF2BD9AA5F0094FBA0 /* SignInPasswordTextFieldView.swift */; };
		E6C413D22BD9AA670094FBA0 /* SignInPasswordTextFieldViewModel.swift in Sources */ = {isa = PBXBuildFile; fileRef = E6C413D12BD9AA670094FBA0 /* SignInPasswordTextFieldViewModel.swift */; };
		E6D1EFDD2BE78E80008AA020 /* SignInNetworking.swift in Sources */ = {isa = PBXBuildFile; fileRef = E6D1EFDC2BE78E80008AA020 /* SignInNetworking.swift */; };
		E6D1EFDF2BE78EA1008AA020 /* SignInNetworkingProtocol.swift in Sources */ = {isa = PBXBuildFile; fileRef = E6D1EFDE2BE78EA1008AA020 /* SignInNetworkingProtocol.swift */; };
		E6D1EFE22BE798DA008AA020 /* NetworkingError.swift in Sources */ = {isa = PBXBuildFile; fileRef = E6D1EFE12BE798DA008AA020 /* NetworkingError.swift */; };
		E6D1EFE72BE7A562008AA020 /* SignInService.swift in Sources */ = {isa = PBXBuildFile; fileRef = E6D1EFE62BE7A562008AA020 /* SignInService.swift */; };
		E6D1EFE92BE7A56F008AA020 /* SignInServiceProtocol.swift in Sources */ = {isa = PBXBuildFile; fileRef = E6D1EFE82BE7A56F008AA020 /* SignInServiceProtocol.swift */; };
		E6D1EFEC2BE7ABDF008AA020 /* CookieStorage.swift in Sources */ = {isa = PBXBuildFile; fileRef = E6D1EFEB2BE7ABDF008AA020 /* CookieStorage.swift */; };
		E6D1EFEE2BE7AC5B008AA020 /* CookieStorageProtocol.swift in Sources */ = {isa = PBXBuildFile; fileRef = E6D1EFED2BE7AC5B008AA020 /* CookieStorageProtocol.swift */; };
		E6D485FA2C17A56300149507 /* PinStorageMock.swift in Sources */ = {isa = PBXBuildFile; fileRef = E6D485F92C17A56300149507 /* PinStorageMock.swift */; };
		E6DC985A2BD9B017002EDC02 /* SignInButtonView.swift in Sources */ = {isa = PBXBuildFile; fileRef = E6DC98592BD9B017002EDC02 /* SignInButtonView.swift */; };
		E6DC985C2BD9B021002EDC02 /* SignInButtonViewModel.swift in Sources */ = {isa = PBXBuildFile; fileRef = E6DC985B2BD9B021002EDC02 /* SignInButtonViewModel.swift */; };
		E6EE463E2BD6EDD300273094 /* FeedView.swift in Sources */ = {isa = PBXBuildFile; fileRef = E6EE463D2BD6EDD300273094 /* FeedView.swift */; };
		E6EE46412BD6EFB500273094 /* PinView.swift in Sources */ = {isa = PBXBuildFile; fileRef = E6EE46402BD6EFB500273094 /* PinView.swift */; };
		E6EE46432BD6F38E00273094 /* RootNavigationView.swift in Sources */ = {isa = PBXBuildFile; fileRef = E6EE46422BD6F38E00273094 /* RootNavigationView.swift */; };
		E6EF21B22BDD8A6400A81560 /* Keychain.swift in Sources */ = {isa = PBXBuildFile; fileRef = E6EF21B12BDD8A6400A81560 /* Keychain.swift */; };
		E6EF21B42BDD8B3B00A81560 /* RootTabViewModel.swift in Sources */ = {isa = PBXBuildFile; fileRef = E6EF21B32BDD8B3B00A81560 /* RootTabViewModel.swift */; };
		E6EF21BC2BDD905800A81560 /* RootNavigationViewModel.swift in Sources */ = {isa = PBXBuildFile; fileRef = E6EF21BB2BDD905800A81560 /* RootNavigationViewModel.swift */; };
		E6EF21BE2BDD90C300A81560 /* FeedViewModel.swift in Sources */ = {isa = PBXBuildFile; fileRef = E6EF21BD2BDD90C300A81560 /* FeedViewModel.swift */; };
		E6EF21C02BDD911900A81560 /* PinViewModel.swift in Sources */ = {isa = PBXBuildFile; fileRef = E6EF21BF2BDD911900A81560 /* PinViewModel.swift */; };
		E6EF21C22BDD92C900A81560 /* SignInNavigationViewModel.swift in Sources */ = {isa = PBXBuildFile; fileRef = E6EF21C12BDD92C900A81560 /* SignInNavigationViewModel.swift */; };
		E6EF21C42BDD934F00A81560 /* SignInViewModel.swift in Sources */ = {isa = PBXBuildFile; fileRef = E6EF21C32BDD934F00A81560 /* SignInViewModel.swift */; };
		E6F043832C0CFD4600034F33 /* PinNetworkingProtocol.swift in Sources */ = {isa = PBXBuildFile; fileRef = E6F043822C0CFD4600034F33 /* PinNetworkingProtocol.swift */; };
		E6F043852C0CFDE500034F33 /* PinNetworking.swift in Sources */ = {isa = PBXBuildFile; fileRef = E6F043842C0CFDE500034F33 /* PinNetworking.swift */; };
		E6F043892C0D008100034F33 /* URLRequest+Networking.swift in Sources */ = {isa = PBXBuildFile; fileRef = E6F043882C0D008100034F33 /* URLRequest+Networking.swift */; };
		E6F0438B2C0D037700034F33 /* PinServiceProtocol.swift in Sources */ = {isa = PBXBuildFile; fileRef = E6F0438A2C0D037700034F33 /* PinServiceProtocol.swift */; };
		E6F0438D2C0D044400034F33 /* PinService.swift in Sources */ = {isa = PBXBuildFile; fileRef = E6F0438C2C0D044400034F33 /* PinService.swift */; };
		E6F6DFDC2BDC4CF00058209B /* Spacing.swift in Sources */ = {isa = PBXBuildFile; fileRef = E6F6DFDB2BDC4CF00058209B /* Spacing.swift */; };
		E6FA099424A8CBED00888F58 /* Main.swift in Sources */ = {isa = PBXBuildFile; fileRef = E6FA099324A8CBED00888F58 /* Main.swift */; };
		E6FA61B92BE960240073A043 /* RootSignInView.swift in Sources */ = {isa = PBXBuildFile; fileRef = E6FA61B82BE960240073A043 /* RootSignInView.swift */; };
		E6FA61BB2BE960530073A043 /* RootSignInViewModel.swift in Sources */ = {isa = PBXBuildFile; fileRef = E6FA61BA2BE960530073A043 /* RootSignInViewModel.swift */; };
		E6FA61BD2BE9624A0073A043 /* SignUpLinkView.swift in Sources */ = {isa = PBXBuildFile; fileRef = E6FA61BC2BE9624A0073A043 /* SignUpLinkView.swift */; };
		E6FA61C12BE966950073A043 /* SignUpLinkViewModel.swift in Sources */ = {isa = PBXBuildFile; fileRef = E6FA61C02BE966950073A043 /* SignUpLinkViewModel.swift */; };
		E6FA61C32BE96C7E0073A043 /* SignInDividerView.swift in Sources */ = {isa = PBXBuildFile; fileRef = E6FA61C22BE96C7E0073A043 /* SignInDividerView.swift */; };
/* End PBXBuildFile section */

/* Begin PBXContainerItemProxy section */
		E678DECD25E8E2C6009C75E5 /* PBXContainerItemProxy */ = {
			isa = PBXContainerItemProxy;
			containerPortal = E6690C481F5E537D0065B7B5 /* Project object */;
			proxyType = 1;
			remoteGlobalIDString = E6690C4F1F5E537D0065B7B5;
			remoteInfo = "ladder-client";
		};
/* End PBXContainerItemProxy section */

/* Begin PBXCopyFilesBuildPhase section */
		E6C8E63123E52460004F410D /* Embed Foundation Extensions */ = {
			isa = PBXCopyFilesBuildPhase;
			buildActionMask = 2147483647;
			dstPath = "";
			dstSubfolderSpec = 13;
			files = (
			);
			name = "Embed Foundation Extensions";
			runOnlyForDeploymentPostprocessing = 0;
		};
/* End PBXCopyFilesBuildPhase section */

/* Begin PBXFileReference section */
		E60230BE1F5E54860052F762 /* Assets.xcassets */ = {isa = PBXFileReference; lastKnownFileType = folder.assetcatalog; path = Assets.xcassets; sourceTree = "<group>"; };
		E60595BB2C1235AF00DC7992 /* PinRowView.swift */ = {isa = PBXFileReference; lastKnownFileType = sourcecode.swift; path = PinRowView.swift; sourceTree = "<group>"; };
		E60595BD2C12366400DC7992 /* PinRowViewModel.swift */ = {isa = PBXFileReference; lastKnownFileType = sourcecode.swift; path = PinRowViewModel.swift; sourceTree = "<group>"; };
		E60595BF2C123D7300DC7992 /* RootServiceProtocol.swift */ = {isa = PBXFileReference; lastKnownFileType = sourcecode.swift; path = RootServiceProtocol.swift; sourceTree = "<group>"; };
		E60595C12C12406700DC7992 /* FeedServiceProtocol.swift */ = {isa = PBXFileReference; lastKnownFileType = sourcecode.swift; path = FeedServiceProtocol.swift; sourceTree = "<group>"; };
		E60595C32C12408F00DC7992 /* FeedService.swift */ = {isa = PBXFileReference; lastKnownFileType = sourcecode.swift; path = FeedService.swift; sourceTree = "<group>"; };
		E60595C52C12438000DC7992 /* PinStorageProtocol.swift */ = {isa = PBXFileReference; lastKnownFileType = sourcecode.swift; path = PinStorageProtocol.swift; sourceTree = "<group>"; };
		E60595C72C1245A600DC7992 /* PinStorage.swift */ = {isa = PBXFileReference; lastKnownFileType = sourcecode.swift; path = PinStorage.swift; sourceTree = "<group>"; };
		E64469B02C18AFFD0062363F /* FeedNetworkingProtocol.swift */ = {isa = PBXFileReference; lastKnownFileType = sourcecode.swift; path = FeedNetworkingProtocol.swift; sourceTree = "<group>"; };
		E64469B22C18B85E0062363F /* FeedNetworking.swift */ = {isa = PBXFileReference; lastKnownFileType = sourcecode.swift; path = FeedNetworking.swift; sourceTree = "<group>"; };
		E64F82D8234076C30054D0A1 /* Launch Screen.storyboard */ = {isa = PBXFileReference; fileEncoding = 4; lastKnownFileType = file.storyboard; path = "Launch Screen.storyboard"; sourceTree = "<group>"; };
		E6632C1D2C178F5B00E91C64 /* SafariView.swift */ = {isa = PBXFileReference; lastKnownFileType = sourcecode.swift; path = SafariView.swift; sourceTree = "<group>"; };
		E6632C1F2C179C7100E91C64 /* NetworkingResponse.swift */ = {isa = PBXFileReference; lastKnownFileType = sourcecode.swift; path = NetworkingResponse.swift; sourceTree = "<group>"; };
		E6690C501F5E537E0065B7B5 /* ladder-client.app */ = {isa = PBXFileReference; explicitFileType = wrapper.application; includeInIndex = 0; path = "ladder-client.app"; sourceTree = BUILT_PRODUCTS_DIR; };
		E66DFE1924A8B95000790F8B /* RootTabView.swift */ = {isa = PBXFileReference; lastKnownFileType = sourcecode.swift; path = RootTabView.swift; sourceTree = "<group>"; };
		E67485D72BE0324200DDE19C /* Padding.swift */ = {isa = PBXFileReference; lastKnownFileType = sourcecode.swift; path = Padding.swift; sourceTree = "<group>"; };
		E67485D92BE032E300DDE19C /* CornerRadius.swift */ = {isa = PBXFileReference; lastKnownFileType = sourcecode.swift; path = CornerRadius.swift; sourceTree = "<group>"; };
		E67485DD2BE6D46400DDE19C /* SignInTextFieldStateModifier.swift */ = {isa = PBXFileReference; lastKnownFileType = sourcecode.swift; path = SignInTextFieldStateModifier.swift; sourceTree = "<group>"; };
		E67485E12BE6E8DE00DDE19C /* KeychainProtocol.swift */ = {isa = PBXFileReference; lastKnownFileType = sourcecode.swift; path = KeychainProtocol.swift; sourceTree = "<group>"; };
		E678DEC825E8E2C6009C75E5 /* ladder-clientTests.xctest */ = {isa = PBXFileReference; explicitFileType = wrapper.cfbundle; includeInIndex = 0; path = "ladder-clientTests.xctest"; sourceTree = BUILT_PRODUCTS_DIR; };
		E678DECC25E8E2C6009C75E5 /* Info.plist */ = {isa = PBXFileReference; lastKnownFileType = text.plist.xml; path = Info.plist; sourceTree = "<group>"; };
		E6794F0B2BE7F75200A52138 /* CookieStorageMock.swift */ = {isa = PBXFileReference; lastKnownFileType = sourcecode.swift; path = CookieStorageMock.swift; sourceTree = "<group>"; };
		E6794F0E2BE7F7E700A52138 /* KeychainMock.swift */ = {isa = PBXFileReference; lastKnownFileType = sourcecode.swift; path = KeychainMock.swift; sourceTree = "<group>"; };
		E687EB712C18E1420093CDE0 /* FeedStorageProtocol.swift */ = {isa = PBXFileReference; lastKnownFileType = sourcecode.swift; path = FeedStorageProtocol.swift; sourceTree = "<group>"; };
		E687EB732C18E17B0093CDE0 /* FeedStorage.swift */ = {isa = PBXFileReference; lastKnownFileType = sourcecode.swift; path = FeedStorage.swift; sourceTree = "<group>"; };
		E687EB752C18E1B20093CDE0 /* Feed.swift */ = {isa = PBXFileReference; lastKnownFileType = sourcecode.swift; path = Feed.swift; sourceTree = "<group>"; };
		E687EB772C18E4510093CDE0 /* FeedListView.swift */ = {isa = PBXFileReference; lastKnownFileType = sourcecode.swift; path = FeedListView.swift; sourceTree = "<group>"; };
		E687EB792C18E49F0093CDE0 /* FeedListViewModel.swift */ = {isa = PBXFileReference; lastKnownFileType = sourcecode.swift; path = FeedListViewModel.swift; sourceTree = "<group>"; };
		E687EB7B2C18E5170093CDE0 /* FeedRowView.swift */ = {isa = PBXFileReference; lastKnownFileType = sourcecode.swift; path = FeedRowView.swift; sourceTree = "<group>"; };
		E687EB7D2C18E5700093CDE0 /* FeedRowViewModel.swift */ = {isa = PBXFileReference; lastKnownFileType = sourcecode.swift; path = FeedRowViewModel.swift; sourceTree = "<group>"; };
		E69543F82C07D5B5003ED85E /* RootSignInButtonView.swift */ = {isa = PBXFileReference; lastKnownFileType = sourcecode.swift; path = RootSignInButtonView.swift; sourceTree = "<group>"; };
		E69543FA2C07D695003ED85E /* RootSignInButtonViewModel.swift */ = {isa = PBXFileReference; lastKnownFileType = sourcecode.swift; path = RootSignInButtonViewModel.swift; sourceTree = "<group>"; };
		E69543FC2C07D999003ED85E /* RootLoadButtonView.swift */ = {isa = PBXFileReference; lastKnownFileType = sourcecode.swift; path = RootLoadButtonView.swift; sourceTree = "<group>"; };
		E69543FE2C07DA64003ED85E /* RootLoadButtonViewModel.swift */ = {isa = PBXFileReference; lastKnownFileType = sourcecode.swift; path = RootLoadButtonViewModel.swift; sourceTree = "<group>"; };
		E6987DA22BE7ED1200B5BBC7 /* SignInServiceTests.swift */ = {isa = PBXFileReference; lastKnownFileType = sourcecode.swift; path = SignInServiceTests.swift; sourceTree = "<group>"; };
		E6987DA42BE7F1EF00B5BBC7 /* SignInNetworkingMock.swift */ = {isa = PBXFileReference; lastKnownFileType = sourcecode.swift; path = SignInNetworkingMock.swift; sourceTree = "<group>"; };
		E6AA1A592BE7BCAC00A240B5 /* ViewAlertModifier.swift */ = {isa = PBXFileReference; lastKnownFileType = sourcecode.swift; path = ViewAlertModifier.swift; sourceTree = "<group>"; };
		E6ACF0782BF932370004036A /* PinListView.swift */ = {isa = PBXFileReference; lastKnownFileType = sourcecode.swift; path = PinListView.swift; sourceTree = "<group>"; };
		E6ACF07A2BF932420004036A /* PinListViewModel.swift */ = {isa = PBXFileReference; lastKnownFileType = sourcecode.swift; path = PinListViewModel.swift; sourceTree = "<group>"; };
		E6ACF07C2BF933030004036A /* Pin.swift */ = {isa = PBXFileReference; lastKnownFileType = sourcecode.swift; path = Pin.swift; sourceTree = "<group>"; };
		E6C413C32BD9982F0094FBA0 /* SignInView.swift */ = {isa = PBXFileReference; lastKnownFileType = sourcecode.swift; path = SignInView.swift; sourceTree = "<group>"; };
		E6C413C52BD999280094FBA0 /* SignInNavigationView.swift */ = {isa = PBXFileReference; lastKnownFileType = sourcecode.swift; path = SignInNavigationView.swift; sourceTree = "<group>"; };
		E6C413C72BD9A0870094FBA0 /* SignInRootURLTextFieldView.swift */ = {isa = PBXFileReference; lastKnownFileType = sourcecode.swift; path = SignInRootURLTextFieldView.swift; sourceTree = "<group>"; };
		E6C413C92BD9A1970094FBA0 /* SignInRootURLTextFieldViewModel.swift */ = {isa = PBXFileReference; lastKnownFileType = sourcecode.swift; path = SignInRootURLTextFieldViewModel.swift; sourceTree = "<group>"; };
		E6C413CB2BD9A8D10094FBA0 /* SignInUsernameTextFieldView.swift */ = {isa = PBXFileReference; lastKnownFileType = sourcecode.swift; path = SignInUsernameTextFieldView.swift; sourceTree = "<group>"; };
		E6C413CD2BD9A8FC0094FBA0 /* SignInUsernameTextFieldViewModel.swift */ = {isa = PBXFileReference; lastKnownFileType = sourcecode.swift; path = SignInUsernameTextFieldViewModel.swift; sourceTree = "<group>"; };
		E6C413CF2BD9AA5F0094FBA0 /* SignInPasswordTextFieldView.swift */ = {isa = PBXFileReference; lastKnownFileType = sourcecode.swift; path = SignInPasswordTextFieldView.swift; sourceTree = "<group>"; };
		E6C413D12BD9AA670094FBA0 /* SignInPasswordTextFieldViewModel.swift */ = {isa = PBXFileReference; lastKnownFileType = sourcecode.swift; path = SignInPasswordTextFieldViewModel.swift; sourceTree = "<group>"; };
		E6D1EFDC2BE78E80008AA020 /* SignInNetworking.swift */ = {isa = PBXFileReference; lastKnownFileType = sourcecode.swift; path = SignInNetworking.swift; sourceTree = "<group>"; };
		E6D1EFDE2BE78EA1008AA020 /* SignInNetworkingProtocol.swift */ = {isa = PBXFileReference; lastKnownFileType = sourcecode.swift; path = SignInNetworkingProtocol.swift; sourceTree = "<group>"; };
		E6D1EFE12BE798DA008AA020 /* NetworkingError.swift */ = {isa = PBXFileReference; lastKnownFileType = sourcecode.swift; path = NetworkingError.swift; sourceTree = "<group>"; };
		E6D1EFE62BE7A562008AA020 /* SignInService.swift */ = {isa = PBXFileReference; lastKnownFileType = sourcecode.swift; path = SignInService.swift; sourceTree = "<group>"; };
		E6D1EFE82BE7A56F008AA020 /* SignInServiceProtocol.swift */ = {isa = PBXFileReference; lastKnownFileType = sourcecode.swift; path = SignInServiceProtocol.swift; sourceTree = "<group>"; };
		E6D1EFEB2BE7ABDF008AA020 /* CookieStorage.swift */ = {isa = PBXFileReference; lastKnownFileType = sourcecode.swift; path = CookieStorage.swift; sourceTree = "<group>"; };
		E6D1EFED2BE7AC5B008AA020 /* CookieStorageProtocol.swift */ = {isa = PBXFileReference; lastKnownFileType = sourcecode.swift; path = CookieStorageProtocol.swift; sourceTree = "<group>"; };
		E6D485F92C17A56300149507 /* PinStorageMock.swift */ = {isa = PBXFileReference; lastKnownFileType = sourcecode.swift; path = PinStorageMock.swift; sourceTree = "<group>"; };
		E6DC98592BD9B017002EDC02 /* SignInButtonView.swift */ = {isa = PBXFileReference; lastKnownFileType = sourcecode.swift; path = SignInButtonView.swift; sourceTree = "<group>"; };
		E6DC985B2BD9B021002EDC02 /* SignInButtonViewModel.swift */ = {isa = PBXFileReference; lastKnownFileType = sourcecode.swift; path = SignInButtonViewModel.swift; sourceTree = "<group>"; };
		E6EE463D2BD6EDD300273094 /* FeedView.swift */ = {isa = PBXFileReference; lastKnownFileType = sourcecode.swift; path = FeedView.swift; sourceTree = "<group>"; };
		E6EE46402BD6EFB500273094 /* PinView.swift */ = {isa = PBXFileReference; lastKnownFileType = sourcecode.swift; path = PinView.swift; sourceTree = "<group>"; };
		E6EE46422BD6F38E00273094 /* RootNavigationView.swift */ = {isa = PBXFileReference; lastKnownFileType = sourcecode.swift; path = RootNavigationView.swift; sourceTree = "<group>"; };
		E6EF21B12BDD8A6400A81560 /* Keychain.swift */ = {isa = PBXFileReference; lastKnownFileType = sourcecode.swift; path = Keychain.swift; sourceTree = "<group>"; };
		E6EF21B32BDD8B3B00A81560 /* RootTabViewModel.swift */ = {isa = PBXFileReference; lastKnownFileType = sourcecode.swift; path = RootTabViewModel.swift; sourceTree = "<group>"; };
		E6EF21BB2BDD905800A81560 /* RootNavigationViewModel.swift */ = {isa = PBXFileReference; lastKnownFileType = sourcecode.swift; path = RootNavigationViewModel.swift; sourceTree = "<group>"; };
		E6EF21BD2BDD90C300A81560 /* FeedViewModel.swift */ = {isa = PBXFileReference; lastKnownFileType = sourcecode.swift; path = FeedViewModel.swift; sourceTree = "<group>"; };
		E6EF21BF2BDD911900A81560 /* PinViewModel.swift */ = {isa = PBXFileReference; lastKnownFileType = sourcecode.swift; path = PinViewModel.swift; sourceTree = "<group>"; };
		E6EF21C12BDD92C900A81560 /* SignInNavigationViewModel.swift */ = {isa = PBXFileReference; lastKnownFileType = sourcecode.swift; path = SignInNavigationViewModel.swift; sourceTree = "<group>"; };
		E6EF21C32BDD934F00A81560 /* SignInViewModel.swift */ = {isa = PBXFileReference; lastKnownFileType = sourcecode.swift; path = SignInViewModel.swift; sourceTree = "<group>"; };
		E6F043822C0CFD4600034F33 /* PinNetworkingProtocol.swift */ = {isa = PBXFileReference; lastKnownFileType = sourcecode.swift; path = PinNetworkingProtocol.swift; sourceTree = "<group>"; };
		E6F043842C0CFDE500034F33 /* PinNetworking.swift */ = {isa = PBXFileReference; lastKnownFileType = sourcecode.swift; path = PinNetworking.swift; sourceTree = "<group>"; };
		E6F043882C0D008100034F33 /* URLRequest+Networking.swift */ = {isa = PBXFileReference; lastKnownFileType = sourcecode.swift; path = "URLRequest+Networking.swift"; sourceTree = "<group>"; };
		E6F0438A2C0D037700034F33 /* PinServiceProtocol.swift */ = {isa = PBXFileReference; lastKnownFileType = sourcecode.swift; path = PinServiceProtocol.swift; sourceTree = "<group>"; };
		E6F0438C2C0D044400034F33 /* PinService.swift */ = {isa = PBXFileReference; lastKnownFileType = sourcecode.swift; path = PinService.swift; sourceTree = "<group>"; };
		E6F5FA581FDB4B1800A6C713 /* ladder-client.entitlements */ = {isa = PBXFileReference; lastKnownFileType = text.plist.entitlements; path = "ladder-client.entitlements"; sourceTree = "<group>"; };
		E6F6DFDB2BDC4CF00058209B /* Spacing.swift */ = {isa = PBXFileReference; lastKnownFileType = sourcecode.swift; path = Spacing.swift; sourceTree = "<group>"; };
		E6FA099324A8CBED00888F58 /* Main.swift */ = {isa = PBXFileReference; lastKnownFileType = sourcecode.swift; path = Main.swift; sourceTree = "<group>"; };
		E6FA61B82BE960240073A043 /* RootSignInView.swift */ = {isa = PBXFileReference; lastKnownFileType = sourcecode.swift; path = RootSignInView.swift; sourceTree = "<group>"; };
		E6FA61BA2BE960530073A043 /* RootSignInViewModel.swift */ = {isa = PBXFileReference; lastKnownFileType = sourcecode.swift; path = RootSignInViewModel.swift; sourceTree = "<group>"; };
		E6FA61BC2BE9624A0073A043 /* SignUpLinkView.swift */ = {isa = PBXFileReference; lastKnownFileType = sourcecode.swift; path = SignUpLinkView.swift; sourceTree = "<group>"; };
		E6FA61C02BE966950073A043 /* SignUpLinkViewModel.swift */ = {isa = PBXFileReference; lastKnownFileType = sourcecode.swift; path = SignUpLinkViewModel.swift; sourceTree = "<group>"; };
		E6FA61C22BE96C7E0073A043 /* SignInDividerView.swift */ = {isa = PBXFileReference; lastKnownFileType = sourcecode.swift; path = SignInDividerView.swift; sourceTree = "<group>"; };
/* End PBXFileReference section */

/* Begin PBXFrameworksBuildPhase section */
		E6690C4D1F5E537D0065B7B5 /* Frameworks */ = {
			isa = PBXFrameworksBuildPhase;
			buildActionMask = 2147483647;
			files = (
				E6572DD425E778E200C0F18C /* KeychainAccess in Frameworks */,
				E6572DCF25E778C700C0F18C /* HTMLReader in Frameworks */,
			);
			runOnlyForDeploymentPostprocessing = 0;
		};
		E678DEC525E8E2C6009C75E5 /* Frameworks */ = {
			isa = PBXFrameworksBuildPhase;
			buildActionMask = 2147483647;
			files = (
			);
			runOnlyForDeploymentPostprocessing = 0;
		};
/* End PBXFrameworksBuildPhase section */

/* Begin PBXGroup section */
		E60230B61F5E54740052F762 /* Classes */ = {
			isa = PBXGroup;
			children = (
				E67485D22BE031CE00DDE19C /* Utilities */,
				E6EE46442BD6F59100273094 /* Root */,
				E6EE463C2BD6EDBE00273094 /* Feed */,
				E6EE463F2BD6EEFB00273094 /* Pin */,
				E6C413C22BD9980D0094FBA0 /* SignIn */,
				E6FA099324A8CBED00888F58 /* Main.swift */,
				E64F82D8234076C30054D0A1 /* Launch Screen.storyboard */,
			);
			path = Classes;
			sourceTree = "<group>";
		};
		E60230BD1F5E54860052F762 /* Resources */ = {
			isa = PBXGroup;
			children = (
				E60230BE1F5E54860052F762 /* Assets.xcassets */,
			);
			path = Resources;
			sourceTree = "<group>";
		};
		E6690C471F5E537D0065B7B5 = {
			isa = PBXGroup;
			children = (
				E6690C521F5E537E0065B7B5 /* ladder-client */,
				E678DEC925E8E2C6009C75E5 /* ladder-clientTests */,
				E6690C511F5E537E0065B7B5 /* Products */,
			);
			sourceTree = "<group>";
		};
		E6690C511F5E537E0065B7B5 /* Products */ = {
			isa = PBXGroup;
			children = (
				E6690C501F5E537E0065B7B5 /* ladder-client.app */,
				E678DEC825E8E2C6009C75E5 /* ladder-clientTests.xctest */,
			);
			name = Products;
			sourceTree = "<group>";
		};
		E6690C521F5E537E0065B7B5 /* ladder-client */ = {
			isa = PBXGroup;
			children = (
				E6F5FA581FDB4B1800A6C713 /* ladder-client.entitlements */,
				E60230B61F5E54740052F762 /* Classes */,
				E60230BD1F5E54860052F762 /* Resources */,
			);
			path = "ladder-client";
			sourceTree = "<group>";
		};
		E67485D22BE031CE00DDE19C /* Utilities */ = {
			isa = PBXGroup;
			children = (
				E6D1EFEA2BE7ABC4008AA020 /* Foundation */,
				E6D1EFE02BE798A7008AA020 /* Networking */,
				E6AA1A582BE7BC9300A240B5 /* SwiftUI */,
				E67485D32BE0320300DDE19C /* UI */,
			);
			path = Utilities;
			sourceTree = "<group>";
		};
		E67485D32BE0320300DDE19C /* UI */ = {
			isa = PBXGroup;
			children = (
				E67485D92BE032E300DDE19C /* CornerRadius.swift */,
				E67485D72BE0324200DDE19C /* Padding.swift */,
				E6F6DFDB2BDC4CF00058209B /* Spacing.swift */,
			);
			path = UI;
			sourceTree = "<group>";
		};
		E678DEC925E8E2C6009C75E5 /* ladder-clientTests */ = {
			isa = PBXGroup;
			children = (
				E6987DA62BE7F2F000B5BBC7 /* Utilities */,
				E6D485F82C17A55400149507 /* Pin */,
				E6987DA12BE7EC1200B5BBC7 /* SignIn */,
				E678DECC25E8E2C6009C75E5 /* Info.plist */,
			);
			path = "ladder-clientTests";
			sourceTree = "<group>";
		};
		E6794F092BE7F73C00A52138 /* Foundation */ = {
			isa = PBXGroup;
			children = (
				E6794F0B2BE7F75200A52138 /* CookieStorageMock.swift */,
				E6794F0E2BE7F7E700A52138 /* KeychainMock.swift */,
			);
			path = Foundation;
			sourceTree = "<group>";
		};
		E6987DA12BE7EC1200B5BBC7 /* SignIn */ = {
			isa = PBXGroup;
			children = (
				E6987DA22BE7ED1200B5BBC7 /* SignInServiceTests.swift */,
				E6987DA42BE7F1EF00B5BBC7 /* SignInNetworkingMock.swift */,
			);
			path = SignIn;
			sourceTree = "<group>";
		};
		E6987DA62BE7F2F000B5BBC7 /* Utilities */ = {
			isa = PBXGroup;
			children = (
				E6794F092BE7F73C00A52138 /* Foundation */,
			);
			path = Utilities;
			sourceTree = "<group>";
		};
		E6AA1A582BE7BC9300A240B5 /* SwiftUI */ = {
			isa = PBXGroup;
			children = (
				E6632C1D2C178F5B00E91C64 /* SafariView.swift */,
				E6AA1A592BE7BCAC00A240B5 /* ViewAlertModifier.swift */,
			);
			path = SwiftUI;
			sourceTree = "<group>";
		};
		E6C413C22BD9980D0094FBA0 /* SignIn */ = {
			isa = PBXGroup;
			children = (
				E6C413C52BD999280094FBA0 /* SignInNavigationView.swift */,
				E6EF21C12BDD92C900A81560 /* SignInNavigationViewModel.swift */,
				E6C413C32BD9982F0094FBA0 /* SignInView.swift */,
				E6EF21C32BDD934F00A81560 /* SignInViewModel.swift */,
				E6C413C72BD9A0870094FBA0 /* SignInRootURLTextFieldView.swift */,
				E6C413C92BD9A1970094FBA0 /* SignInRootURLTextFieldViewModel.swift */,
				E6C413CB2BD9A8D10094FBA0 /* SignInUsernameTextFieldView.swift */,
				E6C413CD2BD9A8FC0094FBA0 /* SignInUsernameTextFieldViewModel.swift */,
				E6C413CF2BD9AA5F0094FBA0 /* SignInPasswordTextFieldView.swift */,
				E6C413D12BD9AA670094FBA0 /* SignInPasswordTextFieldViewModel.swift */,
				E6DC98592BD9B017002EDC02 /* SignInButtonView.swift */,
				E6DC985B2BD9B021002EDC02 /* SignInButtonViewModel.swift */,
				E6FA61C22BE96C7E0073A043 /* SignInDividerView.swift */,
				E6FA61BC2BE9624A0073A043 /* SignUpLinkView.swift */,
				E6FA61C02BE966950073A043 /* SignUpLinkViewModel.swift */,
				E67485DD2BE6D46400DDE19C /* SignInTextFieldStateModifier.swift */,
				E6D1EFE82BE7A56F008AA020 /* SignInServiceProtocol.swift */,
				E6D1EFE62BE7A562008AA020 /* SignInService.swift */,
				E6D1EFDE2BE78EA1008AA020 /* SignInNetworkingProtocol.swift */,
				E6D1EFDC2BE78E80008AA020 /* SignInNetworking.swift */,
			);
			path = SignIn;
			sourceTree = "<group>";
		};
		E6D1EFE02BE798A7008AA020 /* Networking */ = {
			isa = PBXGroup;
			children = (
				E6D1EFE12BE798DA008AA020 /* NetworkingError.swift */,
				E6632C1F2C179C7100E91C64 /* NetworkingResponse.swift */,
			);
			path = Networking;
			sourceTree = "<group>";
		};
		E6D1EFEA2BE7ABC4008AA020 /* Foundation */ = {
			isa = PBXGroup;
			children = (
				E6D1EFED2BE7AC5B008AA020 /* CookieStorageProtocol.swift */,
				E6D1EFEB2BE7ABDF008AA020 /* CookieStorage.swift */,
				E67485E12BE6E8DE00DDE19C /* KeychainProtocol.swift */,
				E6EF21B12BDD8A6400A81560 /* Keychain.swift */,
				E6F043882C0D008100034F33 /* URLRequest+Networking.swift */,
			);
			path = Foundation;
			sourceTree = "<group>";
		};
		E6D485F82C17A55400149507 /* Pin */ = {
			isa = PBXGroup;
			children = (
				E6D485F92C17A56300149507 /* PinStorageMock.swift */,
			);
			path = Pin;
			sourceTree = "<group>";
		};
		E6EE463C2BD6EDBE00273094 /* Feed */ = {
			isa = PBXGroup;
			children = (
				E687EB752C18E1B20093CDE0 /* Feed.swift */,
				E6EE463D2BD6EDD300273094 /* FeedView.swift */,
				E6EF21BD2BDD90C300A81560 /* FeedViewModel.swift */,
				E687EB772C18E4510093CDE0 /* FeedListView.swift */,
				E687EB792C18E49F0093CDE0 /* FeedListViewModel.swift */,
				E687EB7B2C18E5170093CDE0 /* FeedRowView.swift */,
				E687EB7D2C18E5700093CDE0 /* FeedRowViewModel.swift */,
				E60595C12C12406700DC7992 /* FeedServiceProtocol.swift */,
				E60595C32C12408F00DC7992 /* FeedService.swift */,
				E687EB712C18E1420093CDE0 /* FeedStorageProtocol.swift */,
				E687EB732C18E17B0093CDE0 /* FeedStorage.swift */,
				E64469B02C18AFFD0062363F /* FeedNetworkingProtocol.swift */,
				E64469B22C18B85E0062363F /* FeedNetworking.swift */,
			);
			path = Feed;
			sourceTree = "<group>";
		};
		E6EE463F2BD6EEFB00273094 /* Pin */ = {
			isa = PBXGroup;
			children = (
				E6ACF07C2BF933030004036A /* Pin.swift */,
				E6EE46402BD6EFB500273094 /* PinView.swift */,
				E6EF21BF2BDD911900A81560 /* PinViewModel.swift */,
				E6ACF0782BF932370004036A /* PinListView.swift */,
				E6ACF07A2BF932420004036A /* PinListViewModel.swift */,
				E60595BB2C1235AF00DC7992 /* PinRowView.swift */,
				E60595BD2C12366400DC7992 /* PinRowViewModel.swift */,
				E6F0438A2C0D037700034F33 /* PinServiceProtocol.swift */,
				E6F0438C2C0D044400034F33 /* PinService.swift */,
				E60595C52C12438000DC7992 /* PinStorageProtocol.swift */,
				E60595C72C1245A600DC7992 /* PinStorage.swift */,
				E6F043822C0CFD4600034F33 /* PinNetworkingProtocol.swift */,
				E6F043842C0CFDE500034F33 /* PinNetworking.swift */,
			);
			path = Pin;
			sourceTree = "<group>";
		};
		E6EE46442BD6F59100273094 /* Root */ = {
			isa = PBXGroup;
			children = (
				E66DFE1924A8B95000790F8B /* RootTabView.swift */,
				E6EF21B32BDD8B3B00A81560 /* RootTabViewModel.swift */,
				E6EE46422BD6F38E00273094 /* RootNavigationView.swift */,
				E6EF21BB2BDD905800A81560 /* RootNavigationViewModel.swift */,
				E6FA61B82BE960240073A043 /* RootSignInView.swift */,
				E6FA61BA2BE960530073A043 /* RootSignInViewModel.swift */,
				E69543F82C07D5B5003ED85E /* RootSignInButtonView.swift */,
				E69543FA2C07D695003ED85E /* RootSignInButtonViewModel.swift */,
				E69543FC2C07D999003ED85E /* RootLoadButtonView.swift */,
				E69543FE2C07DA64003ED85E /* RootLoadButtonViewModel.swift */,
				E60595BF2C123D7300DC7992 /* RootServiceProtocol.swift */,
			);
			path = Root;
			sourceTree = "<group>";
		};
/* End PBXGroup section */

/* Begin PBXNativeTarget section */
		E6690C4F1F5E537D0065B7B5 /* ladder-client */ = {
			isa = PBXNativeTarget;
			buildConfigurationList = E6690C621F5E537E0065B7B5 /* Build configuration list for PBXNativeTarget "ladder-client" */;
			buildPhases = (
				E6690C4C1F5E537D0065B7B5 /* Sources */,
				E6690C4D1F5E537D0065B7B5 /* Frameworks */,
				E6690C4E1F5E537D0065B7B5 /* Resources */,
				E6C8E63123E52460004F410D /* Embed Foundation Extensions */,
				E642B8D824685F8C00E6BBC8 /* ShellScript */,
			);
			buildRules = (
			);
			dependencies = (
			);
			name = "ladder-client";
			packageProductDependencies = (
				E6572DCE25E778C700C0F18C /* HTMLReader */,
				E6572DD325E778E200C0F18C /* KeychainAccess */,
			);
			productName = "ladder-client";
			productReference = E6690C501F5E537E0065B7B5 /* ladder-client.app */;
			productType = "com.apple.product-type.application";
		};
		E678DEC725E8E2C6009C75E5 /* ladder-clientTests */ = {
			isa = PBXNativeTarget;
			buildConfigurationList = E678DED125E8E2C6009C75E5 /* Build configuration list for PBXNativeTarget "ladder-clientTests" */;
			buildPhases = (
				E678DEC425E8E2C6009C75E5 /* Sources */,
				E678DEC525E8E2C6009C75E5 /* Frameworks */,
				E678DEC625E8E2C6009C75E5 /* Resources */,
			);
			buildRules = (
			);
			dependencies = (
				E678DECE25E8E2C6009C75E5 /* PBXTargetDependency */,
			);
			name = "ladder-clientTests";
			packageProductDependencies = (
			);
			productName = "ladder-clientTests";
			productReference = E678DEC825E8E2C6009C75E5 /* ladder-clientTests.xctest */;
			productType = "com.apple.product-type.bundle.unit-test";
		};
/* End PBXNativeTarget section */

/* Begin PBXProject section */
		E6690C481F5E537D0065B7B5 /* Project object */ = {
			isa = PBXProject;
			attributes = {
				BuildIndependentTargetsInParallel = YES;
				LastSwiftUpdateCheck = 1420;
				LastUpgradeCheck = 1530;
				ORGANIZATIONNAME = kenzan8000;
				TargetAttributes = {
					E6690C4F1F5E537D0065B7B5 = {
						CreatedOnToolsVersion = 8.3.3;
						LastSwiftMigration = 0830;
						SystemCapabilities = {
							com.apple.Push = {
								enabled = 1;
							};
						};
					};
					E678DEC725E8E2C6009C75E5 = {
						CreatedOnToolsVersion = 12.4;
						LastSwiftMigration = 1530;
						TestTargetID = E6690C4F1F5E537D0065B7B5;
					};
				};
			};
			buildConfigurationList = E6690C4B1F5E537D0065B7B5 /* Build configuration list for PBXProject "ladder-client" */;
			compatibilityVersion = "Xcode 3.2";
			developmentRegion = en;
			hasScannedForEncodings = 0;
			knownRegions = (
				en,
				Base,
			);
			mainGroup = E6690C471F5E537D0065B7B5;
			packageReferences = (
				E6572DCD25E778C700C0F18C /* XCRemoteSwiftPackageReference "HTMLReader" */,
				E6572DD225E778E200C0F18C /* XCRemoteSwiftPackageReference "KeychainAccess" */,
			);
			productRefGroup = E6690C511F5E537E0065B7B5 /* Products */;
			projectDirPath = "";
			projectRoot = "";
			targets = (
				E6690C4F1F5E537D0065B7B5 /* ladder-client */,
				E678DEC725E8E2C6009C75E5 /* ladder-clientTests */,
			);
		};
/* End PBXProject section */

/* Begin PBXResourcesBuildPhase section */
		E6690C4E1F5E537D0065B7B5 /* Resources */ = {
			isa = PBXResourcesBuildPhase;
			buildActionMask = 2147483647;
			files = (
				E60230C11F5E54860052F762 /* Assets.xcassets in Resources */,
				E64F82D9234076C30054D0A1 /* Launch Screen.storyboard in Resources */,
			);
			runOnlyForDeploymentPostprocessing = 0;
		};
		E678DEC625E8E2C6009C75E5 /* Resources */ = {
			isa = PBXResourcesBuildPhase;
			buildActionMask = 2147483647;
			files = (
			);
			runOnlyForDeploymentPostprocessing = 0;
		};
/* End PBXResourcesBuildPhase section */

/* Begin PBXShellScriptBuildPhase section */
		E642B8D824685F8C00E6BBC8 /* ShellScript */ = {
			isa = PBXShellScriptBuildPhase;
			alwaysOutOfDate = 1;
			buildActionMask = 2147483647;
			files = (
			);
			inputFileListPaths = (
			);
			inputPaths = (
			);
			outputFileListPaths = (
			);
			outputPaths = (
			);
			runOnlyForDeploymentPostprocessing = 0;
			shellPath = /bin/sh;
			shellScript = "if [[ \"$(uname -m)\" == arm64 ]]; then\n    export PATH=\"/opt/homebrew/bin:$PATH\"\nfi\n\nif which swiftlint >/dev/null; then\n  swiftlint\nelse\n  echo \"warning: SwiftLint not installed, download from https://github.com/realm/SwiftLint\"\nfi\n";
		};
/* End PBXShellScriptBuildPhase section */

/* Begin PBXSourcesBuildPhase section */
		E6690C4C1F5E537D0065B7B5 /* Sources */ = {
			isa = PBXSourcesBuildPhase;
			buildActionMask = 2147483647;
			files = (
				E6C413D22BD9AA670094FBA0 /* SignInPasswordTextFieldViewModel.swift in Sources */,
				E6D1EFEE2BE7AC5B008AA020 /* CookieStorageProtocol.swift in Sources */,
				E6C413C42BD9982F0094FBA0 /* SignInView.swift in Sources */,
				E69543F92C07D5B5003ED85E /* RootSignInButtonView.swift in Sources */,
				E69543FF2C07DA64003ED85E /* RootLoadButtonViewModel.swift in Sources */,
				E6D1EFDD2BE78E80008AA020 /* SignInNetworking.swift in Sources */,
				E67485DA2BE032E300DDE19C /* CornerRadius.swift in Sources */,
				E6EF21B42BDD8B3B00A81560 /* RootTabViewModel.swift in Sources */,
				E687EB782C18E4510093CDE0 /* FeedListView.swift in Sources */,
				E6EF21B22BDD8A6400A81560 /* Keychain.swift in Sources */,
				E6EF21C42BDD934F00A81560 /* SignInViewModel.swift in Sources */,
				E6D1EFE92BE7A56F008AA020 /* SignInServiceProtocol.swift in Sources */,
				E6D1EFE72BE7A562008AA020 /* SignInService.swift in Sources */,
				E687EB742C18E17B0093CDE0 /* FeedStorage.swift in Sources */,
				E6F6DFDC2BDC4CF00058209B /* Spacing.swift in Sources */,
				E67485E22BE6E8DE00DDE19C /* KeychainProtocol.swift in Sources */,
				E6EF21C02BDD911900A81560 /* PinViewModel.swift in Sources */,
				E687EB722C18E1420093CDE0 /* FeedStorageProtocol.swift in Sources */,
				E6C413D02BD9AA5F0094FBA0 /* SignInPasswordTextFieldView.swift in Sources */,
				E6F043852C0CFDE500034F33 /* PinNetworking.swift in Sources */,
				E6DC985A2BD9B017002EDC02 /* SignInButtonView.swift in Sources */,
				E60595C82C1245A600DC7992 /* PinStorage.swift in Sources */,
				E6C413CE2BD9A8FC0094FBA0 /* SignInUsernameTextFieldViewModel.swift in Sources */,
				E6FA61BB2BE960530073A043 /* RootSignInViewModel.swift in Sources */,
				E6632C1E2C178F5B00E91C64 /* SafariView.swift in Sources */,
				E6F0438B2C0D037700034F33 /* PinServiceProtocol.swift in Sources */,
				E6FA61BD2BE9624A0073A043 /* SignUpLinkView.swift in Sources */,
				E6C413CA2BD9A1970094FBA0 /* SignInRootURLTextFieldViewModel.swift in Sources */,
				E6F0438D2C0D044400034F33 /* PinService.swift in Sources */,
				E6DC985C2BD9B021002EDC02 /* SignInButtonViewModel.swift in Sources */,
				E687EB7C2C18E5170093CDE0 /* FeedRowView.swift in Sources */,
				E6632C202C179C7100E91C64 /* NetworkingResponse.swift in Sources */,
				E60595BC2C1235AF00DC7992 /* PinRowView.swift in Sources */,
				E67485DE2BE6D46400DDE19C /* SignInTextFieldStateModifier.swift in Sources */,
				E60595C22C12406800DC7992 /* FeedServiceProtocol.swift in Sources */,
				E6FA61C32BE96C7E0073A043 /* SignInDividerView.swift in Sources */,
				E69543FD2C07D999003ED85E /* RootLoadButtonView.swift in Sources */,
				E6EF21BE2BDD90C300A81560 /* FeedViewModel.swift in Sources */,
				E6ACF07D2BF933030004036A /* Pin.swift in Sources */,
				E687EB762C18E1B20093CDE0 /* Feed.swift in Sources */,
				E6D1EFEC2BE7ABDF008AA020 /* CookieStorage.swift in Sources */,
				E66DFE1A24A8B95000790F8B /* RootTabView.swift in Sources */,
				E6FA61B92BE960240073A043 /* RootSignInView.swift in Sources */,
				E687EB7E2C18E5700093CDE0 /* FeedRowViewModel.swift in Sources */,
				E6C413C62BD999280094FBA0 /* SignInNavigationView.swift in Sources */,
				E6EE463E2BD6EDD300273094 /* FeedView.swift in Sources */,
				E6F043892C0D008100034F33 /* URLRequest+Networking.swift in Sources */,
				E6AA1A5A2BE7BCAC00A240B5 /* ViewAlertModifier.swift in Sources */,
				E6FA61C12BE966950073A043 /* SignUpLinkViewModel.swift in Sources */,
				E60595BE2C12366400DC7992 /* PinRowViewModel.swift in Sources */,
				E64469B32C18B85E0062363F /* FeedNetworking.swift in Sources */,
				E60595C62C12438000DC7992 /* PinStorageProtocol.swift in Sources */,
				E6EE46412BD6EFB500273094 /* PinView.swift in Sources */,
				E69543FB2C07D695003ED85E /* RootSignInButtonViewModel.swift in Sources */,
				E6D1EFE22BE798DA008AA020 /* NetworkingError.swift in Sources */,
				E6EF21C22BDD92C900A81560 /* SignInNavigationViewModel.swift in Sources */,
				E6ACF07B2BF932420004036A /* PinListViewModel.swift in Sources */,
				E6F043832C0CFD4600034F33 /* PinNetworkingProtocol.swift in Sources */,
				E6FA099424A8CBED00888F58 /* Main.swift in Sources */,
				E6EE46432BD6F38E00273094 /* RootNavigationView.swift in Sources */,
				E6C413CC2BD9A8D10094FBA0 /* SignInUsernameTextFieldView.swift in Sources */,
				E60595C02C123D7300DC7992 /* RootServiceProtocol.swift in Sources */,
				E6EF21BC2BDD905800A81560 /* RootNavigationViewModel.swift in Sources */,
				E6C413C82BD9A0870094FBA0 /* SignInRootURLTextFieldView.swift in Sources */,
				E687EB7A2C18E49F0093CDE0 /* FeedListViewModel.swift in Sources */,
				E60595C42C12408F00DC7992 /* FeedService.swift in Sources */,
				E6ACF0792BF932370004036A /* PinListView.swift in Sources */,
				E67485D82BE0324200DDE19C /* Padding.swift in Sources */,
				E6D1EFDF2BE78EA1008AA020 /* SignInNetworkingProtocol.swift in Sources */,
				E64469B12C18AFFD0062363F /* FeedNetworkingProtocol.swift in Sources */,
			);
			runOnlyForDeploymentPostprocessing = 0;
		};
		E678DEC425E8E2C6009C75E5 /* Sources */ = {
			isa = PBXSourcesBuildPhase;
			buildActionMask = 2147483647;
			files = (
				E6794F0C2BE7F75200A52138 /* CookieStorageMock.swift in Sources */,
				E6987DA32BE7ED1200B5BBC7 /* SignInServiceTests.swift in Sources */,
				E6D485FA2C17A56300149507 /* PinStorageMock.swift in Sources */,
				E6987DA52BE7F1EF00B5BBC7 /* SignInNetworkingMock.swift in Sources */,
				E6794F0F2BE7F7E700A52138 /* KeychainMock.swift in Sources */,
			);
			runOnlyForDeploymentPostprocessing = 0;
		};
/* End PBXSourcesBuildPhase section */

/* Begin PBXTargetDependency section */
		E678DECE25E8E2C6009C75E5 /* PBXTargetDependency */ = {
			isa = PBXTargetDependency;
			platformFilter = ios;
			target = E6690C4F1F5E537D0065B7B5 /* ladder-client */;
			targetProxy = E678DECD25E8E2C6009C75E5 /* PBXContainerItemProxy */;
		};
/* End PBXTargetDependency section */

/* Begin XCBuildConfiguration section */
		E61EDA872600D3B200D8D4D3 /* adhoc */ = {
			isa = XCBuildConfiguration;
			buildSettings = {
				ALWAYS_SEARCH_USER_PATHS = NO;
				CLANG_ANALYZER_LOCALIZABILITY_NONLOCALIZED = YES;
				CLANG_ANALYZER_NONNULL = YES;
				CLANG_ANALYZER_NUMBER_OBJECT_CONVERSION = YES_AGGRESSIVE;
				CLANG_CXX_LANGUAGE_STANDARD = "gnu++0x";
				CLANG_CXX_LIBRARY = "libc++";
				CLANG_ENABLE_CODE_COVERAGE = YES;
				CLANG_ENABLE_MODULES = YES;
				CLANG_ENABLE_OBJC_ARC = YES;
				CLANG_WARN_BLOCK_CAPTURE_AUTORELEASING = YES;
				CLANG_WARN_BOOL_CONVERSION = YES;
				CLANG_WARN_COMMA = YES;
				CLANG_WARN_CONSTANT_CONVERSION = YES;
				CLANG_WARN_DEPRECATED_OBJC_IMPLEMENTATIONS = YES;
				CLANG_WARN_DIRECT_OBJC_ISA_USAGE = YES_ERROR;
				CLANG_WARN_DOCUMENTATION_COMMENTS = YES;
				CLANG_WARN_EMPTY_BODY = YES;
				CLANG_WARN_ENUM_CONVERSION = YES;
				CLANG_WARN_INFINITE_RECURSION = YES;
				CLANG_WARN_INT_CONVERSION = YES;
				CLANG_WARN_NON_LITERAL_NULL_CONVERSION = YES;
				CLANG_WARN_OBJC_IMPLICIT_RETAIN_SELF = YES;
				CLANG_WARN_OBJC_LITERAL_CONVERSION = YES;
				CLANG_WARN_OBJC_ROOT_CLASS = YES_ERROR;
				CLANG_WARN_QUOTED_INCLUDE_IN_FRAMEWORK_HEADER = YES;
				CLANG_WARN_RANGE_LOOP_ANALYSIS = YES;
				CLANG_WARN_STRICT_PROTOTYPES = YES;
				CLANG_WARN_SUSPICIOUS_MOVE = YES;
				CLANG_WARN_UNREACHABLE_CODE = YES;
				CLANG_WARN__DUPLICATE_METHOD_MATCH = YES;
				CODE_SIGN_ENTITLEMENTS = "";
				CODE_SIGN_IDENTITY = "Apple Distribution";
				CODE_SIGN_STYLE = Manual;
				COPY_PHASE_STRIP = NO;
				DEBUG_INFORMATION_FORMAT = "dwarf-with-dsym";
				DEVELOPMENT_TEAM = 6RYZ4RB738;
				ENABLE_NS_ASSERTIONS = NO;
				ENABLE_STRICT_OBJC_MSGSEND = YES;
				ENABLE_USER_SCRIPT_SANDBOXING = NO;
				GCC_C_LANGUAGE_STANDARD = gnu99;
				GCC_NO_COMMON_BLOCKS = YES;
				GCC_WARN_64_TO_32_BIT_CONVERSION = YES;
				GCC_WARN_ABOUT_RETURN_TYPE = YES_ERROR;
				GCC_WARN_UNDECLARED_SELECTOR = YES;
				GCC_WARN_UNINITIALIZED_AUTOS = YES_AGGRESSIVE;
				GCC_WARN_UNUSED_FUNCTION = YES;
				GCC_WARN_UNUSED_VARIABLE = YES;
				HEADER_SEARCH_PATHS = "$(inherited)";
				IPHONEOS_DEPLOYMENT_TARGET = 17.0;
				MTL_ENABLE_DEBUG_INFO = NO;
				SDKROOT = iphoneos;
				SWIFT_COMPILATION_MODE = wholemodule;
				SWIFT_OPTIMIZATION_LEVEL = "-O";
				VALIDATE_PRODUCT = YES;
			};
			name = adhoc;
		};
		E61EDA882600D3B200D8D4D3 /* adhoc */ = {
			isa = XCBuildConfiguration;
			buildSettings = {
				ALWAYS_EMBED_SWIFT_STANDARD_LIBRARIES = YES;
				ASSETCATALOG_COMPILER_APPICON_NAME = AppIcon;
				CLANG_ENABLE_CODE_COVERAGE = YES;
				CLANG_ENABLE_MODULES = YES;
				CODE_SIGN_ENTITLEMENTS = "ladder-client/ladder-client.entitlements";
				CODE_SIGN_IDENTITY = "Apple Distribution";
				"CODE_SIGN_IDENTITY[sdk=iphoneos*]" = "iPhone Distribution";
				CODE_SIGN_STYLE = Manual;
				CURRENT_PROJECT_VERSION = 1.0.0;
				DEVELOPMENT_TEAM = 6RYZ4RB738;
				"DEVELOPMENT_TEAM[sdk=iphoneos*]" = 6RYZ4RB738;
				HEADER_SEARCH_PATHS = (
					"$(inherited)",
					"$(SDKROOT)/usr/include/libxml2",
					"\"$(PODS_ROOT)/ISHTTPOperation/ISHTTPOperation\"",
				);
				INFOPLIST_FILE = "$(SRCROOT)/ladder-client/Resources/Plists/Info.plist";
				INFOPLIST_KEY_CFBundleDisplayName = "Ladder Client";
				INFOPLIST_KEY_LSApplicationCategoryType = "public.app-category.news";
				IPHONEOS_DEPLOYMENT_TARGET = 17.0;
				LD_RUNPATH_SEARCH_PATHS = (
					"$(inherited)",
					"@executable_path/Frameworks",
				);
				MARKETING_VERSION = 4.0.0;
				OTHER_LDFLAGS = "$(inherited)";
				PRODUCT_BUNDLE_IDENTIFIER = "org.kenzan8000.ladder-client";
				PRODUCT_NAME = "$(TARGET_NAME)";
				PROVISIONING_PROFILE_SPECIFIER = "match AdHoc org.kenzan8000.ladder-client";
				"PROVISIONING_PROFILE_SPECIFIER[sdk=iphoneos*]" = "match AppStore org.kenzan8000.ladder-client";
				SWIFT_OBJC_BRIDGING_HEADER = "";
				SWIFT_VERSION = 5.0;
			};
			name = adhoc;
		};
		E61EDA8A2600D3B200D8D4D3 /* adhoc */ = {
			isa = XCBuildConfiguration;
			buildSettings = {
				BUNDLE_LOADER = "$(TEST_HOST)";
				CLANG_CXX_LANGUAGE_STANDARD = "gnu++14";
				CLANG_ENABLE_MODULES = YES;
				CLANG_ENABLE_OBJC_WEAK = YES;
				CLANG_WARN_QUOTED_INCLUDE_IN_FRAMEWORK_HEADER = YES;
				CLANG_WARN_UNGUARDED_AVAILABILITY = YES_AGGRESSIVE;
				CODE_SIGN_IDENTITY = "Apple Distribution";
				CODE_SIGN_STYLE = Automatic;
				ENABLE_BITCODE = NO;
				GCC_C_LANGUAGE_STANDARD = gnu11;
				INFOPLIST_FILE = "ladder-clientTests/Info.plist";
				IPHONEOS_DEPLOYMENT_TARGET = 17.0;
				LD_RUNPATH_SEARCH_PATHS = (
					"$(inherited)",
					"@executable_path/Frameworks",
					"@loader_path/Frameworks",
				);
				MTL_FAST_MATH = YES;
				PRODUCT_BUNDLE_IDENTIFIER = "org.kenzan8000.ladder-clientTests";
				PRODUCT_NAME = "$(TARGET_NAME)";
				SWIFT_VERSION = 5.0;
				TARGETED_DEVICE_FAMILY = "1,2";
				TEST_HOST = "$(BUILT_PRODUCTS_DIR)/ladder-client.app/ladder-client";
			};
			name = adhoc;
		};
		E6690C601F5E537E0065B7B5 /* Debug */ = {
			isa = XCBuildConfiguration;
			buildSettings = {
				ALWAYS_SEARCH_USER_PATHS = NO;
				CLANG_ANALYZER_LOCALIZABILITY_NONLOCALIZED = YES;
				CLANG_ANALYZER_NONNULL = YES;
				CLANG_ANALYZER_NUMBER_OBJECT_CONVERSION = YES_AGGRESSIVE;
				CLANG_CXX_LANGUAGE_STANDARD = "gnu++0x";
				CLANG_CXX_LIBRARY = "libc++";
				CLANG_ENABLE_CODE_COVERAGE = YES;
				CLANG_ENABLE_MODULES = YES;
				CLANG_ENABLE_OBJC_ARC = YES;
				CLANG_WARN_BLOCK_CAPTURE_AUTORELEASING = YES;
				CLANG_WARN_BOOL_CONVERSION = YES;
				CLANG_WARN_COMMA = YES;
				CLANG_WARN_CONSTANT_CONVERSION = YES;
				CLANG_WARN_DEPRECATED_OBJC_IMPLEMENTATIONS = YES;
				CLANG_WARN_DIRECT_OBJC_ISA_USAGE = YES_ERROR;
				CLANG_WARN_DOCUMENTATION_COMMENTS = YES;
				CLANG_WARN_EMPTY_BODY = YES;
				CLANG_WARN_ENUM_CONVERSION = YES;
				CLANG_WARN_INFINITE_RECURSION = YES;
				CLANG_WARN_INT_CONVERSION = YES;
				CLANG_WARN_NON_LITERAL_NULL_CONVERSION = YES;
				CLANG_WARN_OBJC_IMPLICIT_RETAIN_SELF = YES;
				CLANG_WARN_OBJC_LITERAL_CONVERSION = YES;
				CLANG_WARN_OBJC_ROOT_CLASS = YES_ERROR;
				CLANG_WARN_QUOTED_INCLUDE_IN_FRAMEWORK_HEADER = YES;
				CLANG_WARN_RANGE_LOOP_ANALYSIS = YES;
				CLANG_WARN_STRICT_PROTOTYPES = YES;
				CLANG_WARN_SUSPICIOUS_MOVE = YES;
				CLANG_WARN_UNREACHABLE_CODE = YES;
				CLANG_WARN__DUPLICATE_METHOD_MATCH = YES;
				CODE_SIGN_ENTITLEMENTS = "";
				CODE_SIGN_IDENTITY = "Apple Development";
				CODE_SIGN_STYLE = Automatic;
				COPY_PHASE_STRIP = NO;
				DEBUG_INFORMATION_FORMAT = dwarf;
				DEVELOPMENT_TEAM = 6RYZ4RB738;
				ENABLE_STRICT_OBJC_MSGSEND = YES;
				ENABLE_TESTABILITY = YES;
				ENABLE_USER_SCRIPT_SANDBOXING = NO;
				GCC_C_LANGUAGE_STANDARD = gnu99;
				GCC_DYNAMIC_NO_PIC = NO;
				GCC_NO_COMMON_BLOCKS = YES;
				GCC_OPTIMIZATION_LEVEL = 0;
				GCC_PREPROCESSOR_DEFINITIONS = (
					"DEBUG=1",
					"$(inherited)",
				);
				GCC_WARN_64_TO_32_BIT_CONVERSION = YES;
				GCC_WARN_ABOUT_RETURN_TYPE = YES_ERROR;
				GCC_WARN_UNDECLARED_SELECTOR = YES;
				GCC_WARN_UNINITIALIZED_AUTOS = YES_AGGRESSIVE;
				GCC_WARN_UNUSED_FUNCTION = YES;
				GCC_WARN_UNUSED_VARIABLE = YES;
				HEADER_SEARCH_PATHS = "$(inherited)";
				IPHONEOS_DEPLOYMENT_TARGET = 17.0;
				MTL_ENABLE_DEBUG_INFO = YES;
				ONLY_ACTIVE_ARCH = YES;
				SDKROOT = iphoneos;
				SWIFT_ACTIVE_COMPILATION_CONDITIONS = DEBUG;
				SWIFT_OPTIMIZATION_LEVEL = "-Onone";
			};
			name = Debug;
		};
		E6690C611F5E537E0065B7B5 /* Release */ = {
			isa = XCBuildConfiguration;
			buildSettings = {
				ALWAYS_SEARCH_USER_PATHS = NO;
				CLANG_ANALYZER_LOCALIZABILITY_NONLOCALIZED = YES;
				CLANG_ANALYZER_NONNULL = YES;
				CLANG_ANALYZER_NUMBER_OBJECT_CONVERSION = YES_AGGRESSIVE;
				CLANG_CXX_LANGUAGE_STANDARD = "gnu++0x";
				CLANG_CXX_LIBRARY = "libc++";
				CLANG_ENABLE_CODE_COVERAGE = YES;
				CLANG_ENABLE_MODULES = YES;
				CLANG_ENABLE_OBJC_ARC = YES;
				CLANG_WARN_BLOCK_CAPTURE_AUTORELEASING = YES;
				CLANG_WARN_BOOL_CONVERSION = YES;
				CLANG_WARN_COMMA = YES;
				CLANG_WARN_CONSTANT_CONVERSION = YES;
				CLANG_WARN_DEPRECATED_OBJC_IMPLEMENTATIONS = YES;
				CLANG_WARN_DIRECT_OBJC_ISA_USAGE = YES_ERROR;
				CLANG_WARN_DOCUMENTATION_COMMENTS = YES;
				CLANG_WARN_EMPTY_BODY = YES;
				CLANG_WARN_ENUM_CONVERSION = YES;
				CLANG_WARN_INFINITE_RECURSION = YES;
				CLANG_WARN_INT_CONVERSION = YES;
				CLANG_WARN_NON_LITERAL_NULL_CONVERSION = YES;
				CLANG_WARN_OBJC_IMPLICIT_RETAIN_SELF = YES;
				CLANG_WARN_OBJC_LITERAL_CONVERSION = YES;
				CLANG_WARN_OBJC_ROOT_CLASS = YES_ERROR;
				CLANG_WARN_QUOTED_INCLUDE_IN_FRAMEWORK_HEADER = YES;
				CLANG_WARN_RANGE_LOOP_ANALYSIS = YES;
				CLANG_WARN_STRICT_PROTOTYPES = YES;
				CLANG_WARN_SUSPICIOUS_MOVE = YES;
				CLANG_WARN_UNREACHABLE_CODE = YES;
				CLANG_WARN__DUPLICATE_METHOD_MATCH = YES;
				CODE_SIGN_ENTITLEMENTS = "";
				CODE_SIGN_IDENTITY = "Apple Distribution";
				CODE_SIGN_STYLE = Manual;
				COPY_PHASE_STRIP = NO;
				DEBUG_INFORMATION_FORMAT = "dwarf-with-dsym";
				DEVELOPMENT_TEAM = 6RYZ4RB738;
				ENABLE_NS_ASSERTIONS = NO;
				ENABLE_STRICT_OBJC_MSGSEND = YES;
				ENABLE_USER_SCRIPT_SANDBOXING = NO;
				GCC_C_LANGUAGE_STANDARD = gnu99;
				GCC_NO_COMMON_BLOCKS = YES;
				GCC_WARN_64_TO_32_BIT_CONVERSION = YES;
				GCC_WARN_ABOUT_RETURN_TYPE = YES_ERROR;
				GCC_WARN_UNDECLARED_SELECTOR = YES;
				GCC_WARN_UNINITIALIZED_AUTOS = YES_AGGRESSIVE;
				GCC_WARN_UNUSED_FUNCTION = YES;
				GCC_WARN_UNUSED_VARIABLE = YES;
				HEADER_SEARCH_PATHS = "$(inherited)";
				IPHONEOS_DEPLOYMENT_TARGET = 17.0;
				MTL_ENABLE_DEBUG_INFO = NO;
				SDKROOT = iphoneos;
				SWIFT_COMPILATION_MODE = wholemodule;
				SWIFT_OPTIMIZATION_LEVEL = "-O";
				VALIDATE_PRODUCT = YES;
			};
			name = Release;
		};
		E6690C631F5E537E0065B7B5 /* Debug */ = {
			isa = XCBuildConfiguration;
			buildSettings = {
				ALWAYS_EMBED_SWIFT_STANDARD_LIBRARIES = YES;
				ASSETCATALOG_COMPILER_APPICON_NAME = AppIcon;
				CLANG_ENABLE_CODE_COVERAGE = YES;
				CLANG_ENABLE_MODULES = YES;
				CODE_SIGN_ENTITLEMENTS = "ladder-client/ladder-client.entitlements";
				CODE_SIGN_IDENTITY = "Apple Development";
				CODE_SIGN_STYLE = Automatic;
				CURRENT_PROJECT_VERSION = 1.0.0;
				DEBUG_INFORMATION_FORMAT = dwarf;
				DEVELOPMENT_TEAM = 6RYZ4RB738;
				HEADER_SEARCH_PATHS = (
					"$(inherited)",
					"$(SDKROOT)/usr/include/libxml2",
					"\"$(PODS_ROOT)/ISHTTPOperation/ISHTTPOperation\"",
				);
				INFOPLIST_FILE = "$(SRCROOT)/ladder-client/Resources/Plists/Info.plist";
				INFOPLIST_KEY_CFBundleDisplayName = "Ladder Client";
				INFOPLIST_KEY_LSApplicationCategoryType = "public.app-category.news";
				IPHONEOS_DEPLOYMENT_TARGET = 17.0;
				LD_RUNPATH_SEARCH_PATHS = (
					"$(inherited)",
					"@executable_path/Frameworks",
				);
				MARKETING_VERSION = 4.0.0;
				OTHER_LDFLAGS = "$(inherited)";
				PRODUCT_BUNDLE_IDENTIFIER = "org.kenzan8000.ladder-client";
				PRODUCT_NAME = "$(TARGET_NAME)";
				PROVISIONING_PROFILE_SPECIFIER = "";
				SWIFT_OBJC_BRIDGING_HEADER = "";
				SWIFT_OPTIMIZATION_LEVEL = "-Onone";
				SWIFT_VERSION = 5.0;
			};
			name = Debug;
		};
		E6690C641F5E537E0065B7B5 /* Release */ = {
			isa = XCBuildConfiguration;
			buildSettings = {
				ALWAYS_EMBED_SWIFT_STANDARD_LIBRARIES = YES;
				ASSETCATALOG_COMPILER_APPICON_NAME = AppIcon;
				CLANG_ENABLE_CODE_COVERAGE = YES;
				CLANG_ENABLE_MODULES = YES;
				CODE_SIGN_ENTITLEMENTS = "ladder-client/ladder-client.entitlements";
				CODE_SIGN_IDENTITY = "Apple Distribution";
				"CODE_SIGN_IDENTITY[sdk=iphoneos*]" = "iPhone Distribution";
				CODE_SIGN_STYLE = Manual;
				CURRENT_PROJECT_VERSION = 1.0.0;
				DEVELOPMENT_TEAM = 6RYZ4RB738;
				"DEVELOPMENT_TEAM[sdk=iphoneos*]" = 6RYZ4RB738;
				HEADER_SEARCH_PATHS = (
					"$(inherited)",
					"$(SDKROOT)/usr/include/libxml2",
					"\"$(PODS_ROOT)/ISHTTPOperation/ISHTTPOperation\"",
				);
				INFOPLIST_FILE = "$(SRCROOT)/ladder-client/Resources/Plists/Info.plist";
				INFOPLIST_KEY_CFBundleDisplayName = "Ladder Client";
				INFOPLIST_KEY_LSApplicationCategoryType = "public.app-category.news";
				IPHONEOS_DEPLOYMENT_TARGET = 17.0;
				LD_RUNPATH_SEARCH_PATHS = (
					"$(inherited)",
					"@executable_path/Frameworks",
				);
				MARKETING_VERSION = 4.0.0;
				OTHER_LDFLAGS = "$(inherited)";
				PRODUCT_BUNDLE_IDENTIFIER = "org.kenzan8000.ladder-client";
				PRODUCT_NAME = "$(TARGET_NAME)";
				PROVISIONING_PROFILE_SPECIFIER = "match AppStore org.kenzan8000.ladder-client";
				"PROVISIONING_PROFILE_SPECIFIER[sdk=iphoneos*]" = "match AppStore org.kenzan8000.ladder-client";
				SWIFT_OBJC_BRIDGING_HEADER = "";
				SWIFT_VERSION = 5.0;
			};
			name = Release;
		};
		E678DECF25E8E2C6009C75E5 /* Debug */ = {
			isa = XCBuildConfiguration;
			buildSettings = {
				BUNDLE_LOADER = "$(TEST_HOST)";
				CLANG_CXX_LANGUAGE_STANDARD = "gnu++14";
				CLANG_ENABLE_MODULES = YES;
				CLANG_ENABLE_OBJC_WEAK = YES;
				CLANG_WARN_QUOTED_INCLUDE_IN_FRAMEWORK_HEADER = YES;
				CLANG_WARN_UNGUARDED_AVAILABILITY = YES_AGGRESSIVE;
				CODE_SIGN_IDENTITY = "Apple Development";
				CODE_SIGN_STYLE = Automatic;
				DEVELOPMENT_TEAM = 6RYZ4RB738;
				ENABLE_BITCODE = NO;
				GCC_C_LANGUAGE_STANDARD = gnu11;
				INFOPLIST_FILE = "ladder-clientTests/Info.plist";
				IPHONEOS_DEPLOYMENT_TARGET = 17.0;
				LD_RUNPATH_SEARCH_PATHS = (
					"$(inherited)",
					"@executable_path/Frameworks",
					"@loader_path/Frameworks",
				);
				MTL_ENABLE_DEBUG_INFO = INCLUDE_SOURCE;
				MTL_FAST_MATH = YES;
				PRODUCT_BUNDLE_IDENTIFIER = "org.kenzan8000.ladder-clientTests";
				PRODUCT_NAME = "$(TARGET_NAME)";
				PROVISIONING_PROFILE_SPECIFIER = "";
				SWIFT_OPTIMIZATION_LEVEL = "-Onone";
				SWIFT_VERSION = 5.0;
				TARGETED_DEVICE_FAMILY = "1,2";
				TEST_HOST = "$(BUILT_PRODUCTS_DIR)/ladder-client.app/ladder-client";
			};
			name = Debug;
		};
		E678DED025E8E2C6009C75E5 /* Release */ = {
			isa = XCBuildConfiguration;
			buildSettings = {
				BUNDLE_LOADER = "$(TEST_HOST)";
				CLANG_CXX_LANGUAGE_STANDARD = "gnu++14";
				CLANG_ENABLE_MODULES = YES;
				CLANG_ENABLE_OBJC_WEAK = YES;
				CLANG_WARN_QUOTED_INCLUDE_IN_FRAMEWORK_HEADER = YES;
				CLANG_WARN_UNGUARDED_AVAILABILITY = YES_AGGRESSIVE;
				CODE_SIGN_IDENTITY = "Apple Distribution";
				CODE_SIGN_STYLE = Automatic;
				ENABLE_BITCODE = NO;
				GCC_C_LANGUAGE_STANDARD = gnu11;
				INFOPLIST_FILE = "ladder-clientTests/Info.plist";
				IPHONEOS_DEPLOYMENT_TARGET = 17.0;
				LD_RUNPATH_SEARCH_PATHS = (
					"$(inherited)",
					"@executable_path/Frameworks",
					"@loader_path/Frameworks",
				);
				MTL_FAST_MATH = YES;
				PRODUCT_BUNDLE_IDENTIFIER = "org.kenzan8000.ladder-clientTests";
				PRODUCT_NAME = "$(TARGET_NAME)";
				SWIFT_VERSION = 5.0;
				TARGETED_DEVICE_FAMILY = "1,2";
				TEST_HOST = "$(BUILT_PRODUCTS_DIR)/ladder-client.app/ladder-client";
			};
			name = Release;
		};
/* End XCBuildConfiguration section */

/* Begin XCConfigurationList section */
		E6690C4B1F5E537D0065B7B5 /* Build configuration list for PBXProject "ladder-client" */ = {
			isa = XCConfigurationList;
			buildConfigurations = (
				E6690C601F5E537E0065B7B5 /* Debug */,
				E6690C611F5E537E0065B7B5 /* Release */,
				E61EDA872600D3B200D8D4D3 /* adhoc */,
			);
			defaultConfigurationIsVisible = 0;
			defaultConfigurationName = Release;
		};
		E6690C621F5E537E0065B7B5 /* Build configuration list for PBXNativeTarget "ladder-client" */ = {
			isa = XCConfigurationList;
			buildConfigurations = (
				E6690C631F5E537E0065B7B5 /* Debug */,
				E6690C641F5E537E0065B7B5 /* Release */,
				E61EDA882600D3B200D8D4D3 /* adhoc */,
			);
			defaultConfigurationIsVisible = 0;
			defaultConfigurationName = Release;
		};
		E678DED125E8E2C6009C75E5 /* Build configuration list for PBXNativeTarget "ladder-clientTests" */ = {
			isa = XCConfigurationList;
			buildConfigurations = (
				E678DECF25E8E2C6009C75E5 /* Debug */,
				E678DED025E8E2C6009C75E5 /* Release */,
				E61EDA8A2600D3B200D8D4D3 /* adhoc */,
			);
			defaultConfigurationIsVisible = 0;
			defaultConfigurationName = Release;
		};
/* End XCConfigurationList section */

/* Begin XCRemoteSwiftPackageReference section */
		E6572DCD25E778C700C0F18C /* XCRemoteSwiftPackageReference "HTMLReader" */ = {
			isa = XCRemoteSwiftPackageReference;
			repositoryURL = "https://github.com/nolanw/HTMLReader.git";
			requirement = {
				kind = upToNextMajorVersion;
				minimumVersion = 2.2.1;
			};
		};
		E6572DD225E778E200C0F18C /* XCRemoteSwiftPackageReference "KeychainAccess" */ = {
			isa = XCRemoteSwiftPackageReference;
			repositoryURL = "https://github.com/kishikawakatsumi/KeychainAccess.git";
			requirement = {
				kind = upToNextMajorVersion;
				minimumVersion = 4.2.2;
			};
		};
/* End XCRemoteSwiftPackageReference section */

/* Begin XCSwiftPackageProductDependency section */
		E6572DCE25E778C700C0F18C /* HTMLReader */ = {
			isa = XCSwiftPackageProductDependency;
			package = E6572DCD25E778C700C0F18C /* XCRemoteSwiftPackageReference "HTMLReader" */;
			productName = HTMLReader;
		};
		E6572DD325E778E200C0F18C /* KeychainAccess */ = {
			isa = XCSwiftPackageProductDependency;
			package = E6572DD225E778E200C0F18C /* XCRemoteSwiftPackageReference "KeychainAccess" */;
			productName = KeychainAccess;
		};
/* End XCSwiftPackageProductDependency section */
	};
	rootObject = E6690C481F5E537D0065B7B5 /* Project object */;
}
