// !$*UTF8*$!
{
	archiveVersion = 1;
	classes = {
	};
	objectVersion = 46;
	objects = {

/* Begin PBXBuildFile section */
		8CB4B4A05F4346E4D068905E /* Pods_ladder_client.framework in Frameworks */ = {isa = PBXBuildFile; fileRef = 9089F3FDFE5515AF9B9502BC /* Pods_ladder_client.framework */; };
		E60230BA1F5E54740052F762 /* AppDelegate.swift in Sources */ = {isa = PBXBuildFile; fileRef = E60230B71F5E54740052F762 /* AppDelegate.swift */; };
		E60230BB1F5E54740052F762 /* Main.storyboard in Resources */ = {isa = PBXBuildFile; fileRef = E60230B81F5E54740052F762 /* Main.storyboard */; };
		E60230C11F5E54860052F762 /* Assets.xcassets in Resources */ = {isa = PBXBuildFile; fileRef = E60230BE1F5E54860052F762 /* Assets.xcassets */; };
		E605EDF31F986C1D00FF12D5 /* LDRFeedSubsUnreadOperation.swift in Sources */ = {isa = PBXBuildFile; fileRef = E605EDF01F986C1D00FF12D5 /* LDRFeedSubsUnreadOperation.swift */; };
		E605EDF41F986C1D00FF12D5 /* LDRFeedTouchAllOperation.swift in Sources */ = {isa = PBXBuildFile; fileRef = E605EDF11F986C1D00FF12D5 /* LDRFeedTouchAllOperation.swift */; };
		E605EDF51F986C1D00FF12D5 /* LDRFeedUnreadOperation.swift in Sources */ = {isa = PBXBuildFile; fileRef = E605EDF21F986C1D00FF12D5 /* LDRFeedUnreadOperation.swift */; };
		E60763991F9452D70012A910 /* LDRSettingLoginOperationQueue.swift in Sources */ = {isa = PBXBuildFile; fileRef = E60763981F9452D60012A910 /* LDRSettingLoginOperationQueue.swift */; };
		E60D63D11F73ABB400D4C01F /* LDRFeedTableViewCell.xib in Resources */ = {isa = PBXBuildFile; fileRef = E60D63CF1F73ABB400D4C01F /* LDRFeedTableViewCell.xib */; };
		E60D63D21F73ABB400D4C01F /* LDRFeedTableViewCell.swift in Sources */ = {isa = PBXBuildFile; fileRef = E60D63D01F73ABB400D4C01F /* LDRFeedTableViewCell.swift */; };
		E60D63D41F73AEEF00D4C01F /* LDRConstant.swift in Sources */ = {isa = PBXBuildFile; fileRef = E60D63D31F73AEEF00D4C01F /* LDRConstant.swift */; };
		E618BBC11F805302006B593E /* LDRWebViewController.swift in Sources */ = {isa = PBXBuildFile; fileRef = E618BBC01F805302006B593E /* LDRWebViewController.swift */; };
		E66ACC321F986E45000B7EC5 /* LDRPinAddOperation.swift in Sources */ = {isa = PBXBuildFile; fileRef = E66ACC2E1F986E44000B7EC5 /* LDRPinAddOperation.swift */; };
		E66ACC331F986E45000B7EC5 /* LDRPinAllOperation.swift in Sources */ = {isa = PBXBuildFile; fileRef = E66ACC2F1F986E45000B7EC5 /* LDRPinAllOperation.swift */; };
		E66ACC341F986E45000B7EC5 /* LDRPinRemoveOperation.swift in Sources */ = {isa = PBXBuildFile; fileRef = E66ACC301F986E45000B7EC5 /* LDRPinRemoveOperation.swift */; };
		E66ACC351F986E45000B7EC5 /* LDRPinOperationQueue.swift in Sources */ = {isa = PBXBuildFile; fileRef = E66ACC311F986E45000B7EC5 /* LDRPinOperationQueue.swift */; };
		E66EF8591F945EE20073C44B /* URL+Queries.swift in Sources */ = {isa = PBXBuildFile; fileRef = E66EF8581F945EE20073C44B /* URL+Queries.swift */; };
		E674AB421F94588E00348C98 /* LDRBlinkView.swift in Sources */ = {isa = PBXBuildFile; fileRef = E674AB411F94588D00348C98 /* LDRBlinkView.swift */; };
		E674B5091F74EE3600D05461 /* LDRTabBarController.swift in Sources */ = {isa = PBXBuildFile; fileRef = E674B5081F74EE3600D05461 /* LDRTabBarController.swift */; };
		E676000C1F9481DA000A7B16 /* SwiftyJSON.swift in Sources */ = {isa = PBXBuildFile; fileRef = E676000B1F9481DA000A7B16 /* SwiftyJSON.swift */; };
		E67600111F94855F000A7B16 /* LDROperation.m in Sources */ = {isa = PBXBuildFile; fileRef = E67600101F94855F000A7B16 /* LDROperation.m */; };
		E67EB2FB1F78C8CF00C7940B /* LDRPinTableViewCell.xib in Resources */ = {isa = PBXBuildFile; fileRef = E67EB2F91F78C8CF00C7940B /* LDRPinTableViewCell.xib */; };
		E67EB2FC1F78C8CF00C7940B /* LDRPinTableViewCell.swift in Sources */ = {isa = PBXBuildFile; fileRef = E67EB2FA1F78C8CF00C7940B /* LDRPinTableViewCell.swift */; };
		E69C865B1F98670E00EF525B /* LDRFeedOperationQueue.swift in Sources */ = {isa = PBXBuildFile; fileRef = E69C865A1F98670E00EF525B /* LDRFeedOperationQueue.swift */; };
		E6A4F7901F74E524001BE38F /* LDRFeedViewForHeader.xib in Resources */ = {isa = PBXBuildFile; fileRef = E6A4F78E1F74E523001BE38F /* LDRFeedViewForHeader.xib */; };
		E6A4F7911F74E524001BE38F /* LDRFeedViewForHeader.swift in Sources */ = {isa = PBXBuildFile; fileRef = E6A4F78F1F74E524001BE38F /* LDRFeedViewForHeader.swift */; };
		E6BC9A4C1F92D7FC006B3DEC /* LDRPin.swift in Sources */ = {isa = PBXBuildFile; fileRef = E6BC9A4B1F92D7FC006B3DEC /* LDRPin.swift */; };
		E6BCD01A1F944CA200B2E7E6 /* Reachability.m in Sources */ = {isa = PBXBuildFile; fileRef = E6BCD0191F944CA200B2E7E6 /* Reachability.m */; };
		E6C32EE41F92CC610052DDE3 /* LDRCoreDataManager.swift in Sources */ = {isa = PBXBuildFile; fileRef = E6C32EE11F92CC610052DDE3 /* LDRCoreDataManager.swift */; };
		E6C32EE51F92CC610052DDE3 /* LDRModel.xcdatamodeld in Sources */ = {isa = PBXBuildFile; fileRef = E6C32EE21F92CC610052DDE3 /* LDRModel.xcdatamodeld */; };
		E6C7B3621F849286000EFCE6 /* LDRSettingViewController.swift in Sources */ = {isa = PBXBuildFile; fileRef = E6C7B3611F849286000EFCE6 /* LDRSettingViewController.swift */; };
		E6D1CF561F7B6D8F00BA0273 /* LDRFeedDetailViewController.swift in Sources */ = {isa = PBXBuildFile; fileRef = E6D1CF551F7B6D8F00BA0273 /* LDRFeedDetailViewController.swift */; };
		E6D8DA521F92CE17002CAD69 /* CoreData.framework in Frameworks */ = {isa = PBXBuildFile; fileRef = E6D8DA511F92CE17002CAD69 /* CoreData.framework */; };
		E6D8DA541F92D2C1002CAD69 /* LDRFeedSubsUnread.swift in Sources */ = {isa = PBXBuildFile; fileRef = E6D8DA531F92D2C1002CAD69 /* LDRFeedSubsUnread.swift */; };
		E6F6B8781F95C9E200C964DC /* HTTPCookieStorage+Cookie.swift in Sources */ = {isa = PBXBuildFile; fileRef = E6F6B8771F95C9E100C964DC /* HTTPCookieStorage+Cookie.swift */; };
		E6FFD66A1F6DEB7900AD947E /* LDRFeedViewController.swift in Sources */ = {isa = PBXBuildFile; fileRef = E6FFD6671F6DEB7900AD947E /* LDRFeedViewController.swift */; };
		E6FFD66B1F6DEB7900AD947E /* LDRPinViewController.swift in Sources */ = {isa = PBXBuildFile; fileRef = E6FFD6691F6DEB7900AD947E /* LDRPinViewController.swift */; };
/* End PBXBuildFile section */

/* Begin PBXFileReference section */
		9089F3FDFE5515AF9B9502BC /* Pods_ladder_client.framework */ = {isa = PBXFileReference; explicitFileType = wrapper.framework; includeInIndex = 0; path = Pods_ladder_client.framework; sourceTree = BUILT_PRODUCTS_DIR; };
		AF53690F14A043A005990FB1 /* Pods-ladder-client.debug.xcconfig */ = {isa = PBXFileReference; includeInIndex = 1; lastKnownFileType = text.xcconfig; name = "Pods-ladder-client.debug.xcconfig"; path = "Pods/Target Support Files/Pods-ladder-client/Pods-ladder-client.debug.xcconfig"; sourceTree = "<group>"; };
		BD395FE48987FD0A0B67FD4B /* Pods-ladder-client.release.xcconfig */ = {isa = PBXFileReference; includeInIndex = 1; lastKnownFileType = text.xcconfig; name = "Pods-ladder-client.release.xcconfig"; path = "Pods/Target Support Files/Pods-ladder-client/Pods-ladder-client.release.xcconfig"; sourceTree = "<group>"; };
		E60230B71F5E54740052F762 /* AppDelegate.swift */ = {isa = PBXFileReference; fileEncoding = 4; lastKnownFileType = sourcecode.swift; path = AppDelegate.swift; sourceTree = "<group>"; };
		E60230B81F5E54740052F762 /* Main.storyboard */ = {isa = PBXFileReference; fileEncoding = 4; lastKnownFileType = file.storyboard; path = Main.storyboard; sourceTree = "<group>"; };
		E60230BE1F5E54860052F762 /* Assets.xcassets */ = {isa = PBXFileReference; lastKnownFileType = folder.assetcatalog; path = Assets.xcassets; sourceTree = "<group>"; };
		E605EDF01F986C1D00FF12D5 /* LDRFeedSubsUnreadOperation.swift */ = {isa = PBXFileReference; fileEncoding = 4; lastKnownFileType = sourcecode.swift; path = LDRFeedSubsUnreadOperation.swift; sourceTree = "<group>"; };
		E605EDF11F986C1D00FF12D5 /* LDRFeedTouchAllOperation.swift */ = {isa = PBXFileReference; fileEncoding = 4; lastKnownFileType = sourcecode.swift; path = LDRFeedTouchAllOperation.swift; sourceTree = "<group>"; };
		E605EDF21F986C1D00FF12D5 /* LDRFeedUnreadOperation.swift */ = {isa = PBXFileReference; fileEncoding = 4; lastKnownFileType = sourcecode.swift; path = LDRFeedUnreadOperation.swift; sourceTree = "<group>"; };
		E60763981F9452D60012A910 /* LDRSettingLoginOperationQueue.swift */ = {isa = PBXFileReference; fileEncoding = 4; lastKnownFileType = sourcecode.swift; path = LDRSettingLoginOperationQueue.swift; sourceTree = "<group>"; };
		E60D63CF1F73ABB400D4C01F /* LDRFeedTableViewCell.xib */ = {isa = PBXFileReference; fileEncoding = 4; lastKnownFileType = file.xib; path = LDRFeedTableViewCell.xib; sourceTree = "<group>"; };
		E60D63D01F73ABB400D4C01F /* LDRFeedTableViewCell.swift */ = {isa = PBXFileReference; fileEncoding = 4; lastKnownFileType = sourcecode.swift; path = LDRFeedTableViewCell.swift; sourceTree = "<group>"; };
		E60D63D31F73AEEF00D4C01F /* LDRConstant.swift */ = {isa = PBXFileReference; fileEncoding = 4; lastKnownFileType = sourcecode.swift; path = LDRConstant.swift; sourceTree = "<group>"; };
		E618BBC01F805302006B593E /* LDRWebViewController.swift */ = {isa = PBXFileReference; fileEncoding = 4; lastKnownFileType = sourcecode.swift; path = LDRWebViewController.swift; sourceTree = "<group>"; };
		E6690C501F5E537E0065B7B5 /* ladder-client.app */ = {isa = PBXFileReference; explicitFileType = wrapper.application; includeInIndex = 0; path = "ladder-client.app"; sourceTree = BUILT_PRODUCTS_DIR; };
		E66ACC2E1F986E44000B7EC5 /* LDRPinAddOperation.swift */ = {isa = PBXFileReference; fileEncoding = 4; lastKnownFileType = sourcecode.swift; path = LDRPinAddOperation.swift; sourceTree = "<group>"; };
		E66ACC2F1F986E45000B7EC5 /* LDRPinAllOperation.swift */ = {isa = PBXFileReference; fileEncoding = 4; lastKnownFileType = sourcecode.swift; path = LDRPinAllOperation.swift; sourceTree = "<group>"; };
		E66ACC301F986E45000B7EC5 /* LDRPinRemoveOperation.swift */ = {isa = PBXFileReference; fileEncoding = 4; lastKnownFileType = sourcecode.swift; path = LDRPinRemoveOperation.swift; sourceTree = "<group>"; };
		E66ACC311F986E45000B7EC5 /* LDRPinOperationQueue.swift */ = {isa = PBXFileReference; fileEncoding = 4; lastKnownFileType = sourcecode.swift; path = LDRPinOperationQueue.swift; sourceTree = "<group>"; };
		E66EF8581F945EE20073C44B /* URL+Queries.swift */ = {isa = PBXFileReference; fileEncoding = 4; lastKnownFileType = sourcecode.swift; path = "URL+Queries.swift"; sourceTree = "<group>"; };
		E674AB411F94588D00348C98 /* LDRBlinkView.swift */ = {isa = PBXFileReference; fileEncoding = 4; lastKnownFileType = sourcecode.swift; path = LDRBlinkView.swift; sourceTree = "<group>"; };
		E674B5081F74EE3600D05461 /* LDRTabBarController.swift */ = {isa = PBXFileReference; fileEncoding = 4; lastKnownFileType = sourcecode.swift; path = LDRTabBarController.swift; sourceTree = "<group>"; };
		E676000A1F9481DA000A7B16 /* SwiftyJSON.h */ = {isa = PBXFileReference; fileEncoding = 4; lastKnownFileType = sourcecode.c.h; name = SwiftyJSON.h; path = "ladder-client/Classes/SwiftyJSON/Source/SwiftyJSON.h"; sourceTree = SOURCE_ROOT; };
		E676000B1F9481DA000A7B16 /* SwiftyJSON.swift */ = {isa = PBXFileReference; fileEncoding = 4; lastKnownFileType = sourcecode.swift; name = SwiftyJSON.swift; path = "ladder-client/Classes/SwiftyJSON/Source/SwiftyJSON.swift"; sourceTree = SOURCE_ROOT; };
		E676000F1F94855E000A7B16 /* LDROperation.h */ = {isa = PBXFileReference; fileEncoding = 4; lastKnownFileType = sourcecode.c.h; path = LDROperation.h; sourceTree = "<group>"; };
		E67600101F94855F000A7B16 /* LDROperation.m */ = {isa = PBXFileReference; fileEncoding = 4; lastKnownFileType = sourcecode.c.objc; path = LDROperation.m; sourceTree = "<group>"; };
		E67EB2F91F78C8CF00C7940B /* LDRPinTableViewCell.xib */ = {isa = PBXFileReference; fileEncoding = 4; lastKnownFileType = file.xib; path = LDRPinTableViewCell.xib; sourceTree = "<group>"; };
		E67EB2FA1F78C8CF00C7940B /* LDRPinTableViewCell.swift */ = {isa = PBXFileReference; fileEncoding = 4; lastKnownFileType = sourcecode.swift; path = LDRPinTableViewCell.swift; sourceTree = "<group>"; };
		E696D9011F6F215E00DDB5D2 /* ladder-client-Bridging-Header.h */ = {isa = PBXFileReference; lastKnownFileType = sourcecode.c.h; path = "ladder-client-Bridging-Header.h"; sourceTree = "<group>"; };
		E69C865A1F98670E00EF525B /* LDRFeedOperationQueue.swift */ = {isa = PBXFileReference; fileEncoding = 4; lastKnownFileType = sourcecode.swift; path = LDRFeedOperationQueue.swift; sourceTree = "<group>"; };
		E6A4F78E1F74E523001BE38F /* LDRFeedViewForHeader.xib */ = {isa = PBXFileReference; fileEncoding = 4; lastKnownFileType = file.xib; path = LDRFeedViewForHeader.xib; sourceTree = "<group>"; };
		E6A4F78F1F74E524001BE38F /* LDRFeedViewForHeader.swift */ = {isa = PBXFileReference; fileEncoding = 4; lastKnownFileType = sourcecode.swift; path = LDRFeedViewForHeader.swift; sourceTree = "<group>"; };
		E6BC9A4B1F92D7FC006B3DEC /* LDRPin.swift */ = {isa = PBXFileReference; fileEncoding = 4; lastKnownFileType = sourcecode.swift; path = LDRPin.swift; sourceTree = "<group>"; };
		E6BCD0181F944CA200B2E7E6 /* Reachability.h */ = {isa = PBXFileReference; fileEncoding = 4; lastKnownFileType = sourcecode.c.h; path = Reachability.h; sourceTree = "<group>"; };
		E6BCD0191F944CA200B2E7E6 /* Reachability.m */ = {isa = PBXFileReference; fileEncoding = 4; lastKnownFileType = sourcecode.c.objc; path = Reachability.m; sourceTree = "<group>"; };
		E6C32EE11F92CC610052DDE3 /* LDRCoreDataManager.swift */ = {isa = PBXFileReference; fileEncoding = 4; lastKnownFileType = sourcecode.swift; path = LDRCoreDataManager.swift; sourceTree = "<group>"; };
		E6C32EE31F92CC610052DDE3 /* JBModel.xcdatamodel */ = {isa = PBXFileReference; lastKnownFileType = wrapper.xcdatamodel; path = JBModel.xcdatamodel; sourceTree = "<group>"; };
		E6C7B3611F849286000EFCE6 /* LDRSettingViewController.swift */ = {isa = PBXFileReference; fileEncoding = 4; lastKnownFileType = sourcecode.swift; path = LDRSettingViewController.swift; sourceTree = "<group>"; };
		E6D1CF551F7B6D8F00BA0273 /* LDRFeedDetailViewController.swift */ = {isa = PBXFileReference; fileEncoding = 4; lastKnownFileType = sourcecode.swift; path = LDRFeedDetailViewController.swift; sourceTree = "<group>"; };
		E6D8DA511F92CE17002CAD69 /* CoreData.framework */ = {isa = PBXFileReference; lastKnownFileType = wrapper.framework; name = CoreData.framework; path = System/Library/Frameworks/CoreData.framework; sourceTree = SDKROOT; };
		E6D8DA531F92D2C1002CAD69 /* LDRFeedSubsUnread.swift */ = {isa = PBXFileReference; fileEncoding = 4; lastKnownFileType = sourcecode.swift; path = LDRFeedSubsUnread.swift; sourceTree = "<group>"; };
		E6F6B8771F95C9E100C964DC /* HTTPCookieStorage+Cookie.swift */ = {isa = PBXFileReference; fileEncoding = 4; lastKnownFileType = sourcecode.swift; path = "HTTPCookieStorage+Cookie.swift"; sourceTree = "<group>"; };
		E6FFD6671F6DEB7900AD947E /* LDRFeedViewController.swift */ = {isa = PBXFileReference; fileEncoding = 4; lastKnownFileType = sourcecode.swift; path = LDRFeedViewController.swift; sourceTree = "<group>"; };
		E6FFD6691F6DEB7900AD947E /* LDRPinViewController.swift */ = {isa = PBXFileReference; fileEncoding = 4; lastKnownFileType = sourcecode.swift; path = LDRPinViewController.swift; sourceTree = "<group>"; };
/* End PBXFileReference section */

/* Begin PBXFrameworksBuildPhase section */
		E6690C4D1F5E537D0065B7B5 /* Frameworks */ = {
			isa = PBXFrameworksBuildPhase;
			buildActionMask = 2147483647;
			files = (
				E6D8DA521F92CE17002CAD69 /* CoreData.framework in Frameworks */,
				8CB4B4A05F4346E4D068905E /* Pods_ladder_client.framework in Frameworks */,
			);
			runOnlyForDeploymentPostprocessing = 0;
		};
/* End PBXFrameworksBuildPhase section */

/* Begin PBXGroup section */
		3AFF126D8E990F23BC8A20A9 /* Pods */ = {
			isa = PBXGroup;
			children = (
				AF53690F14A043A005990FB1 /* Pods-ladder-client.debug.xcconfig */,
				BD395FE48987FD0A0B67FD4B /* Pods-ladder-client.release.xcconfig */,
			);
			name = Pods;
			sourceTree = "<group>";
		};
		E60230B61F5E54740052F762 /* Classes */ = {
			isa = PBXGroup;
			children = (
				E60230B71F5E54740052F762 /* AppDelegate.swift */,
				E60D63D31F73AEEF00D4C01F /* LDRConstant.swift */,
				E60230B81F5E54740052F762 /* Main.storyboard */,
				E6FFD6661F6DEB7900AD947E /* Feed */,
				E6FFD6681F6DEB7900AD947E /* Pin */,
				E6C7B3601F849286000EFCE6 /* Setting */,
				E6C32EE01F92CC610052DDE3 /* Model */,
				E6BCD0171F944CA200B2E7E6 /* NSFoundation+Extension */,
				E674AB401F94588D00348C98 /* UIKit+Extension */,
				E67600091F9481B2000A7B16 /* SwiftyJSON */,
				E674B5081F74EE3600D05461 /* LDRTabBarController.swift */,
				E618BBC01F805302006B593E /* LDRWebViewController.swift */,
				E696D9011F6F215E00DDB5D2 /* ladder-client-Bridging-Header.h */,
			);
			path = Classes;
			sourceTree = "<group>";
		};
		E60230BD1F5E54860052F762 /* Resources */ = {
			isa = PBXGroup;
			children = (
				E60230BE1F5E54860052F762 /* Assets.xcassets */,
				E60230BF1F5E54860052F762 /* Plists */,
			);
			path = Resources;
			sourceTree = "<group>";
		};
		E60230BF1F5E54860052F762 /* Plists */ = {
			isa = PBXGroup;
			children = (
			);
			path = Plists;
			sourceTree = "<group>";
		};
		E6690C471F5E537D0065B7B5 = {
			isa = PBXGroup;
			children = (
				E6690C521F5E537E0065B7B5 /* ladder-client */,
				E6690C511F5E537E0065B7B5 /* Products */,
				3AFF126D8E990F23BC8A20A9 /* Pods */,
				F35B2A1F15EE5610A5B8F095 /* Frameworks */,
			);
			sourceTree = "<group>";
		};
		E6690C511F5E537E0065B7B5 /* Products */ = {
			isa = PBXGroup;
			children = (
				E6690C501F5E537E0065B7B5 /* ladder-client.app */,
			);
			name = Products;
			sourceTree = "<group>";
		};
		E6690C521F5E537E0065B7B5 /* ladder-client */ = {
			isa = PBXGroup;
			children = (
				E60230B61F5E54740052F762 /* Classes */,
				E60230BD1F5E54860052F762 /* Resources */,
			);
			path = "ladder-client";
			sourceTree = "<group>";
		};
		E674AB401F94588D00348C98 /* UIKit+Extension */ = {
			isa = PBXGroup;
			children = (
				E674AB411F94588D00348C98 /* LDRBlinkView.swift */,
			);
			path = "UIKit+Extension";
			sourceTree = "<group>";
		};
		E67600091F9481B2000A7B16 /* SwiftyJSON */ = {
			isa = PBXGroup;
			children = (
				E676000A1F9481DA000A7B16 /* SwiftyJSON.h */,
				E676000B1F9481DA000A7B16 /* SwiftyJSON.swift */,
			);
			name = SwiftyJSON;
			path = "New Group";
			sourceTree = "<group>";
		};
		E6BCD0171F944CA200B2E7E6 /* NSFoundation+Extension */ = {
			isa = PBXGroup;
			children = (
				E66EF8581F945EE20073C44B /* URL+Queries.swift */,
				E6F6B8771F95C9E100C964DC /* HTTPCookieStorage+Cookie.swift */,
				E676000F1F94855E000A7B16 /* LDROperation.h */,
				E67600101F94855F000A7B16 /* LDROperation.m */,
				E6BCD0181F944CA200B2E7E6 /* Reachability.h */,
				E6BCD0191F944CA200B2E7E6 /* Reachability.m */,
			);
			path = "NSFoundation+Extension";
			sourceTree = "<group>";
		};
		E6C32EE01F92CC610052DDE3 /* Model */ = {
			isa = PBXGroup;
			children = (
				E6C32EE11F92CC610052DDE3 /* LDRCoreDataManager.swift */,
				E6C32EE21F92CC610052DDE3 /* LDRModel.xcdatamodeld */,
			);
			path = Model;
			sourceTree = "<group>";
		};
		E6C7B3601F849286000EFCE6 /* Setting */ = {
			isa = PBXGroup;
			children = (
				E60763981F9452D60012A910 /* LDRSettingLoginOperationQueue.swift */,
				E6C7B3611F849286000EFCE6 /* LDRSettingViewController.swift */,
			);
			path = Setting;
			sourceTree = "<group>";
		};
		E6FFD6661F6DEB7900AD947E /* Feed */ = {
			isa = PBXGroup;
			children = (
				E69C865A1F98670E00EF525B /* LDRFeedOperationQueue.swift */,
				E605EDF01F986C1D00FF12D5 /* LDRFeedSubsUnreadOperation.swift */,
				E605EDF11F986C1D00FF12D5 /* LDRFeedTouchAllOperation.swift */,
				E605EDF21F986C1D00FF12D5 /* LDRFeedUnreadOperation.swift */,
				E6D8DA531F92D2C1002CAD69 /* LDRFeedSubsUnread.swift */,
				E6FFD6671F6DEB7900AD947E /* LDRFeedViewController.swift */,
				E60D63D01F73ABB400D4C01F /* LDRFeedTableViewCell.swift */,
				E60D63CF1F73ABB400D4C01F /* LDRFeedTableViewCell.xib */,
				E6A4F78F1F74E524001BE38F /* LDRFeedViewForHeader.swift */,
				E6A4F78E1F74E523001BE38F /* LDRFeedViewForHeader.xib */,
				E6D1CF551F7B6D8F00BA0273 /* LDRFeedDetailViewController.swift */,
			);
			path = Feed;
			sourceTree = "<group>";
		};
		E6FFD6681F6DEB7900AD947E /* Pin */ = {
			isa = PBXGroup;
			children = (
				E66ACC311F986E45000B7EC5 /* LDRPinOperationQueue.swift */,
				E66ACC2F1F986E45000B7EC5 /* LDRPinAllOperation.swift */,
				E66ACC2E1F986E44000B7EC5 /* LDRPinAddOperation.swift */,
				E66ACC301F986E45000B7EC5 /* LDRPinRemoveOperation.swift */,
				E6BC9A4B1F92D7FC006B3DEC /* LDRPin.swift */,
				E6FFD6691F6DEB7900AD947E /* LDRPinViewController.swift */,
				E67EB2FA1F78C8CF00C7940B /* LDRPinTableViewCell.swift */,
				E67EB2F91F78C8CF00C7940B /* LDRPinTableViewCell.xib */,
			);
			path = Pin;
			sourceTree = "<group>";
		};
		F35B2A1F15EE5610A5B8F095 /* Frameworks */ = {
			isa = PBXGroup;
			children = (
				E6D8DA511F92CE17002CAD69 /* CoreData.framework */,
				9089F3FDFE5515AF9B9502BC /* Pods_ladder_client.framework */,
			);
			name = Frameworks;
			sourceTree = "<group>";
		};
/* End PBXGroup section */

/* Begin PBXNativeTarget section */
		E6690C4F1F5E537D0065B7B5 /* ladder-client */ = {
			isa = PBXNativeTarget;
			buildConfigurationList = E6690C621F5E537E0065B7B5 /* Build configuration list for PBXNativeTarget "ladder-client" */;
			buildPhases = (
				3C38F53BE7C24AD9FD5344CB /* [CP] Check Pods Manifest.lock */,
				E6690C4C1F5E537D0065B7B5 /* Sources */,
				E6690C4D1F5E537D0065B7B5 /* Frameworks */,
				E6690C4E1F5E537D0065B7B5 /* Resources */,
				08C7634A2F7D366954F4CCCB /* [CP] Embed Pods Frameworks */,
				B10F8D55A0BFCC93224F5553 /* [CP] Copy Pods Resources */,
			);
			buildRules = (
			);
			dependencies = (
			);
			name = "ladder-client";
			productName = "ladder-client";
			productReference = E6690C501F5E537E0065B7B5 /* ladder-client.app */;
			productType = "com.apple.product-type.application";
		};
/* End PBXNativeTarget section */

/* Begin PBXProject section */
		E6690C481F5E537D0065B7B5 /* Project object */ = {
			isa = PBXProject;
			attributes = {
				LastSwiftUpdateCheck = 0830;
				LastUpgradeCheck = 0830;
				ORGANIZATIONNAME = kenzan8000;
				TargetAttributes = {
					E6690C4F1F5E537D0065B7B5 = {
						CreatedOnToolsVersion = 8.3.3;
						DevelopmentTeam = 6RYZ4RB738;
						LastSwiftMigration = 0830;
						ProvisioningStyle = Automatic;
					};
				};
			};
			buildConfigurationList = E6690C4B1F5E537D0065B7B5 /* Build configuration list for PBXProject "ladder-client" */;
			compatibilityVersion = "Xcode 3.2";
			developmentRegion = English;
			hasScannedForEncodings = 0;
			knownRegions = (
				en,
				Base,
			);
			mainGroup = E6690C471F5E537D0065B7B5;
			productRefGroup = E6690C511F5E537E0065B7B5 /* Products */;
			projectDirPath = "";
			projectRoot = "";
			targets = (
				E6690C4F1F5E537D0065B7B5 /* ladder-client */,
			);
		};
/* End PBXProject section */

/* Begin PBXResourcesBuildPhase section */
		E6690C4E1F5E537D0065B7B5 /* Resources */ = {
			isa = PBXResourcesBuildPhase;
			buildActionMask = 2147483647;
			files = (
				E60230C11F5E54860052F762 /* Assets.xcassets in Resources */,
				E67EB2FB1F78C8CF00C7940B /* LDRPinTableViewCell.xib in Resources */,
				E60D63D11F73ABB400D4C01F /* LDRFeedTableViewCell.xib in Resources */,
				E6A4F7901F74E524001BE38F /* LDRFeedViewForHeader.xib in Resources */,
				E60230BB1F5E54740052F762 /* Main.storyboard in Resources */,
			);
			runOnlyForDeploymentPostprocessing = 0;
		};
/* End PBXResourcesBuildPhase section */

/* Begin PBXShellScriptBuildPhase section */
		08C7634A2F7D366954F4CCCB /* [CP] Embed Pods Frameworks */ = {
			isa = PBXShellScriptBuildPhase;
			buildActionMask = 2147483647;
			files = (
			);
			inputPaths = (
			);
			name = "[CP] Embed Pods Frameworks";
			outputPaths = (
			);
			runOnlyForDeploymentPostprocessing = 0;
			shellPath = /bin/sh;
			shellScript = "\"${SRCROOT}/Pods/Target Support Files/Pods-ladder-client/Pods-ladder-client-frameworks.sh\"\n";
			showEnvVarsInLog = 0;
		};
		3C38F53BE7C24AD9FD5344CB /* [CP] Check Pods Manifest.lock */ = {
			isa = PBXShellScriptBuildPhase;
			buildActionMask = 2147483647;
			files = (
			);
			inputPaths = (
			);
			name = "[CP] Check Pods Manifest.lock";
			outputPaths = (
			);
			runOnlyForDeploymentPostprocessing = 0;
			shellPath = /bin/sh;
			shellScript = "diff \"${PODS_ROOT}/../Podfile.lock\" \"${PODS_ROOT}/Manifest.lock\" > /dev/null\nif [ $? != 0 ] ; then\n    # print error to STDERR\n    echo \"error: The sandbox is not in sync with the Podfile.lock. Run 'pod install' or update your CocoaPods installation.\" >&2\n    exit 1\nfi\n";
			showEnvVarsInLog = 0;
		};
		B10F8D55A0BFCC93224F5553 /* [CP] Copy Pods Resources */ = {
			isa = PBXShellScriptBuildPhase;
			buildActionMask = 2147483647;
			files = (
			);
			inputPaths = (
			);
			name = "[CP] Copy Pods Resources";
			outputPaths = (
			);
			runOnlyForDeploymentPostprocessing = 0;
			shellPath = /bin/sh;
			shellScript = "\"${SRCROOT}/Pods/Target Support Files/Pods-ladder-client/Pods-ladder-client-resources.sh\"\n";
			showEnvVarsInLog = 0;
		};
/* End PBXShellScriptBuildPhase section */

/* Begin PBXSourcesBuildPhase section */
		E6690C4C1F5E537D0065B7B5 /* Sources */ = {
			isa = PBXSourcesBuildPhase;
			buildActionMask = 2147483647;
			files = (
				E66ACC351F986E45000B7EC5 /* LDRPinOperationQueue.swift in Sources */,
				E6BC9A4C1F92D7FC006B3DEC /* LDRPin.swift in Sources */,
				E66EF8591F945EE20073C44B /* URL+Queries.swift in Sources */,
				E66ACC321F986E45000B7EC5 /* LDRPinAddOperation.swift in Sources */,
				E67EB2FC1F78C8CF00C7940B /* LDRPinTableViewCell.swift in Sources */,
				E676000C1F9481DA000A7B16 /* SwiftyJSON.swift in Sources */,
				E605EDF31F986C1D00FF12D5 /* LDRFeedSubsUnreadOperation.swift in Sources */,
				E66ACC331F986E45000B7EC5 /* LDRPinAllOperation.swift in Sources */,
				E60230BA1F5E54740052F762 /* AppDelegate.swift in Sources */,
				E618BBC11F805302006B593E /* LDRWebViewController.swift in Sources */,
				E6C32EE41F92CC610052DDE3 /* LDRCoreDataManager.swift in Sources */,
				E60763991F9452D70012A910 /* LDRSettingLoginOperationQueue.swift in Sources */,
				E6C7B3621F849286000EFCE6 /* LDRSettingViewController.swift in Sources */,
				E6FFD66A1F6DEB7900AD947E /* LDRFeedViewController.swift in Sources */,
				E605EDF51F986C1D00FF12D5 /* LDRFeedUnreadOperation.swift in Sources */,
				E6D8DA541F92D2C1002CAD69 /* LDRFeedSubsUnread.swift in Sources */,
				E60D63D41F73AEEF00D4C01F /* LDRConstant.swift in Sources */,
				E60D63D21F73ABB400D4C01F /* LDRFeedTableViewCell.swift in Sources */,
				E674B5091F74EE3600D05461 /* LDRTabBarController.swift in Sources */,
				E6D1CF561F7B6D8F00BA0273 /* LDRFeedDetailViewController.swift in Sources */,
				E6A4F7911F74E524001BE38F /* LDRFeedViewForHeader.swift in Sources */,
				E605EDF41F986C1D00FF12D5 /* LDRFeedTouchAllOperation.swift in Sources */,
				E67600111F94855F000A7B16 /* LDROperation.m in Sources */,
				E6C32EE51F92CC610052DDE3 /* LDRModel.xcdatamodeld in Sources */,
				E66ACC341F986E45000B7EC5 /* LDRPinRemoveOperation.swift in Sources */,
				E6FFD66B1F6DEB7900AD947E /* LDRPinViewController.swift in Sources */,
				E674AB421F94588E00348C98 /* LDRBlinkView.swift in Sources */,
				E6BCD01A1F944CA200B2E7E6 /* Reachability.m in Sources */,
				E6F6B8781F95C9E200C964DC /* HTTPCookieStorage+Cookie.swift in Sources */,
				E69C865B1F98670E00EF525B /* LDRFeedOperationQueue.swift in Sources */,
			);
			runOnlyForDeploymentPostprocessing = 0;
		};
/* End PBXSourcesBuildPhase section */

/* Begin XCBuildConfiguration section */
		E6690C601F5E537E0065B7B5 /* Debug */ = {
			isa = XCBuildConfiguration;
			buildSettings = {
				ALWAYS_SEARCH_USER_PATHS = NO;
				CLANG_ANALYZER_NONNULL = YES;
				CLANG_ANALYZER_NUMBER_OBJECT_CONVERSION = YES_AGGRESSIVE;
				CLANG_CXX_LANGUAGE_STANDARD = "gnu++0x";
				CLANG_CXX_LIBRARY = "libc++";
				CLANG_ENABLE_MODULES = YES;
				CLANG_ENABLE_OBJC_ARC = YES;
				CLANG_WARN_BOOL_CONVERSION = YES;
				CLANG_WARN_CONSTANT_CONVERSION = YES;
				CLANG_WARN_DIRECT_OBJC_ISA_USAGE = YES_ERROR;
				CLANG_WARN_DOCUMENTATION_COMMENTS = YES;
				CLANG_WARN_EMPTY_BODY = YES;
				CLANG_WARN_ENUM_CONVERSION = YES;
				CLANG_WARN_INFINITE_RECURSION = YES;
				CLANG_WARN_INT_CONVERSION = YES;
				CLANG_WARN_OBJC_ROOT_CLASS = YES_ERROR;
				CLANG_WARN_SUSPICIOUS_MOVE = YES;
				CLANG_WARN_UNREACHABLE_CODE = YES;
				CLANG_WARN__DUPLICATE_METHOD_MATCH = YES;
				CODE_SIGN_IDENTITY = "iPhone Developer";
				CODE_SIGN_STYLE = Automatic;
				COPY_PHASE_STRIP = NO;
				DEBUG_INFORMATION_FORMAT = dwarf;
				DEVELOPMENT_TEAM = 6RYZ4RB738;
				ENABLE_STRICT_OBJC_MSGSEND = YES;
				ENABLE_TESTABILITY = YES;
				GCC_C_LANGUAGE_STANDARD = gnu99;
				GCC_DYNAMIC_NO_PIC = NO;
				GCC_NO_COMMON_BLOCKS = YES;
				GCC_OPTIMIZATION_LEVEL = 0;
				GCC_PREPROCESSOR_DEFINITIONS = (
					"DEBUG=1",
					"$(inherited)",
				);
				GCC_WARN_64_TO_32_BIT_CONVERSION = YES;
				GCC_WARN_ABOUT_RETURN_TYPE = YES_ERROR;
				GCC_WARN_UNDECLARED_SELECTOR = YES;
				GCC_WARN_UNINITIALIZED_AUTOS = YES_AGGRESSIVE;
				GCC_WARN_UNUSED_FUNCTION = YES;
				GCC_WARN_UNUSED_VARIABLE = YES;
				HEADER_SEARCH_PATHS = (
					"\"$(PODS_ROOT)/ionicons/ionicons\"",
					"\"$(PODS_ROOT)/ISHTTPOperation/ISHTTPOperation\"",
					"\"$(PODS_ROOT)/LGRefreshView/LGRefreshView\"",
				);
				IPHONEOS_DEPLOYMENT_TARGET = 10.3;
				MTL_ENABLE_DEBUG_INFO = YES;
				ONLY_ACTIVE_ARCH = YES;
				SDKROOT = iphoneos;
				SWIFT_ACTIVE_COMPILATION_CONDITIONS = DEBUG;
				SWIFT_OPTIMIZATION_LEVEL = "-Onone";
			};
			name = Debug;
		};
		E6690C611F5E537E0065B7B5 /* Release */ = {
			isa = XCBuildConfiguration;
			buildSettings = {
				ALWAYS_SEARCH_USER_PATHS = NO;
				CLANG_ANALYZER_NONNULL = YES;
				CLANG_ANALYZER_NUMBER_OBJECT_CONVERSION = YES_AGGRESSIVE;
				CLANG_CXX_LANGUAGE_STANDARD = "gnu++0x";
				CLANG_CXX_LIBRARY = "libc++";
				CLANG_ENABLE_MODULES = YES;
				CLANG_ENABLE_OBJC_ARC = YES;
				CLANG_WARN_BOOL_CONVERSION = YES;
				CLANG_WARN_CONSTANT_CONVERSION = YES;
				CLANG_WARN_DIRECT_OBJC_ISA_USAGE = YES_ERROR;
				CLANG_WARN_DOCUMENTATION_COMMENTS = YES;
				CLANG_WARN_EMPTY_BODY = YES;
				CLANG_WARN_ENUM_CONVERSION = YES;
				CLANG_WARN_INFINITE_RECURSION = YES;
				CLANG_WARN_INT_CONVERSION = YES;
				CLANG_WARN_OBJC_ROOT_CLASS = YES_ERROR;
				CLANG_WARN_SUSPICIOUS_MOVE = YES;
				CLANG_WARN_UNREACHABLE_CODE = YES;
				CLANG_WARN__DUPLICATE_METHOD_MATCH = YES;
				CODE_SIGN_IDENTITY = "iPhone Distribution";
				CODE_SIGN_STYLE = Automatic;
				COPY_PHASE_STRIP = NO;
				DEBUG_INFORMATION_FORMAT = "dwarf-with-dsym";
				DEVELOPMENT_TEAM = 6RYZ4RB738;
				ENABLE_NS_ASSERTIONS = NO;
				ENABLE_STRICT_OBJC_MSGSEND = YES;
				GCC_C_LANGUAGE_STANDARD = gnu99;
				GCC_NO_COMMON_BLOCKS = YES;
				GCC_WARN_64_TO_32_BIT_CONVERSION = YES;
				GCC_WARN_ABOUT_RETURN_TYPE = YES_ERROR;
				GCC_WARN_UNDECLARED_SELECTOR = YES;
				GCC_WARN_UNINITIALIZED_AUTOS = YES_AGGRESSIVE;
				GCC_WARN_UNUSED_FUNCTION = YES;
				GCC_WARN_UNUSED_VARIABLE = YES;
				HEADER_SEARCH_PATHS = (
					"\"$(PODS_ROOT)/ionicons/ionicons\"",
					"\"$(PODS_ROOT)/ISHTTPOperation/ISHTTPOperation\"",
					"\"$(PODS_ROOT)/LGRefreshView/LGRefreshView\"",
				);
				IPHONEOS_DEPLOYMENT_TARGET = 10.3;
				MTL_ENABLE_DEBUG_INFO = NO;
				SDKROOT = iphoneos;
				SWIFT_OPTIMIZATION_LEVEL = "-Owholemodule";
				VALIDATE_PRODUCT = YES;
			};
			name = Release;
		};
		E6690C631F5E537E0065B7B5 /* Debug */ = {
			isa = XCBuildConfiguration;
			baseConfigurationReference = AF53690F14A043A005990FB1 /* Pods-ladder-client.debug.xcconfig */;
			buildSettings = {
				ASSETCATALOG_COMPILER_APPICON_NAME = AppIcon;
				ASSETCATALOG_COMPILER_LAUNCHIMAGE_NAME = LaunchImage;
				CLANG_ENABLE_MODULES = YES;
				CODE_SIGN_IDENTITY = "iPhone Developer";
				CODE_SIGN_STYLE = Automatic;
				DEVELOPMENT_TEAM = 6RYZ4RB738;
				INFOPLIST_FILE = "$(SRCROOT)/ladder-client/Resources/Plists/Info.plist";
				IPHONEOS_DEPLOYMENT_TARGET = 11.0;
				LD_RUNPATH_SEARCH_PATHS = "$(inherited) @executable_path/Frameworks";
				PRODUCT_BUNDLE_IDENTIFIER = "org.kenzan8000.ladder-client";
				PRODUCT_NAME = "$(TARGET_NAME)";
				PROVISIONING_PROFILE_SPECIFIER = "";
				SWIFT_OBJC_BRIDGING_HEADER = "ladder-client/Classes/ladder-client-Bridging-Header.h";
				SWIFT_OPTIMIZATION_LEVEL = "-Onone";
				SWIFT_VERSION = 3.0;
			};
			name = Debug;
		};
		E6690C641F5E537E0065B7B5 /* Release */ = {
			isa = XCBuildConfiguration;
			baseConfigurationReference = BD395FE48987FD0A0B67FD4B /* Pods-ladder-client.release.xcconfig */;
			buildSettings = {
				ASSETCATALOG_COMPILER_APPICON_NAME = AppIcon;
				ASSETCATALOG_COMPILER_LAUNCHIMAGE_NAME = LaunchImage;
				CLANG_ENABLE_MODULES = YES;
				CODE_SIGN_IDENTITY = "iPhone Distribution";
				CODE_SIGN_STYLE = Automatic;
				DEVELOPMENT_TEAM = 6RYZ4RB738;
				INFOPLIST_FILE = "$(SRCROOT)/ladder-client/Resources/Plists/Info.plist";
				IPHONEOS_DEPLOYMENT_TARGET = 11.0;
				LD_RUNPATH_SEARCH_PATHS = "$(inherited) @executable_path/Frameworks";
				PRODUCT_BUNDLE_IDENTIFIER = "org.kenzan8000.ladder-client";
				PRODUCT_NAME = "$(TARGET_NAME)";
				PROVISIONING_PROFILE_SPECIFIER = "";
				SWIFT_OBJC_BRIDGING_HEADER = "ladder-client/Classes/ladder-client-Bridging-Header.h";
				SWIFT_VERSION = 3.0;
			};
			name = Release;
		};
/* End XCBuildConfiguration section */

/* Begin XCConfigurationList section */
		E6690C4B1F5E537D0065B7B5 /* Build configuration list for PBXProject "ladder-client" */ = {
			isa = XCConfigurationList;
			buildConfigurations = (
				E6690C601F5E537E0065B7B5 /* Debug */,
				E6690C611F5E537E0065B7B5 /* Release */,
			);
			defaultConfigurationIsVisible = 0;
			defaultConfigurationName = Release;
		};
		E6690C621F5E537E0065B7B5 /* Build configuration list for PBXNativeTarget "ladder-client" */ = {
			isa = XCConfigurationList;
			buildConfigurations = (
				E6690C631F5E537E0065B7B5 /* Debug */,
				E6690C641F5E537E0065B7B5 /* Release */,
			);
			defaultConfigurationIsVisible = 0;
			defaultConfigurationName = Release;
		};
/* End XCConfigurationList section */

/* Begin XCVersionGroup section */
		E6C32EE21F92CC610052DDE3 /* LDRModel.xcdatamodeld */ = {
			isa = XCVersionGroup;
			children = (
				E6C32EE31F92CC610052DDE3 /* JBModel.xcdatamodel */,
			);
			currentVersion = E6C32EE31F92CC610052DDE3 /* JBModel.xcdatamodel */;
			path = LDRModel.xcdatamodeld;
			sourceTree = "<group>";
			versionGroupType = wrapper.xcdatamodel;
		};
/* End XCVersionGroup section */
	};
	rootObject = E6690C481F5E537D0065B7B5 /* Project object */;
}
