PODS:
  - Alamofire (5.4.1)
  - HTMLReader (2.1.5)
  - Introspect (0.1.2)
  - ISHTTPOperation (1.2.0)
  - KeychainAccess (4.2.1)
  - SwiftLint (0.42.0)
  - SwiftyJSON (5.0.0)

DEPENDENCIES:
  - Alamofire
  - HTMLReader
  - Introspect
  - ISHTTPOperation
  - KeychainAccess
  - SwiftLint
  - SwiftyJSON

SPEC REPOS:
  trunk:
    - Alamofire
    - HTMLReader
    - Introspect
    - ISHTTPOperation
    - KeychainAccess
    - SwiftLint
    - SwiftyJSON

SPEC CHECKSUMS:
  Alamofire: 2291f7d21ca607c491dd17642e5d40fdcda0e65c
  HTMLReader: 8056b3418baad09718902a1b39361c63b14a894f
  Introspect: 85a29d2c5ee4d3d15469ad0b75fd8839f3e72674
  ISHTTPOperation: dfe4b6b2b3d7803688b22df2c46ea9827081e723
  KeychainAccess: 9b07f665298d13c3a85881bd3171f6f49b8151c1
  SwiftLint: 4fa9579c63416865179bc416f0a92d55f009600d
  SwiftyJSON: 36413e04c44ee145039d332b4f4e2d3e8d6c4db7

PODFILE CHECKSUM: 2175fa683ced4022a482f036e69ed3799b00e654

COCOAPODS: 1.10.1
